// !$*UTF8*$!
{
	archiveVersion = 1;
	classes = {
	};
	objectVersion = 46;
	objects = {

/* Begin PBXBuildFile section */
		68634EF11B4E7256004C1249 /* PPBaseViewController.m in Sources */ = {isa = PBXBuildFile; fileRef = 68634EF01B4E7256004C1249 /* PPBaseViewController.m */; };
		68634EF41B4E7C44004C1249 /* UIViewController+PPUser.m in Sources */ = {isa = PBXBuildFile; fileRef = 68634EF31B4E7C44004C1249 /* UIViewController+PPUser.m */; };
		68634EF71B4F5760004C1249 /* colorTurn.m in Sources */ = {isa = PBXBuildFile; fileRef = 68634EF61B4F5760004C1249 /* colorTurn.m */; };
		68634EF91B4F6B21004C1249 /* QuartzCore.framework in Frameworks */ = {isa = PBXBuildFile; fileRef = 68634EF81B4F6B21004C1249 /* QuartzCore.framework */; };
		68C6C1681B5352E9002484DB /* PPRegistViewController.m in Sources */ = {isa = PBXBuildFile; fileRef = 68C6C1671B5352E9002484DB /* PPRegistViewController.m */; };
		68C6C16B1B535A72002484DB /* PPRegistTableViewCell.m in Sources */ = {isa = PBXBuildFile; fileRef = 68C6C16A1B535A72002484DB /* PPRegistTableViewCell.m */; };
		68C6C19C1B539D1A002484DB /* down_dark.png in Resources */ = {isa = PBXBuildFile; fileRef = 68C6C1981B539D1A002484DB /* down_dark.png */; };
		68C6C19D1B539D1A002484DB /* DropDownListView.m in Sources */ = {isa = PBXBuildFile; fileRef = 68C6C19B1B539D1A002484DB /* DropDownListView.m */; };
		68C6C1A31B53A188002484DB /* IGLDropDownItem.m in Sources */ = {isa = PBXBuildFile; fileRef = 68C6C1A01B53A188002484DB /* IGLDropDownItem.m */; };
		68C6C1A41B53A188002484DB /* IGLDropDownMenu.m in Sources */ = {isa = PBXBuildFile; fileRef = 68C6C1A21B53A188002484DB /* IGLDropDownMenu.m */; };
		68C6C1AD1B53AC86002484DB /* TYGSelectMenu.m in Sources */ = {isa = PBXBuildFile; fileRef = 68C6C1A71B53AC86002484DB /* TYGSelectMenu.m */; };
		68C6C1AE1B53AC86002484DB /* TYGSelectMenuCellTableViewCell.m in Sources */ = {isa = PBXBuildFile; fileRef = 68C6C1A91B53AC86002484DB /* TYGSelectMenuCellTableViewCell.m */; };
		68C6C1AF1B53AC86002484DB /* TYGSelectMenuCellTableViewCell.xib in Resources */ = {isa = PBXBuildFile; fileRef = 68C6C1AA1B53AC86002484DB /* TYGSelectMenuCellTableViewCell.xib */; };
		68C6C1B01B53AC86002484DB /* TYGSelectMenuEntity.m in Sources */ = {isa = PBXBuildFile; fileRef = 68C6C1AC1B53AC86002484DB /* TYGSelectMenuEntity.m */; };
		AFC61F781B44CF9C00E11040 /* main.m in Sources */ = {isa = PBXBuildFile; fileRef = AFC61F771B44CF9C00E11040 /* main.m */; };
		AFC61F7B1B44CF9C00E11040 /* AppDelegate.m in Sources */ = {isa = PBXBuildFile; fileRef = AFC61F7A1B44CF9C00E11040 /* AppDelegate.m */; };
		AFC61F831B44CF9C00E11040 /* Images.xcassets in Resources */ = {isa = PBXBuildFile; fileRef = AFC61F821B44CF9C00E11040 /* Images.xcassets */; };
		AFC61F921B44CF9C00E11040 /* __Tests.m in Sources */ = {isa = PBXBuildFile; fileRef = AFC61F911B44CF9C00E11040 /* __Tests.m */; };
		AFC61FA51B44D19000E11040 /* HomeViewController.m in Sources */ = {isa = PBXBuildFile; fileRef = AFC61FA31B44D19000E11040 /* HomeViewController.m */; };
		AFC61FA61B44D19000E11040 /* HomeViewController.xib in Resources */ = {isa = PBXBuildFile; fileRef = AFC61FA41B44D19000E11040 /* HomeViewController.xib */; };
		AFC61FA91B44D7BF00E11040 /* TTPerson.m in Sources */ = {isa = PBXBuildFile; fileRef = AFC61FA81B44D7BF00E11040 /* TTPerson.m */; };
		AFC61FB31B4500CA00E11040 /* Launch Screen.xib in Resources */ = {isa = PBXBuildFile; fileRef = AFC61FB21B4500CA00E11040 /* Launch Screen.xib */; };
		AFC61FB61B45303600E11040 /* UIImage+LBBlurredImage.m in Sources */ = {isa = PBXBuildFile; fileRef = AFC61FB51B45303600E11040 /* UIImage+LBBlurredImage.m */; };
		AFC61FBF1B454D3F00E11040 /* RegistViewController.m in Sources */ = {isa = PBXBuildFile; fileRef = AFC61FBD1B454D3F00E11040 /* RegistViewController.m */; };
		AFC61FC01B454D3F00E11040 /* RegistViewController.xib in Resources */ = {isa = PBXBuildFile; fileRef = AFC61FBE1B454D3F00E11040 /* RegistViewController.xib */; };
		AFC61FC51B46239D00E11040 /* CustomField.m in Sources */ = {isa = PBXBuildFile; fileRef = AFC61FC41B46239D00E11040 /* CustomField.m */; };
		AFC61FCD1B46288E00E11040 /* BiddingListViewController.m in Sources */ = {isa = PBXBuildFile; fileRef = AFC61FCB1B46288E00E11040 /* BiddingListViewController.m */; };
		AFC61FCE1B46288E00E11040 /* BiddingListViewController.xib in Resources */ = {isa = PBXBuildFile; fileRef = AFC61FCC1B46288E00E11040 /* BiddingListViewController.xib */; };
		AFC61FD51B464C7E00E11040 /* MBProgressHUD+Add.m in Sources */ = {isa = PBXBuildFile; fileRef = AFC61FD21B464C7E00E11040 /* MBProgressHUD+Add.m */; };
		AFC61FD61B464C7E00E11040 /* MBProgressHUD.m in Sources */ = {isa = PBXBuildFile; fileRef = AFC61FD41B464C7E00E11040 /* MBProgressHUD.m */; };
		AFC6200C1B46664F00E11040 /* CDRTranslucentSideBar.m in Sources */ = {isa = PBXBuildFile; fileRef = AFC6200B1B46664F00E11040 /* CDRTranslucentSideBar.m */; };
		AFE0E4891B50BB8700AC7977 /* TTRootViewController.m in Sources */ = {isa = PBXBuildFile; fileRef = AFE0E4881B50BB8700AC7977 /* TTRootViewController.m */; };
		AFE0E48C1B50BBE400AC7977 /* MyButton.m in Sources */ = {isa = PBXBuildFile; fileRef = AFE0E48B1B50BBE400AC7977 /* MyButton.m */; };
		AFE0E48F1B50BC3200AC7977 /* BiddingListWinViewController.m in Sources */ = {isa = PBXBuildFile; fileRef = AFE0E48E1B50BC3200AC7977 /* BiddingListWinViewController.m */; };
		AFE0E4961B50BCD200AC7977 /* TTMineViewController.m in Sources */ = {isa = PBXBuildFile; fileRef = AFE0E4951B50BCD200AC7977 /* TTMineViewController.m */; };
		AFE3B04E1B4A188C002ACA1F /* MenuViewController.m in Sources */ = {isa = PBXBuildFile; fileRef = AFE3B04C1B4A188C002ACA1F /* MenuViewController.m */; };
		AFE3B04F1B4A188C002ACA1F /* MenuViewController.xib in Resources */ = {isa = PBXBuildFile; fileRef = AFE3B04D1B4A188C002ACA1F /* MenuViewController.xib */; };
		AFE3B0521B4A24BC002ACA1F /* TTUserDefaultTool.m in Sources */ = {isa = PBXBuildFile; fileRef = AFE3B0511B4A24BC002ACA1F /* TTUserDefaultTool.m */; };
		AFE3B0561B4A2F92002ACA1F /* MBProgressHUD+Simple.m in Sources */ = {isa = PBXBuildFile; fileRef = AFE3B0551B4A2F92002ACA1F /* MBProgressHUD+Simple.m */; };
		AFE3B0681B4B6A12002ACA1F /* BiddinglistTableViewCell.m in Sources */ = {isa = PBXBuildFile; fileRef = AFE3B0671B4B6A12002ACA1F /* BiddinglistTableViewCell.m */; };
		AFE3B06B1B4B6FBC002ACA1F /* DetialBiddingViewController.m in Sources */ = {isa = PBXBuildFile; fileRef = AFE3B06A1B4B6FBC002ACA1F /* DetialBiddingViewController.m */; };
		AFE3B06E1B4B75A1002ACA1F /* DetailBiddingTableViewCell.m in Sources */ = {isa = PBXBuildFile; fileRef = AFE3B06D1B4B75A1002ACA1F /* DetailBiddingTableViewCell.m */; };
		AFE3B0711B4B75F9002ACA1F /* TTBiddingModel.m in Sources */ = {isa = PBXBuildFile; fileRef = AFE3B0701B4B75F9002ACA1F /* TTBiddingModel.m */; };
		EC079653000D351C3100628B /* libPods.a in Frameworks */ = {isa = PBXBuildFile; fileRef = 25B86DD9ACF283721F4EB233 /* libPods.a */; };
/* End PBXBuildFile section */

/* Begin PBXContainerItemProxy section */
		AFC61F8C1B44CF9C00E11040 /* PBXContainerItemProxy */ = {
			isa = PBXContainerItemProxy;
			containerPortal = AFC61F6A1B44CF9C00E11040 /* Project object */;
			proxyType = 1;
			remoteGlobalIDString = AFC61F711B44CF9C00E11040;
			remoteInfo = "招标";
		};
/* End PBXContainerItemProxy section */

/* Begin PBXFileReference section */
		25B86DD9ACF283721F4EB233 /* libPods.a */ = {isa = PBXFileReference; explicitFileType = archive.ar; includeInIndex = 0; path = libPods.a; sourceTree = BUILT_PRODUCTS_DIR; };
		29829C2FDBBE7C1C5691DCB4 /* Pods.debug.xcconfig */ = {isa = PBXFileReference; includeInIndex = 1; lastKnownFileType = text.xcconfig; name = Pods.debug.xcconfig; path = "Pods/Target Support Files/Pods/Pods.debug.xcconfig"; sourceTree = "<group>"; };
		556F51A9F0429DE857E4B8D6 /* Pods.release.xcconfig */ = {isa = PBXFileReference; includeInIndex = 1; lastKnownFileType = text.xcconfig; name = Pods.release.xcconfig; path = "Pods/Target Support Files/Pods/Pods.release.xcconfig"; sourceTree = "<group>"; };
		68634EEF1B4E7256004C1249 /* PPBaseViewController.h */ = {isa = PBXFileReference; fileEncoding = 4; lastKnownFileType = sourcecode.c.h; path = PPBaseViewController.h; sourceTree = "<group>"; };
		68634EF01B4E7256004C1249 /* PPBaseViewController.m */ = {isa = PBXFileReference; fileEncoding = 4; lastKnownFileType = sourcecode.c.objc; path = PPBaseViewController.m; sourceTree = "<group>"; };
		68634EF21B4E7C44004C1249 /* UIViewController+PPUser.h */ = {isa = PBXFileReference; fileEncoding = 4; lastKnownFileType = sourcecode.c.h; path = "UIViewController+PPUser.h"; sourceTree = "<group>"; };
		68634EF31B4E7C44004C1249 /* UIViewController+PPUser.m */ = {isa = PBXFileReference; fileEncoding = 4; lastKnownFileType = sourcecode.c.objc; path = "UIViewController+PPUser.m"; sourceTree = "<group>"; };
		68634EF51B4F5760004C1249 /* colorTurn.h */ = {isa = PBXFileReference; fileEncoding = 4; lastKnownFileType = sourcecode.c.h; path = colorTurn.h; sourceTree = "<group>"; };
		68634EF61B4F5760004C1249 /* colorTurn.m */ = {isa = PBXFileReference; fileEncoding = 4; lastKnownFileType = sourcecode.c.objc; path = colorTurn.m; sourceTree = "<group>"; };
		68634EF81B4F6B21004C1249 /* QuartzCore.framework */ = {isa = PBXFileReference; lastKnownFileType = wrapper.framework; name = QuartzCore.framework; path = System/Library/Frameworks/QuartzCore.framework; sourceTree = SDKROOT; };
		68C6C1661B5352E9002484DB /* PPRegistViewController.h */ = {isa = PBXFileReference; fileEncoding = 4; lastKnownFileType = sourcecode.c.h; path = PPRegistViewController.h; sourceTree = "<group>"; };
		68C6C1671B5352E9002484DB /* PPRegistViewController.m */ = {isa = PBXFileReference; fileEncoding = 4; lastKnownFileType = sourcecode.c.objc; path = PPRegistViewController.m; sourceTree = "<group>"; };
		68C6C1691B535A72002484DB /* PPRegistTableViewCell.h */ = {isa = PBXFileReference; fileEncoding = 4; lastKnownFileType = sourcecode.c.h; path = PPRegistTableViewCell.h; sourceTree = "<group>"; };
		68C6C16A1B535A72002484DB /* PPRegistTableViewCell.m */ = {isa = PBXFileReference; fileEncoding = 4; lastKnownFileType = sourcecode.c.objc; path = PPRegistTableViewCell.m; sourceTree = "<group>"; };
		68C6C1981B539D1A002484DB /* down_dark.png */ = {isa = PBXFileReference; lastKnownFileType = image.png; path = down_dark.png; sourceTree = "<group>"; };
		68C6C1991B539D1A002484DB /* DropDownChooseProtocol.h */ = {isa = PBXFileReference; fileEncoding = 4; lastKnownFileType = sourcecode.c.h; path = DropDownChooseProtocol.h; sourceTree = "<group>"; };
		68C6C19A1B539D1A002484DB /* DropDownListView.h */ = {isa = PBXFileReference; fileEncoding = 4; lastKnownFileType = sourcecode.c.h; path = DropDownListView.h; sourceTree = "<group>"; };
		68C6C19B1B539D1A002484DB /* DropDownListView.m */ = {isa = PBXFileReference; fileEncoding = 4; lastKnownFileType = sourcecode.c.objc; path = DropDownListView.m; sourceTree = "<group>"; };
		68C6C19F1B53A188002484DB /* IGLDropDownItem.h */ = {isa = PBXFileReference; fileEncoding = 4; lastKnownFileType = sourcecode.c.h; path = IGLDropDownItem.h; sourceTree = "<group>"; };
		68C6C1A01B53A188002484DB /* IGLDropDownItem.m */ = {isa = PBXFileReference; fileEncoding = 4; lastKnownFileType = sourcecode.c.objc; path = IGLDropDownItem.m; sourceTree = "<group>"; };
		68C6C1A11B53A188002484DB /* IGLDropDownMenu.h */ = {isa = PBXFileReference; fileEncoding = 4; lastKnownFileType = sourcecode.c.h; path = IGLDropDownMenu.h; sourceTree = "<group>"; };
		68C6C1A21B53A188002484DB /* IGLDropDownMenu.m */ = {isa = PBXFileReference; fileEncoding = 4; lastKnownFileType = sourcecode.c.objc; path = IGLDropDownMenu.m; sourceTree = "<group>"; };
		68C6C1A61B53AC86002484DB /* TYGSelectMenu.h */ = {isa = PBXFileReference; fileEncoding = 4; lastKnownFileType = sourcecode.c.h; path = TYGSelectMenu.h; sourceTree = "<group>"; };
		68C6C1A71B53AC86002484DB /* TYGSelectMenu.m */ = {isa = PBXFileReference; fileEncoding = 4; lastKnownFileType = sourcecode.c.objc; path = TYGSelectMenu.m; sourceTree = "<group>"; };
		68C6C1A81B53AC86002484DB /* TYGSelectMenuCellTableViewCell.h */ = {isa = PBXFileReference; fileEncoding = 4; lastKnownFileType = sourcecode.c.h; path = TYGSelectMenuCellTableViewCell.h; sourceTree = "<group>"; };
		68C6C1A91B53AC86002484DB /* TYGSelectMenuCellTableViewCell.m */ = {isa = PBXFileReference; fileEncoding = 4; lastKnownFileType = sourcecode.c.objc; path = TYGSelectMenuCellTableViewCell.m; sourceTree = "<group>"; };
		68C6C1AA1B53AC86002484DB /* TYGSelectMenuCellTableViewCell.xib */ = {isa = PBXFileReference; fileEncoding = 4; lastKnownFileType = file.xib; path = TYGSelectMenuCellTableViewCell.xib; sourceTree = "<group>"; };
		68C6C1AB1B53AC86002484DB /* TYGSelectMenuEntity.h */ = {isa = PBXFileReference; fileEncoding = 4; lastKnownFileType = sourcecode.c.h; path = TYGSelectMenuEntity.h; sourceTree = "<group>"; };
		68C6C1AC1B53AC86002484DB /* TYGSelectMenuEntity.m */ = {isa = PBXFileReference; fileEncoding = 4; lastKnownFileType = sourcecode.c.objc; path = TYGSelectMenuEntity.m; sourceTree = "<group>"; };
		AFC61F721B44CF9C00E11040 /* 招标.app */ = {isa = PBXFileReference; explicitFileType = wrapper.application; includeInIndex = 0; path = "招标.app"; sourceTree = BUILT_PRODUCTS_DIR; };
		AFC61F761B44CF9C00E11040 /* Info.plist */ = {isa = PBXFileReference; lastKnownFileType = text.plist.xml; path = Info.plist; sourceTree = "<group>"; };
		AFC61F771B44CF9C00E11040 /* main.m */ = {isa = PBXFileReference; lastKnownFileType = sourcecode.c.objc; path = main.m; sourceTree = "<group>"; };
		AFC61F791B44CF9C00E11040 /* AppDelegate.h */ = {isa = PBXFileReference; lastKnownFileType = sourcecode.c.h; path = AppDelegate.h; sourceTree = "<group>"; };
		AFC61F7A1B44CF9C00E11040 /* AppDelegate.m */ = {isa = PBXFileReference; lastKnownFileType = sourcecode.c.objc; path = AppDelegate.m; sourceTree = "<group>"; };
		AFC61F821B44CF9C00E11040 /* Images.xcassets */ = {isa = PBXFileReference; lastKnownFileType = folder.assetcatalog; path = Images.xcassets; sourceTree = "<group>"; };
		AFC61F8B1B44CF9C00E11040 /* 招标Tests.xctest */ = {isa = PBXFileReference; explicitFileType = wrapper.cfbundle; includeInIndex = 0; path = "招标Tests.xctest"; sourceTree = BUILT_PRODUCTS_DIR; };
		AFC61F901B44CF9C00E11040 /* Info.plist */ = {isa = PBXFileReference; lastKnownFileType = text.plist.xml; path = Info.plist; sourceTree = "<group>"; };
		AFC61F911B44CF9C00E11040 /* __Tests.m */ = {isa = PBXFileReference; lastKnownFileType = sourcecode.c.objc; path = __Tests.m; sourceTree = "<group>"; };
		AFC61FA21B44D19000E11040 /* HomeViewController.h */ = {isa = PBXFileReference; fileEncoding = 4; lastKnownFileType = sourcecode.c.h; path = HomeViewController.h; sourceTree = "<group>"; };
		AFC61FA31B44D19000E11040 /* HomeViewController.m */ = {isa = PBXFileReference; fileEncoding = 4; lastKnownFileType = sourcecode.c.objc; path = HomeViewController.m; sourceTree = "<group>"; };
		AFC61FA41B44D19000E11040 /* HomeViewController.xib */ = {isa = PBXFileReference; fileEncoding = 4; lastKnownFileType = file.xib; path = HomeViewController.xib; sourceTree = "<group>"; };
		AFC61FA71B44D7BF00E11040 /* TTPerson.h */ = {isa = PBXFileReference; fileEncoding = 4; lastKnownFileType = sourcecode.c.h; path = TTPerson.h; sourceTree = "<group>"; };
		AFC61FA81B44D7BF00E11040 /* TTPerson.m */ = {isa = PBXFileReference; fileEncoding = 4; lastKnownFileType = sourcecode.c.objc; path = TTPerson.m; sourceTree = "<group>"; };
		AFC61FAA1B44D82700E11040 /* Bidding.pch */ = {isa = PBXFileReference; lastKnownFileType = sourcecode.c.h; path = Bidding.pch; sourceTree = "<group>"; };
		AFC61FB21B4500CA00E11040 /* Launch Screen.xib */ = {isa = PBXFileReference; fileEncoding = 4; lastKnownFileType = file.xib; path = "Launch Screen.xib"; sourceTree = "<group>"; };
		AFC61FB41B45303600E11040 /* UIImage+LBBlurredImage.h */ = {isa = PBXFileReference; fileEncoding = 4; lastKnownFileType = sourcecode.c.h; path = "UIImage+LBBlurredImage.h"; sourceTree = "<group>"; };
		AFC61FB51B45303600E11040 /* UIImage+LBBlurredImage.m */ = {isa = PBXFileReference; fileEncoding = 4; lastKnownFileType = sourcecode.c.objc; path = "UIImage+LBBlurredImage.m"; sourceTree = "<group>"; };
		AFC61FB81B4537A600E11040 /* config.h */ = {isa = PBXFileReference; lastKnownFileType = sourcecode.c.h; path = config.h; sourceTree = "<group>"; };
		AFC61FBC1B454D3F00E11040 /* RegistViewController.h */ = {isa = PBXFileReference; fileEncoding = 4; lastKnownFileType = sourcecode.c.h; path = RegistViewController.h; sourceTree = "<group>"; };
		AFC61FBD1B454D3F00E11040 /* RegistViewController.m */ = {isa = PBXFileReference; fileEncoding = 4; lastKnownFileType = sourcecode.c.objc; path = RegistViewController.m; sourceTree = "<group>"; };
		AFC61FBE1B454D3F00E11040 /* RegistViewController.xib */ = {isa = PBXFileReference; fileEncoding = 4; lastKnownFileType = file.xib; path = RegistViewController.xib; sourceTree = "<group>"; };
		AFC61FC31B46239D00E11040 /* CustomField.h */ = {isa = PBXFileReference; fileEncoding = 4; lastKnownFileType = sourcecode.c.h; path = CustomField.h; sourceTree = "<group>"; };
		AFC61FC41B46239D00E11040 /* CustomField.m */ = {isa = PBXFileReference; fileEncoding = 4; lastKnownFileType = sourcecode.c.objc; path = CustomField.m; sourceTree = "<group>"; };
		AFC61FCA1B46288E00E11040 /* BiddingListViewController.h */ = {isa = PBXFileReference; fileEncoding = 4; lastKnownFileType = sourcecode.c.h; path = BiddingListViewController.h; sourceTree = "<group>"; };
		AFC61FCB1B46288E00E11040 /* BiddingListViewController.m */ = {isa = PBXFileReference; fileEncoding = 4; lastKnownFileType = sourcecode.c.objc; path = BiddingListViewController.m; sourceTree = "<group>"; };
		AFC61FCC1B46288E00E11040 /* BiddingListViewController.xib */ = {isa = PBXFileReference; fileEncoding = 4; lastKnownFileType = file.xib; path = BiddingListViewController.xib; sourceTree = "<group>"; };
		AFC61FD11B464C7E00E11040 /* MBProgressHUD+Add.h */ = {isa = PBXFileReference; fileEncoding = 4; lastKnownFileType = sourcecode.c.h; path = "MBProgressHUD+Add.h"; sourceTree = "<group>"; };
		AFC61FD21B464C7E00E11040 /* MBProgressHUD+Add.m */ = {isa = PBXFileReference; fileEncoding = 4; lastKnownFileType = sourcecode.c.objc; path = "MBProgressHUD+Add.m"; sourceTree = "<group>"; };
		AFC61FD31B464C7E00E11040 /* MBProgressHUD.h */ = {isa = PBXFileReference; fileEncoding = 4; lastKnownFileType = sourcecode.c.h; path = MBProgressHUD.h; sourceTree = "<group>"; };
		AFC61FD41B464C7E00E11040 /* MBProgressHUD.m */ = {isa = PBXFileReference; fileEncoding = 4; lastKnownFileType = sourcecode.c.objc; path = MBProgressHUD.m; sourceTree = "<group>"; };
		AFC6200A1B46664F00E11040 /* CDRTranslucentSideBar.h */ = {isa = PBXFileReference; fileEncoding = 4; lastKnownFileType = sourcecode.c.h; path = CDRTranslucentSideBar.h; sourceTree = "<group>"; };
		AFC6200B1B46664F00E11040 /* CDRTranslucentSideBar.m */ = {isa = PBXFileReference; fileEncoding = 4; lastKnownFileType = sourcecode.c.objc; path = CDRTranslucentSideBar.m; sourceTree = "<group>"; };
		AFE0E4871B50BB8700AC7977 /* TTRootViewController.h */ = {isa = PBXFileReference; fileEncoding = 4; lastKnownFileType = sourcecode.c.h; path = TTRootViewController.h; sourceTree = "<group>"; };
		AFE0E4881B50BB8700AC7977 /* TTRootViewController.m */ = {isa = PBXFileReference; fileEncoding = 4; lastKnownFileType = sourcecode.c.objc; path = TTRootViewController.m; sourceTree = "<group>"; };
		AFE0E48A1B50BBE400AC7977 /* MyButton.h */ = {isa = PBXFileReference; fileEncoding = 4; lastKnownFileType = sourcecode.c.h; path = MyButton.h; sourceTree = "<group>"; };
		AFE0E48B1B50BBE400AC7977 /* MyButton.m */ = {isa = PBXFileReference; fileEncoding = 4; lastKnownFileType = sourcecode.c.objc; path = MyButton.m; sourceTree = "<group>"; };
		AFE0E48D1B50BC3200AC7977 /* BiddingListWinViewController.h */ = {isa = PBXFileReference; fileEncoding = 4; lastKnownFileType = sourcecode.c.h; path = BiddingListWinViewController.h; sourceTree = "<group>"; };
		AFE0E48E1B50BC3200AC7977 /* BiddingListWinViewController.m */ = {isa = PBXFileReference; fileEncoding = 4; lastKnownFileType = sourcecode.c.objc; path = BiddingListWinViewController.m; sourceTree = "<group>"; };
		AFE0E4941B50BCD200AC7977 /* TTMineViewController.h */ = {isa = PBXFileReference; fileEncoding = 4; lastKnownFileType = sourcecode.c.h; path = TTMineViewController.h; sourceTree = "<group>"; };
		AFE0E4951B50BCD200AC7977 /* TTMineViewController.m */ = {isa = PBXFileReference; fileEncoding = 4; lastKnownFileType = sourcecode.c.objc; path = TTMineViewController.m; sourceTree = "<group>"; };
		AFE3B04B1B4A188C002ACA1F /* MenuViewController.h */ = {isa = PBXFileReference; fileEncoding = 4; lastKnownFileType = sourcecode.c.h; path = MenuViewController.h; sourceTree = "<group>"; };
		AFE3B04C1B4A188C002ACA1F /* MenuViewController.m */ = {isa = PBXFileReference; fileEncoding = 4; lastKnownFileType = sourcecode.c.objc; path = MenuViewController.m; sourceTree = "<group>"; };
		AFE3B04D1B4A188C002ACA1F /* MenuViewController.xib */ = {isa = PBXFileReference; fileEncoding = 4; lastKnownFileType = file.xib; path = MenuViewController.xib; sourceTree = "<group>"; };
		AFE3B0501B4A24BC002ACA1F /* TTUserDefaultTool.h */ = {isa = PBXFileReference; fileEncoding = 4; lastKnownFileType = sourcecode.c.h; path = TTUserDefaultTool.h; sourceTree = "<group>"; };
		AFE3B0511B4A24BC002ACA1F /* TTUserDefaultTool.m */ = {isa = PBXFileReference; fileEncoding = 4; lastKnownFileType = sourcecode.c.objc; path = TTUserDefaultTool.m; sourceTree = "<group>"; };
		AFE3B0541B4A2F92002ACA1F /* MBProgressHUD+Simple.h */ = {isa = PBXFileReference; fileEncoding = 4; lastKnownFileType = sourcecode.c.h; path = "MBProgressHUD+Simple.h"; sourceTree = "<group>"; };
		AFE3B0551B4A2F92002ACA1F /* MBProgressHUD+Simple.m */ = {isa = PBXFileReference; fileEncoding = 4; lastKnownFileType = sourcecode.c.objc; path = "MBProgressHUD+Simple.m"; sourceTree = "<group>"; };
		AFE3B0661B4B6A12002ACA1F /* BiddinglistTableViewCell.h */ = {isa = PBXFileReference; fileEncoding = 4; lastKnownFileType = sourcecode.c.h; path = BiddinglistTableViewCell.h; sourceTree = "<group>"; };
		AFE3B0671B4B6A12002ACA1F /* BiddinglistTableViewCell.m */ = {isa = PBXFileReference; fileEncoding = 4; lastKnownFileType = sourcecode.c.objc; path = BiddinglistTableViewCell.m; sourceTree = "<group>"; };
		AFE3B0691B4B6FBC002ACA1F /* DetialBiddingViewController.h */ = {isa = PBXFileReference; fileEncoding = 4; lastKnownFileType = sourcecode.c.h; path = DetialBiddingViewController.h; sourceTree = "<group>"; };
		AFE3B06A1B4B6FBC002ACA1F /* DetialBiddingViewController.m */ = {isa = PBXFileReference; fileEncoding = 4; lastKnownFileType = sourcecode.c.objc; path = DetialBiddingViewController.m; sourceTree = "<group>"; };
		AFE3B06C1B4B75A1002ACA1F /* DetailBiddingTableViewCell.h */ = {isa = PBXFileReference; fileEncoding = 4; lastKnownFileType = sourcecode.c.h; path = DetailBiddingTableViewCell.h; sourceTree = "<group>"; };
		AFE3B06D1B4B75A1002ACA1F /* DetailBiddingTableViewCell.m */ = {isa = PBXFileReference; fileEncoding = 4; lastKnownFileType = sourcecode.c.objc; path = DetailBiddingTableViewCell.m; sourceTree = "<group>"; };
		AFE3B06F1B4B75F9002ACA1F /* TTBiddingModel.h */ = {isa = PBXFileReference; fileEncoding = 4; lastKnownFileType = sourcecode.c.h; path = TTBiddingModel.h; sourceTree = "<group>"; };
		AFE3B0701B4B75F9002ACA1F /* TTBiddingModel.m */ = {isa = PBXFileReference; fileEncoding = 4; lastKnownFileType = sourcecode.c.objc; path = TTBiddingModel.m; sourceTree = "<group>"; };
/* End PBXFileReference section */

/* Begin PBXFrameworksBuildPhase section */
		AFC61F6F1B44CF9C00E11040 /* Frameworks */ = {
			isa = PBXFrameworksBuildPhase;
			buildActionMask = 2147483647;
			files = (
				68634EF91B4F6B21004C1249 /* QuartzCore.framework in Frameworks */,
				EC079653000D351C3100628B /* libPods.a in Frameworks */,
			);
			runOnlyForDeploymentPostprocessing = 0;
		};
		AFC61F881B44CF9C00E11040 /* Frameworks */ = {
			isa = PBXFrameworksBuildPhase;
			buildActionMask = 2147483647;
			files = (
			);
			runOnlyForDeploymentPostprocessing = 0;
		};
/* End PBXFrameworksBuildPhase section */

/* Begin PBXGroup section */
		68634EEE1B4E720F004C1249 /* PPBaseViewController */ = {
			isa = PBXGroup;
			children = (
				68634EEF1B4E7256004C1249 /* PPBaseViewController.h */,
				68634EF01B4E7256004C1249 /* PPBaseViewController.m */,
			);
			name = PPBaseViewController;
			sourceTree = "<group>";
		};
		68C6C1971B539CD6002484DB /* PPDownListView */ = {
			isa = PBXGroup;
			children = (
				68C6C1981B539D1A002484DB /* down_dark.png */,
				68C6C1991B539D1A002484DB /* DropDownChooseProtocol.h */,
				68C6C19A1B539D1A002484DB /* DropDownListView.h */,
				68C6C19B1B539D1A002484DB /* DropDownListView.m */,
			);
			name = PPDownListView;
			sourceTree = "<group>";
		};
		68C6C19E1B53A162002484DB /* PPDropView */ = {
			isa = PBXGroup;
			children = (
				68C6C19F1B53A188002484DB /* IGLDropDownItem.h */,
				68C6C1A01B53A188002484DB /* IGLDropDownItem.m */,
				68C6C1A11B53A188002484DB /* IGLDropDownMenu.h */,
				68C6C1A21B53A188002484DB /* IGLDropDownMenu.m */,
			);
			name = PPDropView;
			sourceTree = "<group>";
		};
		68C6C1A51B53AC51002484DB /* PPMoreView */ = {
			isa = PBXGroup;
			children = (
				68C6C1A61B53AC86002484DB /* TYGSelectMenu.h */,
				68C6C1A71B53AC86002484DB /* TYGSelectMenu.m */,
				68C6C1A81B53AC86002484DB /* TYGSelectMenuCellTableViewCell.h */,
				68C6C1A91B53AC86002484DB /* TYGSelectMenuCellTableViewCell.m */,
				68C6C1AA1B53AC86002484DB /* TYGSelectMenuCellTableViewCell.xib */,
				68C6C1AB1B53AC86002484DB /* TYGSelectMenuEntity.h */,
				68C6C1AC1B53AC86002484DB /* TYGSelectMenuEntity.m */,
			);
			name = PPMoreView;
			sourceTree = "<group>";
		};
		AFC61F691B44CF9C00E11040 = {
			isa = PBXGroup;
			children = (
				AFC61F741B44CF9C00E11040 /* 招标 */,
				AFE0E4901B50BC9800AC7977 /* Mine */,
				AFE0E4861B50BB6100AC7977 /* common */,
				AFC61FC61B4627CF00E11040 /* Main */,
				AFC61F9B1B44D03000E11040 /* LoginAndRegist */,
				AFE3B0471B4A180F002ACA1F /* Menu */,
				AFC61FCF1B464C6D00E11040 /* Library */,
				AFC61FB71B45379200E11040 /* Util */,
				AFC61FAB1B44EBA300E11040 /* category */,
				AFC61F8E1B44CF9C00E11040 /* 招标Tests */,
				AFC61F731B44CF9C00E11040 /* Products */,
				F3B8F4B161103105AFE6C3F6 /* Pods */,
				FAC7C2C6DA0AFC7B45B6C139 /* Frameworks */,
			);
			sourceTree = "<group>";
		};
		AFC61F731B44CF9C00E11040 /* Products */ = {
			isa = PBXGroup;
			children = (
				AFC61F721B44CF9C00E11040 /* 招标.app */,
				AFC61F8B1B44CF9C00E11040 /* 招标Tests.xctest */,
			);
			name = Products;
			sourceTree = "<group>";
		};
		AFC61F741B44CF9C00E11040 /* 招标 */ = {
			isa = PBXGroup;
			children = (
				AFC61F791B44CF9C00E11040 /* AppDelegate.h */,
				AFC61F7A1B44CF9C00E11040 /* AppDelegate.m */,
				AFC61F821B44CF9C00E11040 /* Images.xcassets */,
				AFC61F751B44CF9C00E11040 /* Supporting Files */,
				AFC61FB21B4500CA00E11040 /* Launch Screen.xib */,
			);
			path = "招标";
			sourceTree = "<group>";
		};
		AFC61F751B44CF9C00E11040 /* Supporting Files */ = {
			isa = PBXGroup;
			children = (
				AFC61F761B44CF9C00E11040 /* Info.plist */,
				AFC61F771B44CF9C00E11040 /* main.m */,
				AFC61FAA1B44D82700E11040 /* Bidding.pch */,
			);
			name = "Supporting Files";
			sourceTree = "<group>";
		};
		AFC61F8E1B44CF9C00E11040 /* 招标Tests */ = {
			isa = PBXGroup;
			children = (
				AFC61F911B44CF9C00E11040 /* __Tests.m */,
				AFC61F8F1B44CF9C00E11040 /* Supporting Files */,
			);
			path = "招标Tests";
			sourceTree = "<group>";
		};
		AFC61F8F1B44CF9C00E11040 /* Supporting Files */ = {
			isa = PBXGroup;
			children = (
				AFC61F901B44CF9C00E11040 /* Info.plist */,
			);
			name = "Supporting Files";
			sourceTree = "<group>";
		};
		AFC61F9B1B44D03000E11040 /* LoginAndRegist */ = {
			isa = PBXGroup;
			children = (
				AFC61F9E1B44D05D00E11040 /* controller */,
				AFC61F9D1B44D05200E11040 /* model */,
				AFC61F9C1B44D04800E11040 /* view */,
			);
			name = LoginAndRegist;
			path = "招标";
			sourceTree = "<group>";
		};
		AFC61F9C1B44D04800E11040 /* view */ = {
			isa = PBXGroup;
			children = (
				AFC61FBE1B454D3F00E11040 /* RegistViewController.xib */,
				AFC61FA41B44D19000E11040 /* HomeViewController.xib */,
				68C6C1691B535A72002484DB /* PPRegistTableViewCell.h */,
				68C6C16A1B535A72002484DB /* PPRegistTableViewCell.m */,
			);
			name = view;
			sourceTree = "<group>";
		};
		AFC61F9D1B44D05200E11040 /* model */ = {
			isa = PBXGroup;
			children = (
				AFC61FA71B44D7BF00E11040 /* TTPerson.h */,
				AFC61FA81B44D7BF00E11040 /* TTPerson.m */,
			);
			name = model;
			sourceTree = "<group>";
		};
		AFC61F9E1B44D05D00E11040 /* controller */ = {
			isa = PBXGroup;
			children = (
				AFC61FA21B44D19000E11040 /* HomeViewController.h */,
				AFC61FA31B44D19000E11040 /* HomeViewController.m */,
				AFC61FBC1B454D3F00E11040 /* RegistViewController.h */,
				AFC61FBD1B454D3F00E11040 /* RegistViewController.m */,
				68C6C1661B5352E9002484DB /* PPRegistViewController.h */,
				68C6C1671B5352E9002484DB /* PPRegistViewController.m */,
			);
			name = controller;
			sourceTree = "<group>";
		};
		AFC61FAB1B44EBA300E11040 /* category */ = {
			isa = PBXGroup;
			children = (
				AFE3B0531B4A2F72002ACA1F /* MBProgressHUD */,
				68634EEE1B4E720F004C1249 /* PPBaseViewController */,
				AFC61FAC1B44EBE300E11040 /* UIimageview */,
			);
			name = category;
			sourceTree = "<group>";
		};
		AFC61FAC1B44EBE300E11040 /* UIimageview */ = {
			isa = PBXGroup;
			children = (
				AFC61FB41B45303600E11040 /* UIImage+LBBlurredImage.h */,
				AFC61FB51B45303600E11040 /* UIImage+LBBlurredImage.m */,
			);
			name = UIimageview;
			sourceTree = "<group>";
		};
		AFC61FB71B45379200E11040 /* Util */ = {
			isa = PBXGroup;
			children = (
				AFC61FC21B46235000E11040 /* lib */,
				AFC61FC11B46234000E11040 /* Util */,
			);
			name = Util;
			sourceTree = "<group>";
		};
		AFC61FC11B46234000E11040 /* Util */ = {
			isa = PBXGroup;
			children = (
				AFC61FB81B4537A600E11040 /* config.h */,
				AFE3B0501B4A24BC002ACA1F /* TTUserDefaultTool.h */,
				AFE3B0511B4A24BC002ACA1F /* TTUserDefaultTool.m */,
				68634EF21B4E7C44004C1249 /* UIViewController+PPUser.h */,
				68634EF31B4E7C44004C1249 /* UIViewController+PPUser.m */,
				68634EF51B4F5760004C1249 /* colorTurn.h */,
				68634EF61B4F5760004C1249 /* colorTurn.m */,
			);
			name = Util;
			sourceTree = "<group>";
		};
		AFC61FC21B46235000E11040 /* lib */ = {
			isa = PBXGroup;
			children = (
				68C6C1A51B53AC51002484DB /* PPMoreView */,
				68C6C19E1B53A162002484DB /* PPDropView */,
				68C6C1971B539CD6002484DB /* PPDownListView */,
				AFC620091B46664F00E11040 /* CDRTranslucentSideBar */,
				AFC61FC31B46239D00E11040 /* CustomField.h */,
				AFC61FC41B46239D00E11040 /* CustomField.m */,
			);
			name = lib;
			sourceTree = "<group>";
		};
		AFC61FC61B4627CF00E11040 /* Main */ = {
			isa = PBXGroup;
			children = (
				AFC61FC91B4627FA00E11040 /* Controller */,
				AFC61FC81B4627F400E11040 /* Model */,
				AFC61FC71B4627EE00E11040 /* View */,
			);
			name = Main;
			sourceTree = "<group>";
		};
		AFC61FC71B4627EE00E11040 /* View */ = {
			isa = PBXGroup;
			children = (
				AFC61FCC1B46288E00E11040 /* BiddingListViewController.xib */,
				AFE3B0661B4B6A12002ACA1F /* BiddinglistTableViewCell.h */,
				AFE3B0671B4B6A12002ACA1F /* BiddinglistTableViewCell.m */,
				AFE3B06C1B4B75A1002ACA1F /* DetailBiddingTableViewCell.h */,
				AFE3B06D1B4B75A1002ACA1F /* DetailBiddingTableViewCell.m */,
			);
			name = View;
			sourceTree = "<group>";
		};
		AFC61FC81B4627F400E11040 /* Model */ = {
			isa = PBXGroup;
			children = (
				AFE3B06F1B4B75F9002ACA1F /* TTBiddingModel.h */,
				AFE3B0701B4B75F9002ACA1F /* TTBiddingModel.m */,
			);
			name = Model;
			sourceTree = "<group>";
		};
		AFC61FC91B4627FA00E11040 /* Controller */ = {
			isa = PBXGroup;
			children = (
				AFC61FCA1B46288E00E11040 /* BiddingListViewController.h */,
				AFC61FCB1B46288E00E11040 /* BiddingListViewController.m */,
				AFE3B0691B4B6FBC002ACA1F /* DetialBiddingViewController.h */,
				AFE3B06A1B4B6FBC002ACA1F /* DetialBiddingViewController.m */,
				AFE0E48D1B50BC3200AC7977 /* BiddingListWinViewController.h */,
				AFE0E48E1B50BC3200AC7977 /* BiddingListWinViewController.m */,
			);
			name = Controller;
			sourceTree = "<group>";
		};
		AFC61FCF1B464C6D00E11040 /* Library */ = {
			isa = PBXGroup;
			children = (
				AFC61FD01B464C7E00E11040 /* MBProgressHUD */,
			);
			name = Library;
			sourceTree = "<group>";
		};
		AFC61FD01B464C7E00E11040 /* MBProgressHUD */ = {
			isa = PBXGroup;
			children = (
				AFC61FD11B464C7E00E11040 /* MBProgressHUD+Add.h */,
				AFC61FD21B464C7E00E11040 /* MBProgressHUD+Add.m */,
				AFC61FD31B464C7E00E11040 /* MBProgressHUD.h */,
				AFC61FD41B464C7E00E11040 /* MBProgressHUD.m */,
			);
			path = MBProgressHUD;
			sourceTree = "<group>";
		};
		AFC620091B46664F00E11040 /* CDRTranslucentSideBar */ = {
			isa = PBXGroup;
			children = (
				AFC6200A1B46664F00E11040 /* CDRTranslucentSideBar.h */,
				AFC6200B1B46664F00E11040 /* CDRTranslucentSideBar.m */,
			);
			path = CDRTranslucentSideBar;
			sourceTree = "<group>";
		};
		AFE0E4861B50BB6100AC7977 /* common */ = {
			isa = PBXGroup;
			children = (
				AFE0E48A1B50BBE400AC7977 /* MyButton.h */,
				AFE0E48B1B50BBE400AC7977 /* MyButton.m */,
				AFE0E4871B50BB8700AC7977 /* TTRootViewController.h */,
				AFE0E4881B50BB8700AC7977 /* TTRootViewController.m */,
			);
			name = common;
			sourceTree = "<group>";
		};
		AFE0E4901B50BC9800AC7977 /* Mine */ = {
			isa = PBXGroup;
			children = (
				AFE0E4931B50BCAD00AC7977 /* Controller */,
				AFE0E4921B50BCA400AC7977 /* Model */,
				AFE0E4911B50BC9F00AC7977 /* View */,
			);
			name = Mine;
			sourceTree = "<group>";
		};
		AFE0E4911B50BC9F00AC7977 /* View */ = {
			isa = PBXGroup;
			children = (
			);
			name = View;
			sourceTree = "<group>";
		};
		AFE0E4921B50BCA400AC7977 /* Model */ = {
			isa = PBXGroup;
			children = (
			);
			name = Model;
			sourceTree = "<group>";
		};
		AFE0E4931B50BCAD00AC7977 /* Controller */ = {
			isa = PBXGroup;
			children = (
				AFE0E4941B50BCD200AC7977 /* TTMineViewController.h */,
				AFE0E4951B50BCD200AC7977 /* TTMineViewController.m */,
			);
			name = Controller;
			sourceTree = "<group>";
		};
		AFE3B0471B4A180F002ACA1F /* Menu */ = {
			isa = PBXGroup;
			children = (
				AFE3B04A1B4A1829002ACA1F /* Controller */,
				AFE3B0491B4A1822002ACA1F /* View */,
				AFE3B0481B4A1817002ACA1F /* Model */,
			);
			name = Menu;
			sourceTree = "<group>";
		};
		AFE3B0481B4A1817002ACA1F /* Model */ = {
			isa = PBXGroup;
			children = (
			);
			name = Model;
			sourceTree = "<group>";
		};
		AFE3B0491B4A1822002ACA1F /* View */ = {
			isa = PBXGroup;
			children = (
				AFE3B04D1B4A188C002ACA1F /* MenuViewController.xib */,
			);
			name = View;
			sourceTree = "<group>";
		};
		AFE3B04A1B4A1829002ACA1F /* Controller */ = {
			isa = PBXGroup;
			children = (
				AFE3B04B1B4A188C002ACA1F /* MenuViewController.h */,
				AFE3B04C1B4A188C002ACA1F /* MenuViewController.m */,
			);
			name = Controller;
			sourceTree = "<group>";
		};
		AFE3B0531B4A2F72002ACA1F /* MBProgressHUD */ = {
			isa = PBXGroup;
			children = (
				AFE3B0541B4A2F92002ACA1F /* MBProgressHUD+Simple.h */,
				AFE3B0551B4A2F92002ACA1F /* MBProgressHUD+Simple.m */,
			);
			name = MBProgressHUD;
			sourceTree = "<group>";
		};
		F3B8F4B161103105AFE6C3F6 /* Pods */ = {
			isa = PBXGroup;
			children = (
				29829C2FDBBE7C1C5691DCB4 /* Pods.debug.xcconfig */,
				556F51A9F0429DE857E4B8D6 /* Pods.release.xcconfig */,
			);
			name = Pods;
			sourceTree = "<group>";
		};
		FAC7C2C6DA0AFC7B45B6C139 /* Frameworks */ = {
			isa = PBXGroup;
			children = (
				68634EF81B4F6B21004C1249 /* QuartzCore.framework */,
				25B86DD9ACF283721F4EB233 /* libPods.a */,
			);
			name = Frameworks;
			sourceTree = "<group>";
		};
/* End PBXGroup section */

/* Begin PBXNativeTarget section */
		AFC61F711B44CF9C00E11040 /* 招标 */ = {
			isa = PBXNativeTarget;
			buildConfigurationList = AFC61F951B44CF9C00E11040 /* Build configuration list for PBXNativeTarget "招标" */;
			buildPhases = (
				46A631CF1C63B5797ADBDAFB /* Check Pods Manifest.lock */,
				AFC61F6E1B44CF9C00E11040 /* Sources */,
				AFC61F6F1B44CF9C00E11040 /* Frameworks */,
				AFC61F701B44CF9C00E11040 /* Resources */,
				79FF14E452C6A9702776F526 /* Copy Pods Resources */,
			);
			buildRules = (
			);
			dependencies = (
			);
			name = "招标";
			productName = "招标";
			productReference = AFC61F721B44CF9C00E11040 /* 招标.app */;
			productType = "com.apple.product-type.application";
		};
		AFC61F8A1B44CF9C00E11040 /* 招标Tests */ = {
			isa = PBXNativeTarget;
			buildConfigurationList = AFC61F981B44CF9C00E11040 /* Build configuration list for PBXNativeTarget "招标Tests" */;
			buildPhases = (
				AFC61F871B44CF9C00E11040 /* Sources */,
				AFC61F881B44CF9C00E11040 /* Frameworks */,
				AFC61F891B44CF9C00E11040 /* Resources */,
			);
			buildRules = (
			);
			dependencies = (
				AFC61F8D1B44CF9C00E11040 /* PBXTargetDependency */,
			);
			name = "招标Tests";
			productName = "招标Tests";
			productReference = AFC61F8B1B44CF9C00E11040 /* 招标Tests.xctest */;
			productType = "com.apple.product-type.bundle.unit-test";
		};
/* End PBXNativeTarget section */

/* Begin PBXProject section */
		AFC61F6A1B44CF9C00E11040 /* Project object */ = {
			isa = PBXProject;
			attributes = {
				LastUpgradeCheck = 0630;
				ORGANIZATIONNAME = "陈齐涛";
				TargetAttributes = {
					AFC61F711B44CF9C00E11040 = {
						CreatedOnToolsVersion = 6.3;
					};
					AFC61F8A1B44CF9C00E11040 = {
						CreatedOnToolsVersion = 6.3;
						TestTargetID = AFC61F711B44CF9C00E11040;
					};
				};
			};
			buildConfigurationList = AFC61F6D1B44CF9C00E11040 /* Build configuration list for PBXProject "招标" */;
			compatibilityVersion = "Xcode 3.2";
			developmentRegion = English;
			hasScannedForEncodings = 0;
			knownRegions = (
				en,
				Base,
			);
			mainGroup = AFC61F691B44CF9C00E11040;
			productRefGroup = AFC61F731B44CF9C00E11040 /* Products */;
			projectDirPath = "";
			projectRoot = "";
			targets = (
				AFC61F711B44CF9C00E11040 /* 招标 */,
				AFC61F8A1B44CF9C00E11040 /* 招标Tests */,
			);
		};
/* End PBXProject section */

/* Begin PBXResourcesBuildPhase section */
		AFC61F701B44CF9C00E11040 /* Resources */ = {
			isa = PBXResourcesBuildPhase;
			buildActionMask = 2147483647;
			files = (
				AFC61F831B44CF9C00E11040 /* Images.xcassets in Resources */,
				AFE3B04F1B4A188C002ACA1F /* MenuViewController.xib in Resources */,
				AFC61FA61B44D19000E11040 /* HomeViewController.xib in Resources */,
				68C6C1AF1B53AC86002484DB /* TYGSelectMenuCellTableViewCell.xib in Resources */,
				AFC61FCE1B46288E00E11040 /* BiddingListViewController.xib in Resources */,
				AFC61FC01B454D3F00E11040 /* RegistViewController.xib in Resources */,
				AFC61FB31B4500CA00E11040 /* Launch Screen.xib in Resources */,
				68C6C19C1B539D1A002484DB /* down_dark.png in Resources */,
			);
			runOnlyForDeploymentPostprocessing = 0;
		};
		AFC61F891B44CF9C00E11040 /* Resources */ = {
			isa = PBXResourcesBuildPhase;
			buildActionMask = 2147483647;
			files = (
			);
			runOnlyForDeploymentPostprocessing = 0;
		};
/* End PBXResourcesBuildPhase section */

/* Begin PBXShellScriptBuildPhase section */
		46A631CF1C63B5797ADBDAFB /* Check Pods Manifest.lock */ = {
			isa = PBXShellScriptBuildPhase;
			buildActionMask = 2147483647;
			files = (
			);
			inputPaths = (
			);
			name = "Check Pods Manifest.lock";
			outputPaths = (
			);
			runOnlyForDeploymentPostprocessing = 0;
			shellPath = /bin/sh;
			shellScript = "diff \"${PODS_ROOT}/../Podfile.lock\" \"${PODS_ROOT}/Manifest.lock\" > /dev/null\nif [[ $? != 0 ]] ; then\n    cat << EOM\nerror: The sandbox is not in sync with the Podfile.lock. Run 'pod install' or update your CocoaPods installation.\nEOM\n    exit 1\nfi\n";
			showEnvVarsInLog = 0;
		};
		79FF14E452C6A9702776F526 /* Copy Pods Resources */ = {
			isa = PBXShellScriptBuildPhase;
			buildActionMask = 2147483647;
			files = (
			);
			inputPaths = (
			);
			name = "Copy Pods Resources";
			outputPaths = (
			);
			runOnlyForDeploymentPostprocessing = 0;
			shellPath = /bin/sh;
			shellScript = "\"${SRCROOT}/Pods/Target Support Files/Pods/Pods-resources.sh\"\n";
			showEnvVarsInLog = 0;
		};
/* End PBXShellScriptBuildPhase section */

/* Begin PBXSourcesBuildPhase section */
		AFC61F6E1B44CF9C00E11040 /* Sources */ = {
			isa = PBXSourcesBuildPhase;
			buildActionMask = 2147483647;
			files = (
				AFE3B0521B4A24BC002ACA1F /* TTUserDefaultTool.m in Sources */,
				AFE3B0711B4B75F9002ACA1F /* TTBiddingModel.m in Sources */,
				AFC6200C1B46664F00E11040 /* CDRTranslucentSideBar.m in Sources */,
				AFC61FA91B44D7BF00E11040 /* TTPerson.m in Sources */,
				AFE0E4961B50BCD200AC7977 /* TTMineViewController.m in Sources */,
				AFE3B0561B4A2F92002ACA1F /* MBProgressHUD+Simple.m in Sources */,
				AFE0E48C1B50BBE400AC7977 /* MyButton.m in Sources */,
				68C6C1B01B53AC86002484DB /* TYGSelectMenuEntity.m in Sources */,
				68C6C1AD1B53AC86002484DB /* TYGSelectMenu.m in Sources */,
				AFC61FCD1B46288E00E11040 /* BiddingListViewController.m in Sources */,
				AFC61FBF1B454D3F00E11040 /* RegistViewController.m in Sources */,
				AFE3B04E1B4A188C002ACA1F /* MenuViewController.m in Sources */,
				AFC61F7B1B44CF9C00E11040 /* AppDelegate.m in Sources */,
				AFC61FD61B464C7E00E11040 /* MBProgressHUD.m in Sources */,
				AFC61FB61B45303600E11040 /* UIImage+LBBlurredImage.m in Sources */,
				68C6C1AE1B53AC86002484DB /* TYGSelectMenuCellTableViewCell.m in Sources */,
				68C6C19D1B539D1A002484DB /* DropDownListView.m in Sources */,
				68634EF11B4E7256004C1249 /* PPBaseViewController.m in Sources */,
				68C6C1681B5352E9002484DB /* PPRegistViewController.m in Sources */,
				68C6C16B1B535A72002484DB /* PPRegistTableViewCell.m in Sources */,
				AFC61F781B44CF9C00E11040 /* main.m in Sources */,
				68C6C1A41B53A188002484DB /* IGLDropDownMenu.m in Sources */,
				AFE3B06B1B4B6FBC002ACA1F /* DetialBiddingViewController.m in Sources */,
				68C6C1A31B53A188002484DB /* IGLDropDownItem.m in Sources */,
				68634EF41B4E7C44004C1249 /* UIViewController+PPUser.m in Sources */,
				68634EF71B4F5760004C1249 /* colorTurn.m in Sources */,
				AFC61FD51B464C7E00E11040 /* MBProgressHUD+Add.m in Sources */,
				AFC61FA51B44D19000E11040 /* HomeViewController.m in Sources */,
				AFE0E48F1B50BC3200AC7977 /* BiddingListWinViewController.m in Sources */,
				AFC61FC51B46239D00E11040 /* CustomField.m in Sources */,
				AFE3B06E1B4B75A1002ACA1F /* DetailBiddingTableViewCell.m in Sources */,
				AFE0E4891B50BB8700AC7977 /* TTRootViewController.m in Sources */,
				AFE3B0681B4B6A12002ACA1F /* BiddinglistTableViewCell.m in Sources */,
			);
			runOnlyForDeploymentPostprocessing = 0;
		};
		AFC61F871B44CF9C00E11040 /* Sources */ = {
			isa = PBXSourcesBuildPhase;
			buildActionMask = 2147483647;
			files = (
				AFC61F921B44CF9C00E11040 /* __Tests.m in Sources */,
			);
			runOnlyForDeploymentPostprocessing = 0;
		};
/* End PBXSourcesBuildPhase section */

/* Begin PBXTargetDependency section */
		AFC61F8D1B44CF9C00E11040 /* PBXTargetDependency */ = {
			isa = PBXTargetDependency;
			target = AFC61F711B44CF9C00E11040 /* 招标 */;
			targetProxy = AFC61F8C1B44CF9C00E11040 /* PBXContainerItemProxy */;
		};
/* End PBXTargetDependency section */

/* Begin XCBuildConfiguration section */
		AFC61F931B44CF9C00E11040 /* Debug */ = {
			isa = XCBuildConfiguration;
			buildSettings = {
				ALWAYS_SEARCH_USER_PATHS = NO;
				CLANG_CXX_LANGUAGE_STANDARD = "gnu++0x";
				CLANG_CXX_LIBRARY = "libc++";
				CLANG_ENABLE_MODULES = YES;
				CLANG_ENABLE_OBJC_ARC = YES;
				CLANG_WARN_BOOL_CONVERSION = YES;
				CLANG_WARN_CONSTANT_CONVERSION = YES;
				CLANG_WARN_DIRECT_OBJC_ISA_USAGE = YES_ERROR;
				CLANG_WARN_EMPTY_BODY = YES;
				CLANG_WARN_ENUM_CONVERSION = YES;
				CLANG_WARN_INT_CONVERSION = YES;
				CLANG_WARN_OBJC_ROOT_CLASS = YES_ERROR;
				CLANG_WARN_UNREACHABLE_CODE = YES;
				CLANG_WARN__DUPLICATE_METHOD_MATCH = YES;
				"CODE_SIGN_IDENTITY[sdk=iphoneos*]" = "iPhone Developer";
				COPY_PHASE_STRIP = NO;
				DEBUG_INFORMATION_FORMAT = "dwarf-with-dsym";
				ENABLE_STRICT_OBJC_MSGSEND = YES;
				GCC_C_LANGUAGE_STANDARD = gnu99;
				GCC_DYNAMIC_NO_PIC = NO;
				GCC_NO_COMMON_BLOCKS = YES;
				GCC_OPTIMIZATION_LEVEL = 0;
				GCC_PREPROCESSOR_DEFINITIONS = (
					"DEBUG=1",
					"$(inherited)",
				);
				GCC_SYMBOLS_PRIVATE_EXTERN = NO;
				GCC_WARN_64_TO_32_BIT_CONVERSION = YES;
				GCC_WARN_ABOUT_RETURN_TYPE = YES_ERROR;
				GCC_WARN_UNDECLARED_SELECTOR = YES;
				GCC_WARN_UNINITIALIZED_AUTOS = YES_AGGRESSIVE;
				GCC_WARN_UNUSED_FUNCTION = YES;
				GCC_WARN_UNUSED_VARIABLE = YES;
				IPHONEOS_DEPLOYMENT_TARGET = 8.3;
				MTL_ENABLE_DEBUG_INFO = YES;
				ONLY_ACTIVE_ARCH = YES;
				SDKROOT = iphoneos;
			};
			name = Debug;
		};
		AFC61F941B44CF9C00E11040 /* Release */ = {
			isa = XCBuildConfiguration;
			buildSettings = {
				ALWAYS_SEARCH_USER_PATHS = NO;
				CLANG_CXX_LANGUAGE_STANDARD = "gnu++0x";
				CLANG_CXX_LIBRARY = "libc++";
				CLANG_ENABLE_MODULES = YES;
				CLANG_ENABLE_OBJC_ARC = YES;
				CLANG_WARN_BOOL_CONVERSION = YES;
				CLANG_WARN_CONSTANT_CONVERSION = YES;
				CLANG_WARN_DIRECT_OBJC_ISA_USAGE = YES_ERROR;
				CLANG_WARN_EMPTY_BODY = YES;
				CLANG_WARN_ENUM_CONVERSION = YES;
				CLANG_WARN_INT_CONVERSION = YES;
				CLANG_WARN_OBJC_ROOT_CLASS = YES_ERROR;
				CLANG_WARN_UNREACHABLE_CODE = YES;
				CLANG_WARN__DUPLICATE_METHOD_MATCH = YES;
				"CODE_SIGN_IDENTITY[sdk=iphoneos*]" = "iPhone Developer";
				COPY_PHASE_STRIP = NO;
				DEBUG_INFORMATION_FORMAT = "dwarf-with-dsym";
				ENABLE_NS_ASSERTIONS = NO;
				ENABLE_STRICT_OBJC_MSGSEND = YES;
				GCC_C_LANGUAGE_STANDARD = gnu99;
				GCC_NO_COMMON_BLOCKS = YES;
				GCC_WARN_64_TO_32_BIT_CONVERSION = YES;
				GCC_WARN_ABOUT_RETURN_TYPE = YES_ERROR;
				GCC_WARN_UNDECLARED_SELECTOR = YES;
				GCC_WARN_UNINITIALIZED_AUTOS = YES_AGGRESSIVE;
				GCC_WARN_UNUSED_FUNCTION = YES;
				GCC_WARN_UNUSED_VARIABLE = YES;
				IPHONEOS_DEPLOYMENT_TARGET = 8.3;
				MTL_ENABLE_DEBUG_INFO = NO;
				SDKROOT = iphoneos;
				VALIDATE_PRODUCT = YES;
			};
			name = Release;
		};
		AFC61F961B44CF9C00E11040 /* Debug */ = {
			isa = XCBuildConfiguration;
			baseConfigurationReference = 29829C2FDBBE7C1C5691DCB4 /* Pods.debug.xcconfig */;
			buildSettings = {
				ASSETCATALOG_COMPILER_APPICON_NAME = AppIcon;
				ASSETCATALOG_COMPILER_LAUNCHIMAGE_NAME = LaunchImage;
				GCC_PRECOMPILE_PREFIX_HEADER = NO;
				GCC_PREFIX_HEADER = "招标/Bidding.pch";
				INFOPLIST_FILE = "招标/Info.plist";
				LD_RUNPATH_SEARCH_PATHS = "$(inherited) @executable_path/Frameworks";
				PRODUCT_NAME = "$(TARGET_NAME)";
			};
			name = Debug;
		};
		AFC61F971B44CF9C00E11040 /* Release */ = {
			isa = XCBuildConfiguration;
			baseConfigurationReference = 556F51A9F0429DE857E4B8D6 /* Pods.release.xcconfig */;
			buildSettings = {
				ASSETCATALOG_COMPILER_APPICON_NAME = AppIcon;
				ASSETCATALOG_COMPILER_LAUNCHIMAGE_NAME = LaunchImage;
				GCC_PRECOMPILE_PREFIX_HEADER = NO;
				GCC_PREFIX_HEADER = "招标/Bidding.pch";
				INFOPLIST_FILE = "招标/Info.plist";
				LD_RUNPATH_SEARCH_PATHS = "$(inherited) @executable_path/Frameworks";
				PRODUCT_NAME = "$(TARGET_NAME)";
			};
			name = Release;
		};
		AFC61F991B44CF9C00E11040 /* Debug */ = {
			isa = XCBuildConfiguration;
			buildSettings = {
				BUNDLE_LOADER = "$(TEST_HOST)";
				FRAMEWORK_SEARCH_PATHS = (
					"$(SDKROOT)/Developer/Library/Frameworks",
					"$(inherited)",
				);
				GCC_PREPROCESSOR_DEFINITIONS = (
					"DEBUG=1",
					"$(inherited)",
				);
				INFOPLIST_FILE = "招标Tests/Info.plist";
				LD_RUNPATH_SEARCH_PATHS = "$(inherited) @executable_path/Frameworks @loader_path/Frameworks";
				PRODUCT_NAME = "$(TARGET_NAME)";
				TEST_HOST = "$(BUILT_PRODUCTS_DIR)/招标.app/招标";
			};
			name = Debug;
		};
		AFC61F9A1B44CF9C00E11040 /* Release */ = {
			isa = XCBuildConfiguration;
			buildSettings = {
				BUNDLE_LOADER = "$(TEST_HOST)";
				FRAMEWORK_SEARCH_PATHS = (
					"$(SDKROOT)/Developer/Library/Frameworks",
					"$(inherited)",
				);
				INFOPLIST_FILE = "招标Tests/Info.plist";
				LD_RUNPATH_SEARCH_PATHS = "$(inherited) @executable_path/Frameworks @loader_path/Frameworks";
				PRODUCT_NAME = "$(TARGET_NAME)";
				TEST_HOST = "$(BUILT_PRODUCTS_DIR)/招标.app/招标";
			};
			name = Release;
		};
/* End XCBuildConfiguration section */

/* Begin XCConfigurationList section */
		AFC61F6D1B44CF9C00E11040 /* Build configuration list for PBXProject "招标" */ = {
			isa = XCConfigurationList;
			buildConfigurations = (
				AFC61F931B44CF9C00E11040 /* Debug */,
				AFC61F941B44CF9C00E11040 /* Release */,
			);
			defaultConfigurationIsVisible = 0;
			defaultConfigurationName = Release;
		};
		AFC61F951B44CF9C00E11040 /* Build configuration list for PBXNativeTarget "招标" */ = {
			isa = XCConfigurationList;
			buildConfigurations = (
				AFC61F961B44CF9C00E11040 /* Debug */,
				AFC61F971B44CF9C00E11040 /* Release */,
			);
			defaultConfigurationIsVisible = 0;
			defaultConfigurationName = Release;
		};
		AFC61F981B44CF9C00E11040 /* Build configuration list for PBXNativeTarget "招标Tests" */ = {
			isa = XCConfigurationList;
			buildConfigurations = (
				AFC61F991B44CF9C00E11040 /* Debug */,
				AFC61F9A1B44CF9C00E11040 /* Release */,
			);
			defaultConfigurationIsVisible = 0;
			defaultConfigurationName = Release;
		};
/* End XCConfigurationList section */
	};
	rootObject = AFC61F6A1B44CF9C00E11040 /* Project object */;
}
