// !$*UTF8*$!
{
	archiveVersion = 1;
	classes = {
	};
	objectVersion = 46;
	objects = {

/* Begin PBXBuildFile section */
		68634EF91B4F6B21004C1249 /* QuartzCore.framework in Frameworks */ = {isa = PBXBuildFile; fileRef = 68634EF81B4F6B21004C1249 /* QuartzCore.framework */; };
		68845FD01B676E08007BA4A7 /* FDAlertView.m in Sources */ = {isa = PBXBuildFile; fileRef = 68845FCF1B676E08007BA4A7 /* FDAlertView.m */; };
		68845FD31B6772D3007BA4A7 /* PPPingYinSearch.m in Sources */ = {isa = PBXBuildFile; fileRef = 68845FD21B6772D3007BA4A7 /* PPPingYinSearch.m */; };
		68845FD61B67744B007BA4A7 /* ChineseInclude.m in Sources */ = {isa = PBXBuildFile; fileRef = 68845FD51B67744B007BA4A7 /* ChineseInclude.m */; };
		688B6CA31B788D8200037314 /* httpRequestViewController.m in Sources */ = {isa = PBXBuildFile; fileRef = 688B6CA21B788D8200037314 /* httpRequestViewController.m */; };
		688B6CAB1B789A0900037314 /* PPRegistTTViewController.m in Sources */ = {isa = PBXBuildFile; fileRef = 688B6CAA1B789A0900037314 /* PPRegistTTViewController.m */; };
		688B6CAE1B79A02C00037314 /* PPPwdViewController.m in Sources */ = {isa = PBXBuildFile; fileRef = 688B6CAD1B79A02C00037314 /* PPPwdViewController.m */; };
		AF97F5541B576871003B10D3 /* bootstrap.min.css in Resources */ = {isa = PBXBuildFile; fileRef = AF97F5521B576871003B10D3 /* bootstrap.min.css */; };
		AF97F5551B576871003B10D3 /* index.html in Resources */ = {isa = PBXBuildFile; fileRef = AF97F5531B576871003B10D3 /* index.html */; };
		AFC61F781B44CF9C00E11040 /* main.m in Sources */ = {isa = PBXBuildFile; fileRef = AFC61F771B44CF9C00E11040 /* main.m */; };
		AFC61F7B1B44CF9C00E11040 /* AppDelegate.m in Sources */ = {isa = PBXBuildFile; fileRef = AFC61F7A1B44CF9C00E11040 /* AppDelegate.m */; };
		AFC61F831B44CF9C00E11040 /* Images.xcassets in Resources */ = {isa = PBXBuildFile; fileRef = AFC61F821B44CF9C00E11040 /* Images.xcassets */; };
		AFC61F921B44CF9C00E11040 /* __Tests.m in Sources */ = {isa = PBXBuildFile; fileRef = AFC61F911B44CF9C00E11040 /* __Tests.m */; };
		AFC61FB31B4500CA00E11040 /* Launch Screen.xib in Resources */ = {isa = PBXBuildFile; fileRef = AFC61FB21B4500CA00E11040 /* Launch Screen.xib */; };
		AFE7627A1B5FD50200F5E9AE /* PPBaseViewController.m in Sources */ = {isa = PBXBuildFile; fileRef = AFE762751B5FD50200F5E9AE /* PPBaseViewController.m */; };
		AFE7627B1B5FD50200F5E9AE /* TTBaseWebViewController.m in Sources */ = {isa = PBXBuildFile; fileRef = AFE762771B5FD50200F5E9AE /* TTBaseWebViewController.m */; };
		AFE762841B5FD51600F5E9AE /* PPAboutUsViewController.m in Sources */ = {isa = PBXBuildFile; fileRef = AFE7627F1B5FD51600F5E9AE /* PPAboutUsViewController.m */; };
		AFE762851B5FD51600F5E9AE /* TTMineViewController.m in Sources */ = {isa = PBXBuildFile; fileRef = AFE762811B5FD51600F5E9AE /* TTMineViewController.m */; };
		AFE7628B1B5FD52A00F5E9AE /* MyButton.m in Sources */ = {isa = PBXBuildFile; fileRef = AFE762881B5FD52A00F5E9AE /* MyButton.m */; };
		AFE7628C1B5FD52A00F5E9AE /* TTRootViewController.m in Sources */ = {isa = PBXBuildFile; fileRef = AFE7628A1B5FD52A00F5E9AE /* TTRootViewController.m */; };
		AFE7629F1B5FD53E00F5E9AE /* BiddingListViewController.m in Sources */ = {isa = PBXBuildFile; fileRef = AFE762901B5FD53E00F5E9AE /* BiddingListViewController.m */; };
		AFE762A01B5FD53E00F5E9AE /* DetialBiddingViewController.m in Sources */ = {isa = PBXBuildFile; fileRef = AFE762921B5FD53E00F5E9AE /* DetialBiddingViewController.m */; };
		AFE762A11B5FD53E00F5E9AE /* TTBiddingModel.m in Sources */ = {isa = PBXBuildFile; fileRef = AFE762951B5FD53E00F5E9AE /* TTBiddingModel.m */; };
		AFE762A21B5FD53E00F5E9AE /* TTWinBiddingModel.m in Sources */ = {isa = PBXBuildFile; fileRef = AFE762971B5FD53E00F5E9AE /* TTWinBiddingModel.m */; };
		AFE762A31B5FD53E00F5E9AE /* BiddinglistTableViewCell.m in Sources */ = {isa = PBXBuildFile; fileRef = AFE7629A1B5FD53E00F5E9AE /* BiddinglistTableViewCell.m */; };
		AFE762A41B5FD53E00F5E9AE /* BiddingListViewController.xib in Resources */ = {isa = PBXBuildFile; fileRef = AFE7629B1B5FD53E00F5E9AE /* BiddingListViewController.xib */; };
		AFE762A51B5FD53E00F5E9AE /* DetailBiddingTableViewCell.m in Sources */ = {isa = PBXBuildFile; fileRef = AFE7629D1B5FD53E00F5E9AE /* DetailBiddingTableViewCell.m */; };
		AFE762A61B5FD53E00F5E9AE /* Empty.xib in Resources */ = {isa = PBXBuildFile; fileRef = AFE7629E1B5FD53E00F5E9AE /* Empty.xib */; };
		AFE762C21B5FD54D00F5E9AE /* PPChooseInfoViewController.m in Sources */ = {isa = PBXBuildFile; fileRef = AFE762AC1B5FD54D00F5E9AE /* PPChooseInfoViewController.m */; };
		AFE762C31B5FD54D00F5E9AE /* PPGadeViewController.m in Sources */ = {isa = PBXBuildFile; fileRef = AFE762AE1B5FD54D00F5E9AE /* PPGadeViewController.m */; };
		AFE762C41B5FD54D00F5E9AE /* PPRegistViewController.m in Sources */ = {isa = PBXBuildFile; fileRef = AFE762B01B5FD54D00F5E9AE /* PPRegistViewController.m */; };
		AFE762C51B5FD54D00F5E9AE /* PPResultViewController.m in Sources */ = {isa = PBXBuildFile; fileRef = AFE762B21B5FD54D00F5E9AE /* PPResultViewController.m */; };
		AFE762C61B5FD54D00F5E9AE /* PPSelectedViewController.m in Sources */ = {isa = PBXBuildFile; fileRef = AFE762B41B5FD54D00F5E9AE /* PPSelectedViewController.m */; };
		AFE762C71B5FD54D00F5E9AE /* RegistViewController.m in Sources */ = {isa = PBXBuildFile; fileRef = AFE762B61B5FD54D00F5E9AE /* RegistViewController.m */; };
		AFE762C81B5FD54D00F5E9AE /* TTPerson.m in Sources */ = {isa = PBXBuildFile; fileRef = AFE762B91B5FD54D00F5E9AE /* TTPerson.m */; };
		AFE762C91B5FD54D00F5E9AE /* HomeViewController.xib in Resources */ = {isa = PBXBuildFile; fileRef = AFE762BB1B5FD54D00F5E9AE /* HomeViewController.xib */; };
		AFE762CA1B5FD54D00F5E9AE /* PPGuideUserView.m in Sources */ = {isa = PBXBuildFile; fileRef = AFE762BD1B5FD54D00F5E9AE /* PPGuideUserView.m */; };
		AFE762CB1B5FD54D00F5E9AE /* PPRegistTableViewCell.m in Sources */ = {isa = PBXBuildFile; fileRef = AFE762BF1B5FD54D00F5E9AE /* PPRegistTableViewCell.m */; };
		AFE762CC1B5FD54D00F5E9AE /* RegistViewController.xib in Resources */ = {isa = PBXBuildFile; fileRef = AFE762C01B5FD54D00F5E9AE /* RegistViewController.xib */; };
		AFE762D31B5FD56C00F5E9AE /* MenuViewController.m in Sources */ = {isa = PBXBuildFile; fileRef = AFE762D01B5FD56C00F5E9AE /* MenuViewController.m */; };
		AFE7632E1B5FD58A00F5E9AE /* libPushSDK-1.8.3.a in Frameworks */ = {isa = PBXBuildFile; fileRef = AFE762E51B5FD58A00F5E9AE /* libPushSDK-1.8.3.a */; };
		AFE7632F1B5FD58A00F5E9AE /* MBProgressHUD+Add.m in Sources */ = {isa = PBXBuildFile; fileRef = AFE762E81B5FD58A00F5E9AE /* MBProgressHUD+Add.m */; };
		AFE763301B5FD58A00F5E9AE /* MBProgressHUD+Simple.m in Sources */ = {isa = PBXBuildFile; fileRef = AFE762EA1B5FD58A00F5E9AE /* MBProgressHUD+Simple.m */; };
		AFE763311B5FD58A00F5E9AE /* MBProgressHUD.m in Sources */ = {isa = PBXBuildFile; fileRef = AFE762EC1B5FD58A00F5E9AE /* MBProgressHUD.m */; };
		AFE763321B5FD58A00F5E9AE /* NTSlidingViewController.m in Sources */ = {isa = PBXBuildFile; fileRef = AFE762EF1B5FD58A00F5E9AE /* NTSlidingViewController.m */; };
		AFE763331B5FD58A00F5E9AE /* ChineseToPinyinResource.m in Sources */ = {isa = PBXBuildFile; fileRef = AFE762F21B5FD58A00F5E9AE /* ChineseToPinyinResource.m */; };
		AFE763341B5FD58A00F5E9AE /* HanyuPinyinOutputFormat.m in Sources */ = {isa = PBXBuildFile; fileRef = AFE762F41B5FD58A00F5E9AE /* HanyuPinyinOutputFormat.m */; };
		AFE763351B5FD58A00F5E9AE /* NSString+PinYin4Cocoa.m in Sources */ = {isa = PBXBuildFile; fileRef = AFE762F61B5FD58A00F5E9AE /* NSString+PinYin4Cocoa.m */; };
		AFE763361B5FD58A00F5E9AE /* PinyinFormatter.m in Sources */ = {isa = PBXBuildFile; fileRef = AFE762F91B5FD58A00F5E9AE /* PinyinFormatter.m */; };
		AFE763371B5FD58A00F5E9AE /* PinYinForObjc.m in Sources */ = {isa = PBXBuildFile; fileRef = AFE762FB1B5FD58A00F5E9AE /* PinYinForObjc.m */; };
		AFE763381B5FD58A00F5E9AE /* PinyinHelper.m in Sources */ = {isa = PBXBuildFile; fileRef = AFE762FD1B5FD58A00F5E9AE /* PinyinHelper.m */; };
		AFE763391B5FD58A00F5E9AE /* unicode_to_hanyu_pinyin.txt in Resources */ = {isa = PBXBuildFile; fileRef = AFE762FE1B5FD58A00F5E9AE /* unicode_to_hanyu_pinyin.txt */; };
		AFE7633A1B5FD58A00F5E9AE /* down_dark.png in Resources */ = {isa = PBXBuildFile; fileRef = AFE763001B5FD58A00F5E9AE /* down_dark.png */; };
		AFE7633B1B5FD58A00F5E9AE /* DropDownListView.m in Sources */ = {isa = PBXBuildFile; fileRef = AFE763031B5FD58A00F5E9AE /* DropDownListView.m */; };
		AFE7633C1B5FD58A00F5E9AE /* IGLDropDownItem.m in Sources */ = {isa = PBXBuildFile; fileRef = AFE763061B5FD58A00F5E9AE /* IGLDropDownItem.m */; };
		AFE7633D1B5FD58A00F5E9AE /* IGLDropDownMenu.m in Sources */ = {isa = PBXBuildFile; fileRef = AFE763081B5FD58A00F5E9AE /* IGLDropDownMenu.m */; };
		AFE7633E1B5FD58A00F5E9AE /* TYGSelectMenu.m in Sources */ = {isa = PBXBuildFile; fileRef = AFE7630B1B5FD58A00F5E9AE /* TYGSelectMenu.m */; };
		AFE7633F1B5FD58A00F5E9AE /* TYGSelectMenuCellTableViewCell.m in Sources */ = {isa = PBXBuildFile; fileRef = AFE7630D1B5FD58A00F5E9AE /* TYGSelectMenuCellTableViewCell.m */; };
		AFE763401B5FD58A00F5E9AE /* TYGSelectMenuCellTableViewCell.xib in Resources */ = {isa = PBXBuildFile; fileRef = AFE7630E1B5FD58A00F5E9AE /* TYGSelectMenuCellTableViewCell.xib */; };
		AFE763411B5FD58A00F5E9AE /* TYGSelectMenuEntity.m in Sources */ = {isa = PBXBuildFile; fileRef = AFE763101B5FD58A00F5E9AE /* TYGSelectMenuEntity.m */; };
		AFE763421B5FD58A00F5E9AE /* RCAnimatedImagesView.m in Sources */ = {isa = PBXBuildFile; fileRef = AFE763131B5FD58A00F5E9AE /* RCAnimatedImagesView.m */; };
		AFE763431B5FD58A00F5E9AE /* sdRefeshView_arrow@2x.png in Resources */ = {isa = PBXBuildFile; fileRef = AFE763161B5FD58A00F5E9AE /* sdRefeshView_arrow@2x.png */; };
		AFE763441B5FD58A00F5E9AE /* SDRefreshFooterView.m in Sources */ = {isa = PBXBuildFile; fileRef = AFE763191B5FD58A00F5E9AE /* SDRefreshFooterView.m */; };
		AFE763451B5FD58A00F5E9AE /* SDRefreshHeaderView.m in Sources */ = {isa = PBXBuildFile; fileRef = AFE7631B1B5FD58A00F5E9AE /* SDRefreshHeaderView.m */; };
		AFE763461B5FD58A00F5E9AE /* SDRefreshView.m in Sources */ = {isa = PBXBuildFile; fileRef = AFE7631D1B5FD58A00F5E9AE /* SDRefreshView.m */; };
		AFE763471B5FD58A00F5E9AE /* UIView+SDExtension.m in Sources */ = {isa = PBXBuildFile; fileRef = AFE7631F1B5FD58A00F5E9AE /* UIView+SDExtension.m */; };
		AFE763481B5FD58A00F5E9AE /* colorTurn.m in Sources */ = {isa = PBXBuildFile; fileRef = AFE763221B5FD58A00F5E9AE /* colorTurn.m */; };
		AFE763491B5FD58A00F5E9AE /* TTUserDefaultTool.m in Sources */ = {isa = PBXBuildFile; fileRef = AFE763251B5FD58A00F5E9AE /* TTUserDefaultTool.m */; };
		AFE7634A1B5FD58A00F5E9AE /* UIViewController+PPUser.m in Sources */ = {isa = PBXBuildFile; fileRef = AFE763271B5FD58A00F5E9AE /* UIViewController+PPUser.m */; };
		AFE7634F1B5FD5A500F5E9AE /* UIImage+LBBlurredImage.m in Sources */ = {isa = PBXBuildFile; fileRef = AFE7634E1B5FD5A500F5E9AE /* UIImage+LBBlurredImage.m */; };
		AFE763521B5FD61700F5E9AE /* CustomField.m in Sources */ = {isa = PBXBuildFile; fileRef = AFE763511B5FD61700F5E9AE /* CustomField.m */; };
		AFE7635F1B5FD69200F5E9AE /* RECommonFunctions.m in Sources */ = {isa = PBXBuildFile; fileRef = AFE763541B5FD69200F5E9AE /* RECommonFunctions.m */; };
		AFE763601B5FD69200F5E9AE /* REFrostedContainerViewController.m in Sources */ = {isa = PBXBuildFile; fileRef = AFE763561B5FD69200F5E9AE /* REFrostedContainerViewController.m */; };
		AFE763611B5FD69200F5E9AE /* REFrostedViewController.m in Sources */ = {isa = PBXBuildFile; fileRef = AFE763581B5FD69200F5E9AE /* REFrostedViewController.m */; };
		AFE763621B5FD69200F5E9AE /* UIImage+REFrostedViewController.m in Sources */ = {isa = PBXBuildFile; fileRef = AFE7635A1B5FD69200F5E9AE /* UIImage+REFrostedViewController.m */; };
		AFE763631B5FD69200F5E9AE /* UIView+REFrostedViewController.m in Sources */ = {isa = PBXBuildFile; fileRef = AFE7635C1B5FD69200F5E9AE /* UIView+REFrostedViewController.m */; };
		AFE763641B5FD69200F5E9AE /* UIViewController+REFrostedViewController.m in Sources */ = {isa = PBXBuildFile; fileRef = AFE7635E1B5FD69200F5E9AE /* UIViewController+REFrostedViewController.m */; };
		AFE763721B5FD73300F5E9AE /* DHLandscapeMenuScrollView.m in Sources */ = {isa = PBXBuildFile; fileRef = AFE763671B5FD73300F5E9AE /* DHLandscapeMenuScrollView.m */; };
		AFE763731B5FD73300F5E9AE /* DHLandscapeTableView.m in Sources */ = {isa = PBXBuildFile; fileRef = AFE763691B5FD73300F5E9AE /* DHLandscapeTableView.m */; };
		AFE763741B5FD73300F5E9AE /* DHMenuPagerViewController.m in Sources */ = {isa = PBXBuildFile; fileRef = AFE7636B1B5FD73300F5E9AE /* DHMenuPagerViewController.m */; };
		AFE763751B5FD73300F5E9AE /* DHSlideMenuController.m in Sources */ = {isa = PBXBuildFile; fileRef = AFE7636D1B5FD73300F5E9AE /* DHSlideMenuController.m */; };
		AFE763761B5FD73300F5E9AE /* NavParentController.m in Sources */ = {isa = PBXBuildFile; fileRef = AFE7636F1B5FD73300F5E9AE /* NavParentController.m */; };
		AFE763771B5FD73300F5E9AE /* ParentCellViewController.m in Sources */ = {isa = PBXBuildFile; fileRef = AFE763711B5FD73300F5E9AE /* ParentCellViewController.m */; };
		AFE763791B5FE5D500F5E9AE /* HomeViewController.m in Sources */ = {isa = PBXBuildFile; fileRef = AFE763781B5FE5D500F5E9AE /* HomeViewController.m */; };
		AFF8F6341B5643820075DB60 /* CFNetwork.framework in Frameworks */ = {isa = PBXBuildFile; fileRef = AFF8F6331B5643820075DB60 /* CFNetwork.framework */; };
		AFF8F6361B5643970075DB60 /* CoreFoundation.framework in Frameworks */ = {isa = PBXBuildFile; fileRef = AFF8F6351B5643970075DB60 /* CoreFoundation.framework */; };
		AFF8F6381B5643A30075DB60 /* CoreTelephony.framework in Frameworks */ = {isa = PBXBuildFile; fileRef = AFF8F6371B5643A30075DB60 /* CoreTelephony.framework */; };
		AFF8F63A1B5643B00075DB60 /* SystemConfiguration.framework in Frameworks */ = {isa = PBXBuildFile; fileRef = AFF8F6391B5643B00075DB60 /* SystemConfiguration.framework */; };
		AFF8F63C1B5643B90075DB60 /* CoreGraphics.framework in Frameworks */ = {isa = PBXBuildFile; fileRef = AFF8F63B1B5643B90075DB60 /* CoreGraphics.framework */; };
		AFF8F63E1B5643C50075DB60 /* Foundation.framework in Frameworks */ = {isa = PBXBuildFile; fileRef = AFF8F63D1B5643C50075DB60 /* Foundation.framework */; };
		AFF8F6401B5643D20075DB60 /* Security.framework in Frameworks */ = {isa = PBXBuildFile; fileRef = AFF8F63F1B5643D20075DB60 /* Security.framework */; };
		AFF8F6421B5643DD0075DB60 /* libz.dylib in Frameworks */ = {isa = PBXBuildFile; fileRef = AFF8F6411B5643DD0075DB60 /* libz.dylib */; };
		AFF8F6441B5644840075DB60 /* PushConfig.plist in Resources */ = {isa = PBXBuildFile; fileRef = AFF8F6431B5644840075DB60 /* PushConfig.plist */; };
		EC079653000D351C3100628B /* libPods.a in Frameworks */ = {isa = PBXBuildFile; fileRef = 25B86DD9ACF283721F4EB233 /* libPods.a */; };
/* End PBXBuildFile section */

/* Begin PBXContainerItemProxy section */
		AFC61F8C1B44CF9C00E11040 /* PBXContainerItemProxy */ = {
			isa = PBXContainerItemProxy;
			containerPortal = AFC61F6A1B44CF9C00E11040 /* Project object */;
			proxyType = 1;
			remoteGlobalIDString = AFC61F711B44CF9C00E11040;
			remoteInfo = "招标";
		};
/* End PBXContainerItemProxy section */

/* Begin PBXFileReference section */
		25B86DD9ACF283721F4EB233 /* libPods.a */ = {isa = PBXFileReference; explicitFileType = archive.ar; includeInIndex = 0; path = libPods.a; sourceTree = BUILT_PRODUCTS_DIR; };
		29829C2FDBBE7C1C5691DCB4 /* Pods.debug.xcconfig */ = {isa = PBXFileReference; includeInIndex = 1; lastKnownFileType = text.xcconfig; name = Pods.debug.xcconfig; path = "Pods/Target Support Files/Pods/Pods.debug.xcconfig"; sourceTree = "<group>"; };
		556F51A9F0429DE857E4B8D6 /* Pods.release.xcconfig */ = {isa = PBXFileReference; includeInIndex = 1; lastKnownFileType = text.xcconfig; name = Pods.release.xcconfig; path = "Pods/Target Support Files/Pods/Pods.release.xcconfig"; sourceTree = "<group>"; };
		68634EF81B4F6B21004C1249 /* QuartzCore.framework */ = {isa = PBXFileReference; lastKnownFileType = wrapper.framework; name = QuartzCore.framework; path = System/Library/Frameworks/QuartzCore.framework; sourceTree = SDKROOT; };
		68845FCE1B676E08007BA4A7 /* FDAlertView.h */ = {isa = PBXFileReference; fileEncoding = 4; lastKnownFileType = sourcecode.c.h; name = FDAlertView.h; path = FDAlertView/FDAlertView.h; sourceTree = "<group>"; };
		68845FCF1B676E08007BA4A7 /* FDAlertView.m */ = {isa = PBXFileReference; fileEncoding = 4; lastKnownFileType = sourcecode.c.objc; name = FDAlertView.m; path = FDAlertView/FDAlertView.m; sourceTree = "<group>"; };
		68845FD11B6772D3007BA4A7 /* PPPingYinSearch.h */ = {isa = PBXFileReference; fileEncoding = 4; lastKnownFileType = sourcecode.c.h; path = PPPingYinSearch.h; sourceTree = "<group>"; };
		68845FD21B6772D3007BA4A7 /* PPPingYinSearch.m */ = {isa = PBXFileReference; fileEncoding = 4; lastKnownFileType = sourcecode.c.objc; path = PPPingYinSearch.m; sourceTree = "<group>"; };
		68845FD41B67744B007BA4A7 /* ChineseInclude.h */ = {isa = PBXFileReference; fileEncoding = 4; lastKnownFileType = sourcecode.c.h; path = ChineseInclude.h; sourceTree = "<group>"; };
		68845FD51B67744B007BA4A7 /* ChineseInclude.m */ = {isa = PBXFileReference; fileEncoding = 4; lastKnownFileType = sourcecode.c.objc; path = ChineseInclude.m; sourceTree = "<group>"; };
		688B6CA11B788D8200037314 /* httpRequestViewController.h */ = {isa = PBXFileReference; fileEncoding = 4; lastKnownFileType = sourcecode.c.h; path = httpRequestViewController.h; sourceTree = "<group>"; };
		688B6CA21B788D8200037314 /* httpRequestViewController.m */ = {isa = PBXFileReference; fileEncoding = 4; lastKnownFileType = sourcecode.c.objc; path = httpRequestViewController.m; sourceTree = "<group>"; };
		688B6CA91B789A0900037314 /* PPRegistTTViewController.h */ = {isa = PBXFileReference; fileEncoding = 4; lastKnownFileType = sourcecode.c.h; path = PPRegistTTViewController.h; sourceTree = "<group>"; };
		688B6CAA1B789A0900037314 /* PPRegistTTViewController.m */ = {isa = PBXFileReference; fileEncoding = 4; lastKnownFileType = sourcecode.c.objc; path = PPRegistTTViewController.m; sourceTree = "<group>"; };
		688B6CAC1B79A02C00037314 /* PPPwdViewController.h */ = {isa = PBXFileReference; fileEncoding = 4; lastKnownFileType = sourcecode.c.h; path = PPPwdViewController.h; sourceTree = "<group>"; };
		688B6CAD1B79A02C00037314 /* PPPwdViewController.m */ = {isa = PBXFileReference; fileEncoding = 4; lastKnownFileType = sourcecode.c.objc; path = PPPwdViewController.m; sourceTree = "<group>"; };
		AF97F5521B576871003B10D3 /* bootstrap.min.css */ = {isa = PBXFileReference; fileEncoding = 4; lastKnownFileType = text.css; path = bootstrap.min.css; sourceTree = "<group>"; };
		AF97F5531B576871003B10D3 /* index.html */ = {isa = PBXFileReference; fileEncoding = 4; lastKnownFileType = text.html; path = index.html; sourceTree = "<group>"; };
		AFC61F721B44CF9C00E11040 /* 招标.app */ = {isa = PBXFileReference; explicitFileType = wrapper.application; includeInIndex = 0; path = "招标.app"; sourceTree = BUILT_PRODUCTS_DIR; };
		AFC61F761B44CF9C00E11040 /* Info.plist */ = {isa = PBXFileReference; lastKnownFileType = text.plist.xml; path = Info.plist; sourceTree = "<group>"; };
		AFC61F771B44CF9C00E11040 /* main.m */ = {isa = PBXFileReference; lastKnownFileType = sourcecode.c.objc; path = main.m; sourceTree = "<group>"; };
		AFC61F791B44CF9C00E11040 /* AppDelegate.h */ = {isa = PBXFileReference; lastKnownFileType = sourcecode.c.h; path = AppDelegate.h; sourceTree = "<group>"; };
		AFC61F7A1B44CF9C00E11040 /* AppDelegate.m */ = {isa = PBXFileReference; lastKnownFileType = sourcecode.c.objc; path = AppDelegate.m; sourceTree = "<group>"; };
		AFC61F821B44CF9C00E11040 /* Images.xcassets */ = {isa = PBXFileReference; lastKnownFileType = folder.assetcatalog; path = Images.xcassets; sourceTree = "<group>"; };
		AFC61F8B1B44CF9C00E11040 /* 招标Tests.xctest */ = {isa = PBXFileReference; explicitFileType = wrapper.cfbundle; includeInIndex = 0; path = "招标Tests.xctest"; sourceTree = BUILT_PRODUCTS_DIR; };
		AFC61F901B44CF9C00E11040 /* Info.plist */ = {isa = PBXFileReference; lastKnownFileType = text.plist.xml; path = Info.plist; sourceTree = "<group>"; };
		AFC61F911B44CF9C00E11040 /* __Tests.m */ = {isa = PBXFileReference; lastKnownFileType = sourcecode.c.objc; path = __Tests.m; sourceTree = "<group>"; };
		AFC61FAA1B44D82700E11040 /* Bidding.pch */ = {isa = PBXFileReference; lastKnownFileType = sourcecode.c.h; path = Bidding.pch; sourceTree = "<group>"; };
		AFC61FB21B4500CA00E11040 /* Launch Screen.xib */ = {isa = PBXFileReference; fileEncoding = 4; lastKnownFileType = file.xib; path = "Launch Screen.xib"; sourceTree = "<group>"; };
		AFE762741B5FD50200F5E9AE /* PPBaseViewController.h */ = {isa = PBXFileReference; fileEncoding = 4; lastKnownFileType = sourcecode.c.h; path = PPBaseViewController.h; sourceTree = "<group>"; };
		AFE762751B5FD50200F5E9AE /* PPBaseViewController.m */ = {isa = PBXFileReference; fileEncoding = 4; lastKnownFileType = sourcecode.c.objc; path = PPBaseViewController.m; sourceTree = "<group>"; };
		AFE762761B5FD50200F5E9AE /* TTBaseWebViewController.h */ = {isa = PBXFileReference; fileEncoding = 4; lastKnownFileType = sourcecode.c.h; path = TTBaseWebViewController.h; sourceTree = "<group>"; };
		AFE762771B5FD50200F5E9AE /* TTBaseWebViewController.m */ = {isa = PBXFileReference; fileEncoding = 4; lastKnownFileType = sourcecode.c.objc; path = TTBaseWebViewController.m; sourceTree = "<group>"; };
		AFE7627E1B5FD51600F5E9AE /* PPAboutUsViewController.h */ = {isa = PBXFileReference; fileEncoding = 4; lastKnownFileType = sourcecode.c.h; path = PPAboutUsViewController.h; sourceTree = "<group>"; };
		AFE7627F1B5FD51600F5E9AE /* PPAboutUsViewController.m */ = {isa = PBXFileReference; fileEncoding = 4; lastKnownFileType = sourcecode.c.objc; path = PPAboutUsViewController.m; sourceTree = "<group>"; };
		AFE762801B5FD51600F5E9AE /* TTMineViewController.h */ = {isa = PBXFileReference; fileEncoding = 4; lastKnownFileType = sourcecode.c.h; path = TTMineViewController.h; sourceTree = "<group>"; };
		AFE762811B5FD51600F5E9AE /* TTMineViewController.m */ = {isa = PBXFileReference; fileEncoding = 4; lastKnownFileType = sourcecode.c.objc; path = TTMineViewController.m; sourceTree = "<group>"; };
		AFE762871B5FD52A00F5E9AE /* MyButton.h */ = {isa = PBXFileReference; fileEncoding = 4; lastKnownFileType = sourcecode.c.h; path = MyButton.h; sourceTree = "<group>"; };
		AFE762881B5FD52A00F5E9AE /* MyButton.m */ = {isa = PBXFileReference; fileEncoding = 4; lastKnownFileType = sourcecode.c.objc; path = MyButton.m; sourceTree = "<group>"; };
		AFE762891B5FD52A00F5E9AE /* TTRootViewController.h */ = {isa = PBXFileReference; fileEncoding = 4; lastKnownFileType = sourcecode.c.h; path = TTRootViewController.h; sourceTree = "<group>"; };
		AFE7628A1B5FD52A00F5E9AE /* TTRootViewController.m */ = {isa = PBXFileReference; fileEncoding = 4; lastKnownFileType = sourcecode.c.objc; path = TTRootViewController.m; sourceTree = "<group>"; };
		AFE7628F1B5FD53E00F5E9AE /* BiddingListViewController.h */ = {isa = PBXFileReference; fileEncoding = 4; lastKnownFileType = sourcecode.c.h; path = BiddingListViewController.h; sourceTree = "<group>"; };
		AFE762901B5FD53E00F5E9AE /* BiddingListViewController.m */ = {isa = PBXFileReference; fileEncoding = 4; lastKnownFileType = sourcecode.c.objc; path = BiddingListViewController.m; sourceTree = "<group>"; };
		AFE762911B5FD53E00F5E9AE /* DetialBiddingViewController.h */ = {isa = PBXFileReference; fileEncoding = 4; lastKnownFileType = sourcecode.c.h; path = DetialBiddingViewController.h; sourceTree = "<group>"; };
		AFE762921B5FD53E00F5E9AE /* DetialBiddingViewController.m */ = {isa = PBXFileReference; fileEncoding = 4; lastKnownFileType = sourcecode.c.objc; path = DetialBiddingViewController.m; sourceTree = "<group>"; };
		AFE762941B5FD53E00F5E9AE /* TTBiddingModel.h */ = {isa = PBXFileReference; fileEncoding = 4; lastKnownFileType = sourcecode.c.h; path = TTBiddingModel.h; sourceTree = "<group>"; };
		AFE762951B5FD53E00F5E9AE /* TTBiddingModel.m */ = {isa = PBXFileReference; fileEncoding = 4; lastKnownFileType = sourcecode.c.objc; path = TTBiddingModel.m; sourceTree = "<group>"; };
		AFE762961B5FD53E00F5E9AE /* TTWinBiddingModel.h */ = {isa = PBXFileReference; fileEncoding = 4; lastKnownFileType = sourcecode.c.h; path = TTWinBiddingModel.h; sourceTree = "<group>"; };
		AFE762971B5FD53E00F5E9AE /* TTWinBiddingModel.m */ = {isa = PBXFileReference; fileEncoding = 4; lastKnownFileType = sourcecode.c.objc; path = TTWinBiddingModel.m; sourceTree = "<group>"; };
		AFE762991B5FD53E00F5E9AE /* BiddinglistTableViewCell.h */ = {isa = PBXFileReference; fileEncoding = 4; lastKnownFileType = sourcecode.c.h; path = BiddinglistTableViewCell.h; sourceTree = "<group>"; };
		AFE7629A1B5FD53E00F5E9AE /* BiddinglistTableViewCell.m */ = {isa = PBXFileReference; fileEncoding = 4; lastKnownFileType = sourcecode.c.objc; path = BiddinglistTableViewCell.m; sourceTree = "<group>"; };
		AFE7629B1B5FD53E00F5E9AE /* BiddingListViewController.xib */ = {isa = PBXFileReference; fileEncoding = 4; lastKnownFileType = file.xib; path = BiddingListViewController.xib; sourceTree = "<group>"; };
		AFE7629C1B5FD53E00F5E9AE /* DetailBiddingTableViewCell.h */ = {isa = PBXFileReference; fileEncoding = 4; lastKnownFileType = sourcecode.c.h; path = DetailBiddingTableViewCell.h; sourceTree = "<group>"; };
		AFE7629D1B5FD53E00F5E9AE /* DetailBiddingTableViewCell.m */ = {isa = PBXFileReference; fileEncoding = 4; lastKnownFileType = sourcecode.c.objc; path = DetailBiddingTableViewCell.m; sourceTree = "<group>"; };
		AFE7629E1B5FD53E00F5E9AE /* Empty.xib */ = {isa = PBXFileReference; fileEncoding = 4; lastKnownFileType = file.xib; path = Empty.xib; sourceTree = "<group>"; };
		AFE762A91B5FD54D00F5E9AE /* HomeViewController.h */ = {isa = PBXFileReference; fileEncoding = 4; lastKnownFileType = sourcecode.c.h; path = HomeViewController.h; sourceTree = "<group>"; };
		AFE762AB1B5FD54D00F5E9AE /* PPChooseInfoViewController.h */ = {isa = PBXFileReference; fileEncoding = 4; lastKnownFileType = sourcecode.c.h; path = PPChooseInfoViewController.h; sourceTree = "<group>"; };
		AFE762AC1B5FD54D00F5E9AE /* PPChooseInfoViewController.m */ = {isa = PBXFileReference; fileEncoding = 4; lastKnownFileType = sourcecode.c.objc; path = PPChooseInfoViewController.m; sourceTree = "<group>"; };
		AFE762AD1B5FD54D00F5E9AE /* PPGadeViewController.h */ = {isa = PBXFileReference; fileEncoding = 4; lastKnownFileType = sourcecode.c.h; path = PPGadeViewController.h; sourceTree = "<group>"; };
		AFE762AE1B5FD54D00F5E9AE /* PPGadeViewController.m */ = {isa = PBXFileReference; fileEncoding = 4; lastKnownFileType = sourcecode.c.objc; path = PPGadeViewController.m; sourceTree = "<group>"; };
		AFE762AF1B5FD54D00F5E9AE /* PPRegistViewController.h */ = {isa = PBXFileReference; fileEncoding = 4; lastKnownFileType = sourcecode.c.h; path = PPRegistViewController.h; sourceTree = "<group>"; };
		AFE762B01B5FD54D00F5E9AE /* PPRegistViewController.m */ = {isa = PBXFileReference; fileEncoding = 4; lastKnownFileType = sourcecode.c.objc; path = PPRegistViewController.m; sourceTree = "<group>"; };
		AFE762B11B5FD54D00F5E9AE /* PPResultViewController.h */ = {isa = PBXFileReference; fileEncoding = 4; lastKnownFileType = sourcecode.c.h; path = PPResultViewController.h; sourceTree = "<group>"; };
		AFE762B21B5FD54D00F5E9AE /* PPResultViewController.m */ = {isa = PBXFileReference; fileEncoding = 4; lastKnownFileType = sourcecode.c.objc; path = PPResultViewController.m; sourceTree = "<group>"; };
		AFE762B31B5FD54D00F5E9AE /* PPSelectedViewController.h */ = {isa = PBXFileReference; fileEncoding = 4; lastKnownFileType = sourcecode.c.h; path = PPSelectedViewController.h; sourceTree = "<group>"; };
		AFE762B41B5FD54D00F5E9AE /* PPSelectedViewController.m */ = {isa = PBXFileReference; fileEncoding = 4; lastKnownFileType = sourcecode.c.objc; path = PPSelectedViewController.m; sourceTree = "<group>"; };
		AFE762B51B5FD54D00F5E9AE /* RegistViewController.h */ = {isa = PBXFileReference; fileEncoding = 4; lastKnownFileType = sourcecode.c.h; path = RegistViewController.h; sourceTree = "<group>"; };
		AFE762B61B5FD54D00F5E9AE /* RegistViewController.m */ = {isa = PBXFileReference; fileEncoding = 4; lastKnownFileType = sourcecode.c.objc; path = RegistViewController.m; sourceTree = "<group>"; };
		AFE762B81B5FD54D00F5E9AE /* TTPerson.h */ = {isa = PBXFileReference; fileEncoding = 4; lastKnownFileType = sourcecode.c.h; path = TTPerson.h; sourceTree = "<group>"; };
		AFE762B91B5FD54D00F5E9AE /* TTPerson.m */ = {isa = PBXFileReference; fileEncoding = 4; lastKnownFileType = sourcecode.c.objc; path = TTPerson.m; sourceTree = "<group>"; };
		AFE762BB1B5FD54D00F5E9AE /* HomeViewController.xib */ = {isa = PBXFileReference; fileEncoding = 4; lastKnownFileType = file.xib; path = HomeViewController.xib; sourceTree = "<group>"; };
		AFE762BC1B5FD54D00F5E9AE /* PPGuideUserView.h */ = {isa = PBXFileReference; fileEncoding = 4; lastKnownFileType = sourcecode.c.h; path = PPGuideUserView.h; sourceTree = "<group>"; };
		AFE762BD1B5FD54D00F5E9AE /* PPGuideUserView.m */ = {isa = PBXFileReference; fileEncoding = 4; lastKnownFileType = sourcecode.c.objc; path = PPGuideUserView.m; sourceTree = "<group>"; };
		AFE762BE1B5FD54D00F5E9AE /* PPRegistTableViewCell.h */ = {isa = PBXFileReference; fileEncoding = 4; lastKnownFileType = sourcecode.c.h; path = PPRegistTableViewCell.h; sourceTree = "<group>"; };
		AFE762BF1B5FD54D00F5E9AE /* PPRegistTableViewCell.m */ = {isa = PBXFileReference; fileEncoding = 4; lastKnownFileType = sourcecode.c.objc; path = PPRegistTableViewCell.m; sourceTree = "<group>"; };
		AFE762C01B5FD54D00F5E9AE /* RegistViewController.xib */ = {isa = PBXFileReference; fileEncoding = 4; lastKnownFileType = file.xib; path = RegistViewController.xib; sourceTree = "<group>"; };
		AFE762CF1B5FD56C00F5E9AE /* MenuViewController.h */ = {isa = PBXFileReference; fileEncoding = 4; lastKnownFileType = sourcecode.c.h; path = MenuViewController.h; sourceTree = "<group>"; };
		AFE762D01B5FD56C00F5E9AE /* MenuViewController.m */ = {isa = PBXFileReference; fileEncoding = 4; lastKnownFileType = sourcecode.c.objc; path = MenuViewController.m; sourceTree = "<group>"; };
		AFE762E41B5FD58A00F5E9AE /* APService.h */ = {isa = PBXFileReference; fileEncoding = 4; lastKnownFileType = sourcecode.c.h; path = APService.h; sourceTree = "<group>"; };
		AFE762E51B5FD58A00F5E9AE /* libPushSDK-1.8.3.a */ = {isa = PBXFileReference; lastKnownFileType = archive.ar; path = "libPushSDK-1.8.3.a"; sourceTree = "<group>"; };
		AFE762E71B5FD58A00F5E9AE /* MBProgressHUD+Add.h */ = {isa = PBXFileReference; fileEncoding = 4; lastKnownFileType = sourcecode.c.h; path = "MBProgressHUD+Add.h"; sourceTree = "<group>"; };
		AFE762E81B5FD58A00F5E9AE /* MBProgressHUD+Add.m */ = {isa = PBXFileReference; fileEncoding = 4; lastKnownFileType = sourcecode.c.objc; path = "MBProgressHUD+Add.m"; sourceTree = "<group>"; };
		AFE762E91B5FD58A00F5E9AE /* MBProgressHUD+Simple.h */ = {isa = PBXFileReference; fileEncoding = 4; lastKnownFileType = sourcecode.c.h; path = "MBProgressHUD+Simple.h"; sourceTree = "<group>"; };
		AFE762EA1B5FD58A00F5E9AE /* MBProgressHUD+Simple.m */ = {isa = PBXFileReference; fileEncoding = 4; lastKnownFileType = sourcecode.c.objc; path = "MBProgressHUD+Simple.m"; sourceTree = "<group>"; };
		AFE762EB1B5FD58A00F5E9AE /* MBProgressHUD.h */ = {isa = PBXFileReference; fileEncoding = 4; lastKnownFileType = sourcecode.c.h; path = MBProgressHUD.h; sourceTree = "<group>"; };
		AFE762EC1B5FD58A00F5E9AE /* MBProgressHUD.m */ = {isa = PBXFileReference; fileEncoding = 4; lastKnownFileType = sourcecode.c.objc; path = MBProgressHUD.m; sourceTree = "<group>"; };
		AFE762EE1B5FD58A00F5E9AE /* NTSlidingViewController.h */ = {isa = PBXFileReference; fileEncoding = 4; lastKnownFileType = sourcecode.c.h; path = NTSlidingViewController.h; sourceTree = "<group>"; };
		AFE762EF1B5FD58A00F5E9AE /* NTSlidingViewController.m */ = {isa = PBXFileReference; fileEncoding = 4; lastKnownFileType = sourcecode.c.objc; path = NTSlidingViewController.m; sourceTree = "<group>"; };
		AFE762F11B5FD58A00F5E9AE /* ChineseToPinyinResource.h */ = {isa = PBXFileReference; fileEncoding = 4; lastKnownFileType = sourcecode.c.h; path = ChineseToPinyinResource.h; sourceTree = "<group>"; };
		AFE762F21B5FD58A00F5E9AE /* ChineseToPinyinResource.m */ = {isa = PBXFileReference; fileEncoding = 4; lastKnownFileType = sourcecode.c.objc; path = ChineseToPinyinResource.m; sourceTree = "<group>"; };
		AFE762F31B5FD58A00F5E9AE /* HanyuPinyinOutputFormat.h */ = {isa = PBXFileReference; fileEncoding = 4; lastKnownFileType = sourcecode.c.h; path = HanyuPinyinOutputFormat.h; sourceTree = "<group>"; };
		AFE762F41B5FD58A00F5E9AE /* HanyuPinyinOutputFormat.m */ = {isa = PBXFileReference; fileEncoding = 4; lastKnownFileType = sourcecode.c.objc; path = HanyuPinyinOutputFormat.m; sourceTree = "<group>"; };
		AFE762F51B5FD58A00F5E9AE /* NSString+PinYin4Cocoa.h */ = {isa = PBXFileReference; fileEncoding = 4; lastKnownFileType = sourcecode.c.h; path = "NSString+PinYin4Cocoa.h"; sourceTree = "<group>"; };
		AFE762F61B5FD58A00F5E9AE /* NSString+PinYin4Cocoa.m */ = {isa = PBXFileReference; fileEncoding = 4; lastKnownFileType = sourcecode.c.objc; path = "NSString+PinYin4Cocoa.m"; sourceTree = "<group>"; };
		AFE762F71B5FD58A00F5E9AE /* PinYin4Objc.h */ = {isa = PBXFileReference; fileEncoding = 4; lastKnownFileType = sourcecode.c.h; path = PinYin4Objc.h; sourceTree = "<group>"; };
		AFE762F81B5FD58A00F5E9AE /* PinyinFormatter.h */ = {isa = PBXFileReference; fileEncoding = 4; lastKnownFileType = sourcecode.c.h; path = PinyinFormatter.h; sourceTree = "<group>"; };
		AFE762F91B5FD58A00F5E9AE /* PinyinFormatter.m */ = {isa = PBXFileReference; fileEncoding = 4; lastKnownFileType = sourcecode.c.objc; path = PinyinFormatter.m; sourceTree = "<group>"; };
		AFE762FA1B5FD58A00F5E9AE /* PinYinForObjc.h */ = {isa = PBXFileReference; fileEncoding = 4; lastKnownFileType = sourcecode.c.h; path = PinYinForObjc.h; sourceTree = "<group>"; };
		AFE762FB1B5FD58A00F5E9AE /* PinYinForObjc.m */ = {isa = PBXFileReference; fileEncoding = 4; lastKnownFileType = sourcecode.c.objc; path = PinYinForObjc.m; sourceTree = "<group>"; };
		AFE762FC1B5FD58A00F5E9AE /* PinyinHelper.h */ = {isa = PBXFileReference; fileEncoding = 4; lastKnownFileType = sourcecode.c.h; path = PinyinHelper.h; sourceTree = "<group>"; };
		AFE762FD1B5FD58A00F5E9AE /* PinyinHelper.m */ = {isa = PBXFileReference; fileEncoding = 4; lastKnownFileType = sourcecode.c.objc; path = PinyinHelper.m; sourceTree = "<group>"; };
		AFE762FE1B5FD58A00F5E9AE /* unicode_to_hanyu_pinyin.txt */ = {isa = PBXFileReference; fileEncoding = 4; lastKnownFileType = text; path = unicode_to_hanyu_pinyin.txt; sourceTree = "<group>"; };
		AFE763001B5FD58A00F5E9AE /* down_dark.png */ = {isa = PBXFileReference; lastKnownFileType = image.png; path = down_dark.png; sourceTree = "<group>"; };
		AFE763011B5FD58A00F5E9AE /* DropDownChooseProtocol.h */ = {isa = PBXFileReference; fileEncoding = 4; lastKnownFileType = sourcecode.c.h; path = DropDownChooseProtocol.h; sourceTree = "<group>"; };
		AFE763021B5FD58A00F5E9AE /* DropDownListView.h */ = {isa = PBXFileReference; fileEncoding = 4; lastKnownFileType = sourcecode.c.h; path = DropDownListView.h; sourceTree = "<group>"; };
		AFE763031B5FD58A00F5E9AE /* DropDownListView.m */ = {isa = PBXFileReference; fileEncoding = 4; lastKnownFileType = sourcecode.c.objc; path = DropDownListView.m; sourceTree = "<group>"; };
		AFE763051B5FD58A00F5E9AE /* IGLDropDownItem.h */ = {isa = PBXFileReference; fileEncoding = 4; lastKnownFileType = sourcecode.c.h; path = IGLDropDownItem.h; sourceTree = "<group>"; };
		AFE763061B5FD58A00F5E9AE /* IGLDropDownItem.m */ = {isa = PBXFileReference; fileEncoding = 4; lastKnownFileType = sourcecode.c.objc; path = IGLDropDownItem.m; sourceTree = "<group>"; };
		AFE763071B5FD58A00F5E9AE /* IGLDropDownMenu.h */ = {isa = PBXFileReference; fileEncoding = 4; lastKnownFileType = sourcecode.c.h; path = IGLDropDownMenu.h; sourceTree = "<group>"; };
		AFE763081B5FD58A00F5E9AE /* IGLDropDownMenu.m */ = {isa = PBXFileReference; fileEncoding = 4; lastKnownFileType = sourcecode.c.objc; path = IGLDropDownMenu.m; sourceTree = "<group>"; };
		AFE7630A1B5FD58A00F5E9AE /* TYGSelectMenu.h */ = {isa = PBXFileReference; fileEncoding = 4; lastKnownFileType = sourcecode.c.h; path = TYGSelectMenu.h; sourceTree = "<group>"; };
		AFE7630B1B5FD58A00F5E9AE /* TYGSelectMenu.m */ = {isa = PBXFileReference; fileEncoding = 4; lastKnownFileType = sourcecode.c.objc; path = TYGSelectMenu.m; sourceTree = "<group>"; };
		AFE7630C1B5FD58A00F5E9AE /* TYGSelectMenuCellTableViewCell.h */ = {isa = PBXFileReference; fileEncoding = 4; lastKnownFileType = sourcecode.c.h; path = TYGSelectMenuCellTableViewCell.h; sourceTree = "<group>"; };
		AFE7630D1B5FD58A00F5E9AE /* TYGSelectMenuCellTableViewCell.m */ = {isa = PBXFileReference; fileEncoding = 4; lastKnownFileType = sourcecode.c.objc; path = TYGSelectMenuCellTableViewCell.m; sourceTree = "<group>"; };
		AFE7630E1B5FD58A00F5E9AE /* TYGSelectMenuCellTableViewCell.xib */ = {isa = PBXFileReference; fileEncoding = 4; lastKnownFileType = file.xib; path = TYGSelectMenuCellTableViewCell.xib; sourceTree = "<group>"; };
		AFE7630F1B5FD58A00F5E9AE /* TYGSelectMenuEntity.h */ = {isa = PBXFileReference; fileEncoding = 4; lastKnownFileType = sourcecode.c.h; path = TYGSelectMenuEntity.h; sourceTree = "<group>"; };
		AFE763101B5FD58A00F5E9AE /* TYGSelectMenuEntity.m */ = {isa = PBXFileReference; fileEncoding = 4; lastKnownFileType = sourcecode.c.objc; path = TYGSelectMenuEntity.m; sourceTree = "<group>"; };
		AFE763121B5FD58A00F5E9AE /* RCAnimatedImagesView.h */ = {isa = PBXFileReference; fileEncoding = 4; lastKnownFileType = sourcecode.c.h; path = RCAnimatedImagesView.h; sourceTree = "<group>"; };
		AFE763131B5FD58A00F5E9AE /* RCAnimatedImagesView.m */ = {isa = PBXFileReference; fileEncoding = 4; lastKnownFileType = sourcecode.c.objc; path = RCAnimatedImagesView.m; sourceTree = "<group>"; };
		AFE763161B5FD58A00F5E9AE /* sdRefeshView_arrow@2x.png */ = {isa = PBXFileReference; lastKnownFileType = image.png; path = "sdRefeshView_arrow@2x.png"; sourceTree = "<group>"; };
		AFE763171B5FD58A00F5E9AE /* SDRefresh.h */ = {isa = PBXFileReference; fileEncoding = 4; lastKnownFileType = sourcecode.c.h; path = SDRefresh.h; sourceTree = "<group>"; };
		AFE763181B5FD58A00F5E9AE /* SDRefreshFooterView.h */ = {isa = PBXFileReference; fileEncoding = 4; lastKnownFileType = sourcecode.c.h; path = SDRefreshFooterView.h; sourceTree = "<group>"; };
		AFE763191B5FD58A00F5E9AE /* SDRefreshFooterView.m */ = {isa = PBXFileReference; fileEncoding = 4; lastKnownFileType = sourcecode.c.objc; path = SDRefreshFooterView.m; sourceTree = "<group>"; };
		AFE7631A1B5FD58A00F5E9AE /* SDRefreshHeaderView.h */ = {isa = PBXFileReference; fileEncoding = 4; lastKnownFileType = sourcecode.c.h; path = SDRefreshHeaderView.h; sourceTree = "<group>"; };
		AFE7631B1B5FD58A00F5E9AE /* SDRefreshHeaderView.m */ = {isa = PBXFileReference; fileEncoding = 4; lastKnownFileType = sourcecode.c.objc; path = SDRefreshHeaderView.m; sourceTree = "<group>"; };
		AFE7631C1B5FD58A00F5E9AE /* SDRefreshView.h */ = {isa = PBXFileReference; fileEncoding = 4; lastKnownFileType = sourcecode.c.h; path = SDRefreshView.h; sourceTree = "<group>"; };
		AFE7631D1B5FD58A00F5E9AE /* SDRefreshView.m */ = {isa = PBXFileReference; fileEncoding = 4; lastKnownFileType = sourcecode.c.objc; path = SDRefreshView.m; sourceTree = "<group>"; };
		AFE7631E1B5FD58A00F5E9AE /* UIView+SDExtension.h */ = {isa = PBXFileReference; fileEncoding = 4; lastKnownFileType = sourcecode.c.h; path = "UIView+SDExtension.h"; sourceTree = "<group>"; };
		AFE7631F1B5FD58A00F5E9AE /* UIView+SDExtension.m */ = {isa = PBXFileReference; fileEncoding = 4; lastKnownFileType = sourcecode.c.objc; path = "UIView+SDExtension.m"; sourceTree = "<group>"; };
		AFE763211B5FD58A00F5E9AE /* colorTurn.h */ = {isa = PBXFileReference; fileEncoding = 4; lastKnownFileType = sourcecode.c.h; path = colorTurn.h; sourceTree = "<group>"; };
		AFE763221B5FD58A00F5E9AE /* colorTurn.m */ = {isa = PBXFileReference; fileEncoding = 4; lastKnownFileType = sourcecode.c.objc; path = colorTurn.m; sourceTree = "<group>"; };
		AFE763231B5FD58A00F5E9AE /* config.h */ = {isa = PBXFileReference; fileEncoding = 4; lastKnownFileType = sourcecode.c.h; path = config.h; sourceTree = "<group>"; };
		AFE763241B5FD58A00F5E9AE /* TTUserDefaultTool.h */ = {isa = PBXFileReference; fileEncoding = 4; lastKnownFileType = sourcecode.c.h; path = TTUserDefaultTool.h; sourceTree = "<group>"; };
		AFE763251B5FD58A00F5E9AE /* TTUserDefaultTool.m */ = {isa = PBXFileReference; fileEncoding = 4; lastKnownFileType = sourcecode.c.objc; path = TTUserDefaultTool.m; sourceTree = "<group>"; };
		AFE763261B5FD58A00F5E9AE /* UIViewController+PPUser.h */ = {isa = PBXFileReference; fileEncoding = 4; lastKnownFileType = sourcecode.c.h; path = "UIViewController+PPUser.h"; sourceTree = "<group>"; };
		AFE763271B5FD58A00F5E9AE /* UIViewController+PPUser.m */ = {isa = PBXFileReference; fileEncoding = 4; lastKnownFileType = sourcecode.c.objc; path = "UIViewController+PPUser.m"; sourceTree = "<group>"; };
		AFE7634D1B5FD5A500F5E9AE /* UIImage+LBBlurredImage.h */ = {isa = PBXFileReference; fileEncoding = 4; lastKnownFileType = sourcecode.c.h; path = "UIImage+LBBlurredImage.h"; sourceTree = "<group>"; };
		AFE7634E1B5FD5A500F5E9AE /* UIImage+LBBlurredImage.m */ = {isa = PBXFileReference; fileEncoding = 4; lastKnownFileType = sourcecode.c.objc; path = "UIImage+LBBlurredImage.m"; sourceTree = "<group>"; };
		AFE763501B5FD61700F5E9AE /* CustomField.h */ = {isa = PBXFileReference; fileEncoding = 4; lastKnownFileType = sourcecode.c.h; path = CustomField.h; sourceTree = "<group>"; };
		AFE763511B5FD61700F5E9AE /* CustomField.m */ = {isa = PBXFileReference; fileEncoding = 4; lastKnownFileType = sourcecode.c.objc; path = CustomField.m; sourceTree = "<group>"; };
		AFE763531B5FD69200F5E9AE /* RECommonFunctions.h */ = {isa = PBXFileReference; fileEncoding = 4; lastKnownFileType = sourcecode.c.h; path = RECommonFunctions.h; sourceTree = "<group>"; };
		AFE763541B5FD69200F5E9AE /* RECommonFunctions.m */ = {isa = PBXFileReference; fileEncoding = 4; lastKnownFileType = sourcecode.c.objc; path = RECommonFunctions.m; sourceTree = "<group>"; };
		AFE763551B5FD69200F5E9AE /* REFrostedContainerViewController.h */ = {isa = PBXFileReference; fileEncoding = 4; lastKnownFileType = sourcecode.c.h; path = REFrostedContainerViewController.h; sourceTree = "<group>"; };
		AFE763561B5FD69200F5E9AE /* REFrostedContainerViewController.m */ = {isa = PBXFileReference; fileEncoding = 4; lastKnownFileType = sourcecode.c.objc; path = REFrostedContainerViewController.m; sourceTree = "<group>"; };
		AFE763571B5FD69200F5E9AE /* REFrostedViewController.h */ = {isa = PBXFileReference; fileEncoding = 4; lastKnownFileType = sourcecode.c.h; path = REFrostedViewController.h; sourceTree = "<group>"; };
		AFE763581B5FD69200F5E9AE /* REFrostedViewController.m */ = {isa = PBXFileReference; fileEncoding = 4; lastKnownFileType = sourcecode.c.objc; path = REFrostedViewController.m; sourceTree = "<group>"; };
		AFE763591B5FD69200F5E9AE /* UIImage+REFrostedViewController.h */ = {isa = PBXFileReference; fileEncoding = 4; lastKnownFileType = sourcecode.c.h; path = "UIImage+REFrostedViewController.h"; sourceTree = "<group>"; };
		AFE7635A1B5FD69200F5E9AE /* UIImage+REFrostedViewController.m */ = {isa = PBXFileReference; fileEncoding = 4; lastKnownFileType = sourcecode.c.objc; path = "UIImage+REFrostedViewController.m"; sourceTree = "<group>"; };
		AFE7635B1B5FD69200F5E9AE /* UIView+REFrostedViewController.h */ = {isa = PBXFileReference; fileEncoding = 4; lastKnownFileType = sourcecode.c.h; path = "UIView+REFrostedViewController.h"; sourceTree = "<group>"; };
		AFE7635C1B5FD69200F5E9AE /* UIView+REFrostedViewController.m */ = {isa = PBXFileReference; fileEncoding = 4; lastKnownFileType = sourcecode.c.objc; path = "UIView+REFrostedViewController.m"; sourceTree = "<group>"; };
		AFE7635D1B5FD69200F5E9AE /* UIViewController+REFrostedViewController.h */ = {isa = PBXFileReference; fileEncoding = 4; lastKnownFileType = sourcecode.c.h; path = "UIViewController+REFrostedViewController.h"; sourceTree = "<group>"; };
		AFE7635E1B5FD69200F5E9AE /* UIViewController+REFrostedViewController.m */ = {isa = PBXFileReference; fileEncoding = 4; lastKnownFileType = sourcecode.c.objc; path = "UIViewController+REFrostedViewController.m"; sourceTree = "<group>"; };
		AFE763661B5FD73300F5E9AE /* DHLandscapeMenuScrollView.h */ = {isa = PBXFileReference; fileEncoding = 4; lastKnownFileType = sourcecode.c.h; path = DHLandscapeMenuScrollView.h; sourceTree = "<group>"; };
		AFE763671B5FD73300F5E9AE /* DHLandscapeMenuScrollView.m */ = {isa = PBXFileReference; fileEncoding = 4; lastKnownFileType = sourcecode.c.objc; path = DHLandscapeMenuScrollView.m; sourceTree = "<group>"; };
		AFE763681B5FD73300F5E9AE /* DHLandscapeTableView.h */ = {isa = PBXFileReference; fileEncoding = 4; lastKnownFileType = sourcecode.c.h; path = DHLandscapeTableView.h; sourceTree = "<group>"; };
		AFE763691B5FD73300F5E9AE /* DHLandscapeTableView.m */ = {isa = PBXFileReference; fileEncoding = 4; lastKnownFileType = sourcecode.c.objc; path = DHLandscapeTableView.m; sourceTree = "<group>"; };
		AFE7636A1B5FD73300F5E9AE /* DHMenuPagerViewController.h */ = {isa = PBXFileReference; fileEncoding = 4; lastKnownFileType = sourcecode.c.h; path = DHMenuPagerViewController.h; sourceTree = "<group>"; };
		AFE7636B1B5FD73300F5E9AE /* DHMenuPagerViewController.m */ = {isa = PBXFileReference; fileEncoding = 4; lastKnownFileType = sourcecode.c.objc; path = DHMenuPagerViewController.m; sourceTree = "<group>"; };
		AFE7636C1B5FD73300F5E9AE /* DHSlideMenuController.h */ = {isa = PBXFileReference; fileEncoding = 4; lastKnownFileType = sourcecode.c.h; path = DHSlideMenuController.h; sourceTree = "<group>"; };
		AFE7636D1B5FD73300F5E9AE /* DHSlideMenuController.m */ = {isa = PBXFileReference; fileEncoding = 4; lastKnownFileType = sourcecode.c.objc; path = DHSlideMenuController.m; sourceTree = "<group>"; };
		AFE7636E1B5FD73300F5E9AE /* NavParentController.h */ = {isa = PBXFileReference; fileEncoding = 4; lastKnownFileType = sourcecode.c.h; path = NavParentController.h; sourceTree = "<group>"; };
		AFE7636F1B5FD73300F5E9AE /* NavParentController.m */ = {isa = PBXFileReference; fileEncoding = 4; lastKnownFileType = sourcecode.c.objc; path = NavParentController.m; sourceTree = "<group>"; };
		AFE763701B5FD73300F5E9AE /* ParentCellViewController.h */ = {isa = PBXFileReference; fileEncoding = 4; lastKnownFileType = sourcecode.c.h; path = ParentCellViewController.h; sourceTree = "<group>"; };
		AFE763711B5FD73300F5E9AE /* ParentCellViewController.m */ = {isa = PBXFileReference; fileEncoding = 4; lastKnownFileType = sourcecode.c.objc; path = ParentCellViewController.m; sourceTree = "<group>"; };
		AFE763781B5FE5D500F5E9AE /* HomeViewController.m */ = {isa = PBXFileReference; fileEncoding = 4; lastKnownFileType = sourcecode.c.objc; path = HomeViewController.m; sourceTree = "<group>"; };
		AFF8F6331B5643820075DB60 /* CFNetwork.framework */ = {isa = PBXFileReference; lastKnownFileType = wrapper.framework; name = CFNetwork.framework; path = System/Library/Frameworks/CFNetwork.framework; sourceTree = SDKROOT; };
		AFF8F6351B5643970075DB60 /* CoreFoundation.framework */ = {isa = PBXFileReference; lastKnownFileType = wrapper.framework; name = CoreFoundation.framework; path = System/Library/Frameworks/CoreFoundation.framework; sourceTree = SDKROOT; };
		AFF8F6371B5643A30075DB60 /* CoreTelephony.framework */ = {isa = PBXFileReference; lastKnownFileType = wrapper.framework; name = CoreTelephony.framework; path = System/Library/Frameworks/CoreTelephony.framework; sourceTree = SDKROOT; };
		AFF8F6391B5643B00075DB60 /* SystemConfiguration.framework */ = {isa = PBXFileReference; lastKnownFileType = wrapper.framework; name = SystemConfiguration.framework; path = System/Library/Frameworks/SystemConfiguration.framework; sourceTree = SDKROOT; };
		AFF8F63B1B5643B90075DB60 /* CoreGraphics.framework */ = {isa = PBXFileReference; lastKnownFileType = wrapper.framework; name = CoreGraphics.framework; path = System/Library/Frameworks/CoreGraphics.framework; sourceTree = SDKROOT; };
		AFF8F63D1B5643C50075DB60 /* Foundation.framework */ = {isa = PBXFileReference; lastKnownFileType = wrapper.framework; name = Foundation.framework; path = System/Library/Frameworks/Foundation.framework; sourceTree = SDKROOT; };
		AFF8F63F1B5643D20075DB60 /* Security.framework */ = {isa = PBXFileReference; lastKnownFileType = wrapper.framework; name = Security.framework; path = System/Library/Frameworks/Security.framework; sourceTree = SDKROOT; };
		AFF8F6411B5643DD0075DB60 /* libz.dylib */ = {isa = PBXFileReference; lastKnownFileType = "compiled.mach-o.dylib"; name = libz.dylib; path = usr/lib/libz.dylib; sourceTree = SDKROOT; };
		AFF8F6431B5644840075DB60 /* PushConfig.plist */ = {isa = PBXFileReference; fileEncoding = 4; lastKnownFileType = text.plist.xml; path = PushConfig.plist; sourceTree = "<group>"; };
/* End PBXFileReference section */

/* Begin PBXFrameworksBuildPhase section */
		AFC61F6F1B44CF9C00E11040 /* Frameworks */ = {
			isa = PBXFrameworksBuildPhase;
			buildActionMask = 2147483647;
			files = (
				AFF8F6421B5643DD0075DB60 /* libz.dylib in Frameworks */,
				AFF8F6401B5643D20075DB60 /* Security.framework in Frameworks */,
				AFF8F63E1B5643C50075DB60 /* Foundation.framework in Frameworks */,
				AFE7632E1B5FD58A00F5E9AE /* libPushSDK-1.8.3.a in Frameworks */,
				AFF8F63C1B5643B90075DB60 /* CoreGraphics.framework in Frameworks */,
				AFF8F63A1B5643B00075DB60 /* SystemConfiguration.framework in Frameworks */,
				AFF8F6381B5643A30075DB60 /* CoreTelephony.framework in Frameworks */,
				AFF8F6361B5643970075DB60 /* CoreFoundation.framework in Frameworks */,
				AFF8F6341B5643820075DB60 /* CFNetwork.framework in Frameworks */,
				68634EF91B4F6B21004C1249 /* QuartzCore.framework in Frameworks */,
				EC079653000D351C3100628B /* libPods.a in Frameworks */,
			);
			runOnlyForDeploymentPostprocessing = 0;
		};
		AFC61F881B44CF9C00E11040 /* Frameworks */ = {
			isa = PBXFrameworksBuildPhase;
			buildActionMask = 2147483647;
			files = (
			);
			runOnlyForDeploymentPostprocessing = 0;
		};
/* End PBXFrameworksBuildPhase section */

/* Begin PBXGroup section */
		68845FCD1B676DE7007BA4A7 /* FDAlerView */ = {
			isa = PBXGroup;
			children = (
				68845FCE1B676E08007BA4A7 /* FDAlertView.h */,
				68845FCF1B676E08007BA4A7 /* FDAlertView.m */,
			);
			name = FDAlerView;
			sourceTree = "<group>";
		};
		AFC61F691B44CF9C00E11040 = {
			isa = PBXGroup;
			children = (
				AFC61F741B44CF9C00E11040 /* 招标 */,
				AFE7634B1B5FD5A500F5E9AE /* category */,
				AFE762D41B5FD58A00F5E9AE /* Library */,
				AFE762CD1B5FD56C00F5E9AE /* Menu */,
				AFE762A71B5FD54D00F5E9AE /* LoginAndRegist */,
				AFE7628D1B5FD53E00F5E9AE /* Main */,
				AFE762861B5FD52A00F5E9AE /* Common */,
				AFE7627C1B5FD51600F5E9AE /* Mine */,
				AFE762721B5FD50200F5E9AE /* Base */,
				AFC61F8E1B44CF9C00E11040 /* 招标Tests */,
				AFC61F731B44CF9C00E11040 /* Products */,
				F3B8F4B161103105AFE6C3F6 /* Pods */,
				FAC7C2C6DA0AFC7B45B6C139 /* Frameworks */,
			);
			sourceTree = "<group>";
		};
		AFC61F731B44CF9C00E11040 /* Products */ = {
			isa = PBXGroup;
			children = (
				AFC61F721B44CF9C00E11040 /* 招标.app */,
				AFC61F8B1B44CF9C00E11040 /* 招标Tests.xctest */,
			);
			name = Products;
			sourceTree = "<group>";
		};
		AFC61F741B44CF9C00E11040 /* 招标 */ = {
			isa = PBXGroup;
			children = (
				AFC61F791B44CF9C00E11040 /* AppDelegate.h */,
				AFC61F7A1B44CF9C00E11040 /* AppDelegate.m */,
				AFC61F821B44CF9C00E11040 /* Images.xcassets */,
				AFC61F751B44CF9C00E11040 /* Supporting Files */,
				AFC61FB21B4500CA00E11040 /* Launch Screen.xib */,
			);
			path = "招标";
			sourceTree = "<group>";
		};
		AFC61F751B44CF9C00E11040 /* Supporting Files */ = {
			isa = PBXGroup;
			children = (
				AF97F5521B576871003B10D3 /* bootstrap.min.css */,
				AF97F5531B576871003B10D3 /* index.html */,
				AFC61F761B44CF9C00E11040 /* Info.plist */,
				AFC61F771B44CF9C00E11040 /* main.m */,
				AFC61FAA1B44D82700E11040 /* Bidding.pch */,
				AFF8F6431B5644840075DB60 /* PushConfig.plist */,
			);
			name = "Supporting Files";
			sourceTree = "<group>";
		};
		AFC61F8E1B44CF9C00E11040 /* 招标Tests */ = {
			isa = PBXGroup;
			children = (
				AFC61F911B44CF9C00E11040 /* __Tests.m */,
				AFC61F8F1B44CF9C00E11040 /* Supporting Files */,
			);
			path = "招标Tests";
			sourceTree = "<group>";
		};
		AFC61F8F1B44CF9C00E11040 /* Supporting Files */ = {
			isa = PBXGroup;
			children = (
				AFC61F901B44CF9C00E11040 /* Info.plist */,
			);
			name = "Supporting Files";
			sourceTree = "<group>";
		};
		AFE762721B5FD50200F5E9AE /* Base */ = {
			isa = PBXGroup;
			children = (
				AFE762731B5FD50200F5E9AE /* Controller */,
				AFE762781B5FD50200F5E9AE /* Model */,
				AFE762791B5FD50200F5E9AE /* View */,
			);
			path = Base;
			sourceTree = "<group>";
		};
		AFE762731B5FD50200F5E9AE /* Controller */ = {
			isa = PBXGroup;
			children = (
				AFE762741B5FD50200F5E9AE /* PPBaseViewController.h */,
				AFE762751B5FD50200F5E9AE /* PPBaseViewController.m */,
				AFE762761B5FD50200F5E9AE /* TTBaseWebViewController.h */,
				AFE762771B5FD50200F5E9AE /* TTBaseWebViewController.m */,
			);
			path = Controller;
			sourceTree = "<group>";
		};
		AFE762781B5FD50200F5E9AE /* Model */ = {
			isa = PBXGroup;
			children = (
			);
			path = Model;
			sourceTree = "<group>";
		};
		AFE762791B5FD50200F5E9AE /* View */ = {
			isa = PBXGroup;
			children = (
			);
			path = View;
			sourceTree = "<group>";
		};
		AFE7627C1B5FD51600F5E9AE /* Mine */ = {
			isa = PBXGroup;
			children = (
				AFE7627D1B5FD51600F5E9AE /* Controller */,
				AFE762821B5FD51600F5E9AE /* Model */,
				AFE762831B5FD51600F5E9AE /* View */,
			);
			path = Mine;
			sourceTree = "<group>";
		};
		AFE7627D1B5FD51600F5E9AE /* Controller */ = {
			isa = PBXGroup;
			children = (
				AFE7627E1B5FD51600F5E9AE /* PPAboutUsViewController.h */,
				AFE7627F1B5FD51600F5E9AE /* PPAboutUsViewController.m */,
				AFE762801B5FD51600F5E9AE /* TTMineViewController.h */,
				AFE762811B5FD51600F5E9AE /* TTMineViewController.m */,
			);
			path = Controller;
			sourceTree = "<group>";
		};
		AFE762821B5FD51600F5E9AE /* Model */ = {
			isa = PBXGroup;
			children = (
			);
			path = Model;
			sourceTree = "<group>";
		};
		AFE762831B5FD51600F5E9AE /* View */ = {
			isa = PBXGroup;
			children = (
			);
			path = View;
			sourceTree = "<group>";
		};
		AFE762861B5FD52A00F5E9AE /* Common */ = {
			isa = PBXGroup;
			children = (
				AFE762871B5FD52A00F5E9AE /* MyButton.h */,
				AFE762881B5FD52A00F5E9AE /* MyButton.m */,
				AFE762891B5FD52A00F5E9AE /* TTRootViewController.h */,
				AFE7628A1B5FD52A00F5E9AE /* TTRootViewController.m */,
			);
			path = Common;
			sourceTree = "<group>";
		};
		AFE7628D1B5FD53E00F5E9AE /* Main */ = {
			isa = PBXGroup;
			children = (
				AFE7628E1B5FD53E00F5E9AE /* Controller */,
				AFE762931B5FD53E00F5E9AE /* Model */,
				AFE762981B5FD53E00F5E9AE /* View */,
			);
			path = Main;
			sourceTree = "<group>";
		};
		AFE7628E1B5FD53E00F5E9AE /* Controller */ = {
			isa = PBXGroup;
			children = (
				AFE7628F1B5FD53E00F5E9AE /* BiddingListViewController.h */,
				AFE762901B5FD53E00F5E9AE /* BiddingListViewController.m */,
				AFE762911B5FD53E00F5E9AE /* DetialBiddingViewController.h */,
				AFE762921B5FD53E00F5E9AE /* DetialBiddingViewController.m */,
			);
			path = Controller;
			sourceTree = "<group>";
		};
		AFE762931B5FD53E00F5E9AE /* Model */ = {
			isa = PBXGroup;
			children = (
				AFE762941B5FD53E00F5E9AE /* TTBiddingModel.h */,
				AFE762951B5FD53E00F5E9AE /* TTBiddingModel.m */,
				AFE762961B5FD53E00F5E9AE /* TTWinBiddingModel.h */,
				AFE762971B5FD53E00F5E9AE /* TTWinBiddingModel.m */,
			);
			path = Model;
			sourceTree = "<group>";
		};
		AFE762981B5FD53E00F5E9AE /* View */ = {
			isa = PBXGroup;
			children = (
				AFE762991B5FD53E00F5E9AE /* BiddinglistTableViewCell.h */,
				AFE7629A1B5FD53E00F5E9AE /* BiddinglistTableViewCell.m */,
				AFE7629B1B5FD53E00F5E9AE /* BiddingListViewController.xib */,
				AFE7629C1B5FD53E00F5E9AE /* DetailBiddingTableViewCell.h */,
				AFE7629D1B5FD53E00F5E9AE /* DetailBiddingTableViewCell.m */,
				AFE7629E1B5FD53E00F5E9AE /* Empty.xib */,
			);
			path = View;
			sourceTree = "<group>";
		};
		AFE762A71B5FD54D00F5E9AE /* LoginAndRegist */ = {
			isa = PBXGroup;
			children = (
				AFE762A81B5FD54D00F5E9AE /* Controller */,
				AFE762B71B5FD54D00F5E9AE /* Model */,
				AFE762BA1B5FD54D00F5E9AE /* View */,
			);
			path = LoginAndRegist;
			sourceTree = "<group>";
		};
		AFE762A81B5FD54D00F5E9AE /* Controller */ = {
			isa = PBXGroup;
			children = (
				688B6CA91B789A0900037314 /* PPRegistTTViewController.h */,
				688B6CAA1B789A0900037314 /* PPRegistTTViewController.m */,
				688B6CAC1B79A02C00037314 /* PPPwdViewController.h */,
				688B6CAD1B79A02C00037314 /* PPPwdViewController.m */,
				AFE762A91B5FD54D00F5E9AE /* HomeViewController.h */,
				AFE763781B5FE5D500F5E9AE /* HomeViewController.m */,
				AFE762AB1B5FD54D00F5E9AE /* PPChooseInfoViewController.h */,
				AFE762AC1B5FD54D00F5E9AE /* PPChooseInfoViewController.m */,
				688B6CA11B788D8200037314 /* httpRequestViewController.h */,
				688B6CA21B788D8200037314 /* httpRequestViewController.m */,
				AFE762AD1B5FD54D00F5E9AE /* PPGadeViewController.h */,
				AFE762AE1B5FD54D00F5E9AE /* PPGadeViewController.m */,
				AFE762AF1B5FD54D00F5E9AE /* PPRegistViewController.h */,
				AFE762B01B5FD54D00F5E9AE /* PPRegistViewController.m */,
				AFE762B11B5FD54D00F5E9AE /* PPResultViewController.h */,
				AFE762B21B5FD54D00F5E9AE /* PPResultViewController.m */,
				AFE762B31B5FD54D00F5E9AE /* PPSelectedViewController.h */,
				AFE762B41B5FD54D00F5E9AE /* PPSelectedViewController.m */,
				AFE762B51B5FD54D00F5E9AE /* RegistViewController.h */,
				AFE762B61B5FD54D00F5E9AE /* RegistViewController.m */,
			);
			path = Controller;
			sourceTree = "<group>";
		};
		AFE762B71B5FD54D00F5E9AE /* Model */ = {
			isa = PBXGroup;
			children = (
				AFE762B81B5FD54D00F5E9AE /* TTPerson.h */,
				AFE762B91B5FD54D00F5E9AE /* TTPerson.m */,
			);
			path = Model;
			sourceTree = "<group>";
		};
		AFE762BA1B5FD54D00F5E9AE /* View */ = {
			isa = PBXGroup;
			children = (
				AFE762BB1B5FD54D00F5E9AE /* HomeViewController.xib */,
				AFE762BC1B5FD54D00F5E9AE /* PPGuideUserView.h */,
				AFE762BD1B5FD54D00F5E9AE /* PPGuideUserView.m */,
				AFE762BE1B5FD54D00F5E9AE /* PPRegistTableViewCell.h */,
				AFE762BF1B5FD54D00F5E9AE /* PPRegistTableViewCell.m */,
				AFE762C01B5FD54D00F5E9AE /* RegistViewController.xib */,
			);
			path = View;
			sourceTree = "<group>";
		};
		AFE762CD1B5FD56C00F5E9AE /* Menu */ = {
			isa = PBXGroup;
			children = (
				AFE762CE1B5FD56C00F5E9AE /* Controller */,
				AFE762D11B5FD56C00F5E9AE /* Model */,
				AFE762D21B5FD56C00F5E9AE /* View */,
			);
			path = Menu;
			sourceTree = "<group>";
		};
		AFE762CE1B5FD56C00F5E9AE /* Controller */ = {
			isa = PBXGroup;
			children = (
				AFE762CF1B5FD56C00F5E9AE /* MenuViewController.h */,
				AFE762D01B5FD56C00F5E9AE /* MenuViewController.m */,
			);
			path = Controller;
			sourceTree = "<group>";
		};
		AFE762D11B5FD56C00F5E9AE /* Model */ = {
			isa = PBXGroup;
			children = (
			);
			path = Model;
			sourceTree = "<group>";
		};
		AFE762D21B5FD56C00F5E9AE /* View */ = {
			isa = PBXGroup;
			children = (
			);
			path = View;
			sourceTree = "<group>";
		};
		AFE762D41B5FD58A00F5E9AE /* Library */ = {
			isa = PBXGroup;
			children = (
				68845FCD1B676DE7007BA4A7 /* FDAlerView */,
				AFE763651B5FD73300F5E9AE /* DHMenuViewPagerView */,
				AFE762D51B5FD58A00F5E9AE /* CustomField */,
				AFE762E31B5FD58A00F5E9AE /* Jpush */,
				AFE762E61B5FD58A00F5E9AE /* MBProgressHUD */,
				AFE762ED1B5FD58A00F5E9AE /* NTSidingViewController */,
				AFE762F01B5FD58A00F5E9AE /* Pin ying */,
				AFE762FF1B5FD58A00F5E9AE /* PPDownListView */,
				AFE763041B5FD58A00F5E9AE /* PPDropView */,
				AFE763091B5FD58A00F5E9AE /* PPMoreView */,
				AFE763111B5FD58A00F5E9AE /* RCAnimatedImagesView */,
				AFE763141B5FD58A00F5E9AE /* REFrostedViewController */,
				AFE763151B5FD58A00F5E9AE /* SDRefresh */,
				AFE763201B5FD58A00F5E9AE /* Util */,
			);
			path = Library;
			sourceTree = "<group>";
		};
		AFE762D51B5FD58A00F5E9AE /* CustomField */ = {
			isa = PBXGroup;
			children = (
				AFE763501B5FD61700F5E9AE /* CustomField.h */,
				AFE763511B5FD61700F5E9AE /* CustomField.m */,
			);
			path = CustomField;
			sourceTree = "<group>";
		};
		AFE762E31B5FD58A00F5E9AE /* Jpush */ = {
			isa = PBXGroup;
			children = (
				AFE762E41B5FD58A00F5E9AE /* APService.h */,
				AFE762E51B5FD58A00F5E9AE /* libPushSDK-1.8.3.a */,
			);
			path = Jpush;
			sourceTree = "<group>";
		};
		AFE762E61B5FD58A00F5E9AE /* MBProgressHUD */ = {
			isa = PBXGroup;
			children = (
				AFE762E71B5FD58A00F5E9AE /* MBProgressHUD+Add.h */,
				AFE762E81B5FD58A00F5E9AE /* MBProgressHUD+Add.m */,
				AFE762E91B5FD58A00F5E9AE /* MBProgressHUD+Simple.h */,
				AFE762EA1B5FD58A00F5E9AE /* MBProgressHUD+Simple.m */,
				AFE762EB1B5FD58A00F5E9AE /* MBProgressHUD.h */,
				AFE762EC1B5FD58A00F5E9AE /* MBProgressHUD.m */,
			);
			path = MBProgressHUD;
			sourceTree = "<group>";
		};
		AFE762ED1B5FD58A00F5E9AE /* NTSidingViewController */ = {
			isa = PBXGroup;
			children = (
				AFE762EE1B5FD58A00F5E9AE /* NTSlidingViewController.h */,
				AFE762EF1B5FD58A00F5E9AE /* NTSlidingViewController.m */,
			);
			path = NTSidingViewController;
			sourceTree = "<group>";
		};
		AFE762F01B5FD58A00F5E9AE /* Pin ying */ = {
			isa = PBXGroup;
			children = (
				68845FD41B67744B007BA4A7 /* ChineseInclude.h */,
				68845FD51B67744B007BA4A7 /* ChineseInclude.m */,
				AFE762F11B5FD58A00F5E9AE /* ChineseToPinyinResource.h */,
				AFE762F21B5FD58A00F5E9AE /* ChineseToPinyinResource.m */,
				AFE762F31B5FD58A00F5E9AE /* HanyuPinyinOutputFormat.h */,
				AFE762F41B5FD58A00F5E9AE /* HanyuPinyinOutputFormat.m */,
				AFE762F51B5FD58A00F5E9AE /* NSString+PinYin4Cocoa.h */,
				AFE762F61B5FD58A00F5E9AE /* NSString+PinYin4Cocoa.m */,
				AFE762F71B5FD58A00F5E9AE /* PinYin4Objc.h */,
				AFE762F81B5FD58A00F5E9AE /* PinyinFormatter.h */,
				AFE762F91B5FD58A00F5E9AE /* PinyinFormatter.m */,
				AFE762FA1B5FD58A00F5E9AE /* PinYinForObjc.h */,
				AFE762FB1B5FD58A00F5E9AE /* PinYinForObjc.m */,
				AFE762FC1B5FD58A00F5E9AE /* PinyinHelper.h */,
				AFE762FD1B5FD58A00F5E9AE /* PinyinHelper.m */,
				AFE762FE1B5FD58A00F5E9AE /* unicode_to_hanyu_pinyin.txt */,
				68845FD11B6772D3007BA4A7 /* PPPingYinSearch.h */,
				68845FD21B6772D3007BA4A7 /* PPPingYinSearch.m */,
			);
			path = "Pin ying";
			sourceTree = "<group>";
		};
		AFE762FF1B5FD58A00F5E9AE /* PPDownListView */ = {
			isa = PBXGroup;
			children = (
				AFE763001B5FD58A00F5E9AE /* down_dark.png */,
				AFE763011B5FD58A00F5E9AE /* DropDownChooseProtocol.h */,
				AFE763021B5FD58A00F5E9AE /* DropDownListView.h */,
				AFE763031B5FD58A00F5E9AE /* DropDownListView.m */,
			);
			path = PPDownListView;
			sourceTree = "<group>";
		};
		AFE763041B5FD58A00F5E9AE /* PPDropView */ = {
			isa = PBXGroup;
			children = (
				AFE763051B5FD58A00F5E9AE /* IGLDropDownItem.h */,
				AFE763061B5FD58A00F5E9AE /* IGLDropDownItem.m */,
				AFE763071B5FD58A00F5E9AE /* IGLDropDownMenu.h */,
				AFE763081B5FD58A00F5E9AE /* IGLDropDownMenu.m */,
			);
			path = PPDropView;
			sourceTree = "<group>";
		};
		AFE763091B5FD58A00F5E9AE /* PPMoreView */ = {
			isa = PBXGroup;
			children = (
				AFE7630A1B5FD58A00F5E9AE /* TYGSelectMenu.h */,
				AFE7630B1B5FD58A00F5E9AE /* TYGSelectMenu.m */,
				AFE7630C1B5FD58A00F5E9AE /* TYGSelectMenuCellTableViewCell.h */,
				AFE7630D1B5FD58A00F5E9AE /* TYGSelectMenuCellTableViewCell.m */,
				AFE7630E1B5FD58A00F5E9AE /* TYGSelectMenuCellTableViewCell.xib */,
				AFE7630F1B5FD58A00F5E9AE /* TYGSelectMenuEntity.h */,
				AFE763101B5FD58A00F5E9AE /* TYGSelectMenuEntity.m */,
			);
			path = PPMoreView;
			sourceTree = "<group>";
		};
		AFE763111B5FD58A00F5E9AE /* RCAnimatedImagesView */ = {
			isa = PBXGroup;
			children = (
				AFE763121B5FD58A00F5E9AE /* RCAnimatedImagesView.h */,
				AFE763131B5FD58A00F5E9AE /* RCAnimatedImagesView.m */,
			);
			path = RCAnimatedImagesView;
			sourceTree = "<group>";
		};
		AFE763141B5FD58A00F5E9AE /* REFrostedViewController */ = {
			isa = PBXGroup;
			children = (
				AFE763531B5FD69200F5E9AE /* RECommonFunctions.h */,
				AFE763541B5FD69200F5E9AE /* RECommonFunctions.m */,
				AFE763551B5FD69200F5E9AE /* REFrostedContainerViewController.h */,
				AFE763561B5FD69200F5E9AE /* REFrostedContainerViewController.m */,
				AFE763571B5FD69200F5E9AE /* REFrostedViewController.h */,
				AFE763581B5FD69200F5E9AE /* REFrostedViewController.m */,
				AFE763591B5FD69200F5E9AE /* UIImage+REFrostedViewController.h */,
				AFE7635A1B5FD69200F5E9AE /* UIImage+REFrostedViewController.m */,
				AFE7635B1B5FD69200F5E9AE /* UIView+REFrostedViewController.h */,
				AFE7635C1B5FD69200F5E9AE /* UIView+REFrostedViewController.m */,
				AFE7635D1B5FD69200F5E9AE /* UIViewController+REFrostedViewController.h */,
				AFE7635E1B5FD69200F5E9AE /* UIViewController+REFrostedViewController.m */,
			);
			path = REFrostedViewController;
			sourceTree = "<group>";
		};
		AFE763151B5FD58A00F5E9AE /* SDRefresh */ = {
			isa = PBXGroup;
			children = (
				AFE763161B5FD58A00F5E9AE /* sdRefeshView_arrow@2x.png */,
				AFE763171B5FD58A00F5E9AE /* SDRefresh.h */,
				AFE763181B5FD58A00F5E9AE /* SDRefreshFooterView.h */,
				AFE763191B5FD58A00F5E9AE /* SDRefreshFooterView.m */,
				AFE7631A1B5FD58A00F5E9AE /* SDRefreshHeaderView.h */,
				AFE7631B1B5FD58A00F5E9AE /* SDRefreshHeaderView.m */,
				AFE7631C1B5FD58A00F5E9AE /* SDRefreshView.h */,
				AFE7631D1B5FD58A00F5E9AE /* SDRefreshView.m */,
				AFE7631E1B5FD58A00F5E9AE /* UIView+SDExtension.h */,
				AFE7631F1B5FD58A00F5E9AE /* UIView+SDExtension.m */,
			);
			path = SDRefresh;
			sourceTree = "<group>";
		};
		AFE763201B5FD58A00F5E9AE /* Util */ = {
			isa = PBXGroup;
			children = (
				AFE763211B5FD58A00F5E9AE /* colorTurn.h */,
				AFE763221B5FD58A00F5E9AE /* colorTurn.m */,
				AFE763231B5FD58A00F5E9AE /* config.h */,
				AFE763241B5FD58A00F5E9AE /* TTUserDefaultTool.h */,
				AFE763251B5FD58A00F5E9AE /* TTUserDefaultTool.m */,
				AFE763261B5FD58A00F5E9AE /* UIViewController+PPUser.h */,
				AFE763271B5FD58A00F5E9AE /* UIViewController+PPUser.m */,
			);
			path = Util;
			sourceTree = "<group>";
		};
		AFE7634B1B5FD5A500F5E9AE /* category */ = {
			isa = PBXGroup;
			children = (
				AFE7634C1B5FD5A500F5E9AE /* UIImageview */,
			);
			path = category;
			sourceTree = "<group>";
		};
		AFE7634C1B5FD5A500F5E9AE /* UIImageview */ = {
			isa = PBXGroup;
			children = (
				AFE7634D1B5FD5A500F5E9AE /* UIImage+LBBlurredImage.h */,
				AFE7634E1B5FD5A500F5E9AE /* UIImage+LBBlurredImage.m */,
			);
			path = UIImageview;
			sourceTree = "<group>";
		};
		AFE763651B5FD73300F5E9AE /* DHMenuViewPagerView */ = {
			isa = PBXGroup;
			children = (
				AFE763661B5FD73300F5E9AE /* DHLandscapeMenuScrollView.h */,
				AFE763671B5FD73300F5E9AE /* DHLandscapeMenuScrollView.m */,
				AFE763681B5FD73300F5E9AE /* DHLandscapeTableView.h */,
				AFE763691B5FD73300F5E9AE /* DHLandscapeTableView.m */,
				AFE7636A1B5FD73300F5E9AE /* DHMenuPagerViewController.h */,
				AFE7636B1B5FD73300F5E9AE /* DHMenuPagerViewController.m */,
				AFE7636C1B5FD73300F5E9AE /* DHSlideMenuController.h */,
				AFE7636D1B5FD73300F5E9AE /* DHSlideMenuController.m */,
				AFE7636E1B5FD73300F5E9AE /* NavParentController.h */,
				AFE7636F1B5FD73300F5E9AE /* NavParentController.m */,
				AFE763701B5FD73300F5E9AE /* ParentCellViewController.h */,
				AFE763711B5FD73300F5E9AE /* ParentCellViewController.m */,
			);
			path = DHMenuViewPagerView;
			sourceTree = "<group>";
		};
		F3B8F4B161103105AFE6C3F6 /* Pods */ = {
			isa = PBXGroup;
			children = (
				29829C2FDBBE7C1C5691DCB4 /* Pods.debug.xcconfig */,
				556F51A9F0429DE857E4B8D6 /* Pods.release.xcconfig */,
			);
			name = Pods;
			sourceTree = "<group>";
		};
		FAC7C2C6DA0AFC7B45B6C139 /* Frameworks */ = {
			isa = PBXGroup;
			children = (
				AFF8F6411B5643DD0075DB60 /* libz.dylib */,
				AFF8F63F1B5643D20075DB60 /* Security.framework */,
				AFF8F63D1B5643C50075DB60 /* Foundation.framework */,
				AFF8F63B1B5643B90075DB60 /* CoreGraphics.framework */,
				AFF8F6391B5643B00075DB60 /* SystemConfiguration.framework */,
				AFF8F6371B5643A30075DB60 /* CoreTelephony.framework */,
				AFF8F6351B5643970075DB60 /* CoreFoundation.framework */,
				AFF8F6331B5643820075DB60 /* CFNetwork.framework */,
				68634EF81B4F6B21004C1249 /* QuartzCore.framework */,
				25B86DD9ACF283721F4EB233 /* libPods.a */,
			);
			name = Frameworks;
			sourceTree = "<group>";
		};
/* End PBXGroup section */

/* Begin PBXNativeTarget section */
		AFC61F711B44CF9C00E11040 /* 招标 */ = {
			isa = PBXNativeTarget;
			buildConfigurationList = AFC61F951B44CF9C00E11040 /* Build configuration list for PBXNativeTarget "招标" */;
			buildPhases = (
				46A631CF1C63B5797ADBDAFB /* Check Pods Manifest.lock */,
				AFC61F6E1B44CF9C00E11040 /* Sources */,
				AFC61F6F1B44CF9C00E11040 /* Frameworks */,
				AFC61F701B44CF9C00E11040 /* Resources */,
				79FF14E452C6A9702776F526 /* Copy Pods Resources */,
			);
			buildRules = (
			);
			dependencies = (
			);
			name = "招标";
			productName = "招标";
			productReference = AFC61F721B44CF9C00E11040 /* 招标.app */;
			productType = "com.apple.product-type.application";
		};
		AFC61F8A1B44CF9C00E11040 /* 招标Tests */ = {
			isa = PBXNativeTarget;
			buildConfigurationList = AFC61F981B44CF9C00E11040 /* Build configuration list for PBXNativeTarget "招标Tests" */;
			buildPhases = (
				AFC61F871B44CF9C00E11040 /* Sources */,
				AFC61F881B44CF9C00E11040 /* Frameworks */,
				AFC61F891B44CF9C00E11040 /* Resources */,
			);
			buildRules = (
			);
			dependencies = (
				AFC61F8D1B44CF9C00E11040 /* PBXTargetDependency */,
			);
			name = "招标Tests";
			productName = "招标Tests";
			productReference = AFC61F8B1B44CF9C00E11040 /* 招标Tests.xctest */;
			productType = "com.apple.product-type.bundle.unit-test";
		};
/* End PBXNativeTarget section */

/* Begin PBXProject section */
		AFC61F6A1B44CF9C00E11040 /* Project object */ = {
			isa = PBXProject;
			attributes = {
				LastUpgradeCheck = 0630;
				ORGANIZATIONNAME = "陈齐涛";
				TargetAttributes = {
					AFC61F711B44CF9C00E11040 = {
						CreatedOnToolsVersion = 6.3;
						DevelopmentTeam = Q867RQKZ98;
						SystemCapabilities = {
							com.apple.BackgroundModes = {
								enabled = 1;
							};
						};
					};
					AFC61F8A1B44CF9C00E11040 = {
						CreatedOnToolsVersion = 6.3;
						TestTargetID = AFC61F711B44CF9C00E11040;
					};
				};
			};
			buildConfigurationList = AFC61F6D1B44CF9C00E11040 /* Build configuration list for PBXProject "招标" */;
			compatibilityVersion = "Xcode 3.2";
			developmentRegion = English;
			hasScannedForEncodings = 0;
			knownRegions = (
				en,
				Base,
			);
			mainGroup = AFC61F691B44CF9C00E11040;
			productRefGroup = AFC61F731B44CF9C00E11040 /* Products */;
			projectDirPath = "";
			projectRoot = "";
			targets = (
				AFC61F711B44CF9C00E11040 /* 招标 */,
				AFC61F8A1B44CF9C00E11040 /* 招标Tests */,
			);
		};
/* End PBXProject section */

/* Begin PBXResourcesBuildPhase section */
		AFC61F701B44CF9C00E11040 /* Resources */ = {
			isa = PBXResourcesBuildPhase;
			buildActionMask = 2147483647;
			files = (
				AF97F5541B576871003B10D3 /* bootstrap.min.css in Resources */,
				AFC61F831B44CF9C00E11040 /* Images.xcassets in Resources */,
				AFE762A41B5FD53E00F5E9AE /* BiddingListViewController.xib in Resources */,
				AFE762A61B5FD53E00F5E9AE /* Empty.xib in Resources */,
				AFE763391B5FD58A00F5E9AE /* unicode_to_hanyu_pinyin.txt in Resources */,
				AFF8F6441B5644840075DB60 /* PushConfig.plist in Resources */,
				AF97F5551B576871003B10D3 /* index.html in Resources */,
				AFE763431B5FD58A00F5E9AE /* sdRefeshView_arrow@2x.png in Resources */,
				AFE763401B5FD58A00F5E9AE /* TYGSelectMenuCellTableViewCell.xib in Resources */,
				AFE7633A1B5FD58A00F5E9AE /* down_dark.png in Resources */,
				AFC61FB31B4500CA00E11040 /* Launch Screen.xib in Resources */,
				AFE762CC1B5FD54D00F5E9AE /* RegistViewController.xib in Resources */,
				AFE762C91B5FD54D00F5E9AE /* HomeViewController.xib in Resources */,
			);
			runOnlyForDeploymentPostprocessing = 0;
		};
		AFC61F891B44CF9C00E11040 /* Resources */ = {
			isa = PBXResourcesBuildPhase;
			buildActionMask = 2147483647;
			files = (
			);
			runOnlyForDeploymentPostprocessing = 0;
		};
/* End PBXResourcesBuildPhase section */

/* Begin PBXShellScriptBuildPhase section */
		46A631CF1C63B5797ADBDAFB /* Check Pods Manifest.lock */ = {
			isa = PBXShellScriptBuildPhase;
			buildActionMask = 2147483647;
			files = (
			);
			inputPaths = (
			);
			name = "Check Pods Manifest.lock";
			outputPaths = (
			);
			runOnlyForDeploymentPostprocessing = 0;
			shellPath = /bin/sh;
			shellScript = "diff \"${PODS_ROOT}/../Podfile.lock\" \"${PODS_ROOT}/Manifest.lock\" > /dev/null\nif [[ $? != 0 ]] ; then\n    cat << EOM\nerror: The sandbox is not in sync with the Podfile.lock. Run 'pod install' or update your CocoaPods installation.\nEOM\n    exit 1\nfi\n";
			showEnvVarsInLog = 0;
		};
		79FF14E452C6A9702776F526 /* Copy Pods Resources */ = {
			isa = PBXShellScriptBuildPhase;
			buildActionMask = 2147483647;
			files = (
			);
			inputPaths = (
			);
			name = "Copy Pods Resources";
			outputPaths = (
			);
			runOnlyForDeploymentPostprocessing = 0;
			shellPath = /bin/sh;
			shellScript = "\"${SRCROOT}/Pods/Target Support Files/Pods/Pods-resources.sh\"\n";
			showEnvVarsInLog = 0;
		};
/* End PBXShellScriptBuildPhase section */

/* Begin PBXSourcesBuildPhase section */
		AFC61F6E1B44CF9C00E11040 /* Sources */ = {
			isa = PBXSourcesBuildPhase;
			buildActionMask = 2147483647;
			files = (
				AFE7634F1B5FD5A500F5E9AE /* UIImage+LBBlurredImage.m in Sources */,
				AFE763631B5FD69200F5E9AE /* UIView+REFrostedViewController.m in Sources */,
				AFE7628B1B5FD52A00F5E9AE /* MyButton.m in Sources */,
				AFE763341B5FD58A00F5E9AE /* HanyuPinyinOutputFormat.m in Sources */,
				AFE762A01B5FD53E00F5E9AE /* DetialBiddingViewController.m in Sources */,
				68845FD01B676E08007BA4A7 /* FDAlertView.m in Sources */,
				AFE763791B5FE5D500F5E9AE /* HomeViewController.m in Sources */,
				AFE762851B5FD51600F5E9AE /* TTMineViewController.m in Sources */,
				AFE762C21B5FD54D00F5E9AE /* PPChooseInfoViewController.m in Sources */,
				688B6CA31B788D8200037314 /* httpRequestViewController.m in Sources */,
				688B6CAB1B789A0900037314 /* PPRegistTTViewController.m in Sources */,
				AFE7629F1B5FD53E00F5E9AE /* BiddingListViewController.m in Sources */,
				AFE7627A1B5FD50200F5E9AE /* PPBaseViewController.m in Sources */,
				688B6CAE1B79A02C00037314 /* PPPwdViewController.m in Sources */,
				AFE763741B5FD73300F5E9AE /* DHMenuPagerViewController.m in Sources */,
				AFE762C31B5FD54D00F5E9AE /* PPGadeViewController.m in Sources */,
				AFE7628C1B5FD52A00F5E9AE /* TTRootViewController.m in Sources */,
				AFE763351B5FD58A00F5E9AE /* NSString+PinYin4Cocoa.m in Sources */,
				AFE762CA1B5FD54D00F5E9AE /* PPGuideUserView.m in Sources */,
				AFE763441B5FD58A00F5E9AE /* SDRefreshFooterView.m in Sources */,
				AFE763461B5FD58A00F5E9AE /* SDRefreshView.m in Sources */,
				AFE762A21B5FD53E00F5E9AE /* TTWinBiddingModel.m in Sources */,
				AFE7635F1B5FD69200F5E9AE /* RECommonFunctions.m in Sources */,
				AFE763361B5FD58A00F5E9AE /* PinyinFormatter.m in Sources */,
				AFE763301B5FD58A00F5E9AE /* MBProgressHUD+Simple.m in Sources */,
				AFE7634A1B5FD58A00F5E9AE /* UIViewController+PPUser.m in Sources */,
				AFC61F7B1B44CF9C00E11040 /* AppDelegate.m in Sources */,
				AFE762C41B5FD54D00F5E9AE /* PPRegistViewController.m in Sources */,
				AFE762D31B5FD56C00F5E9AE /* MenuViewController.m in Sources */,
				AFE763471B5FD58A00F5E9AE /* UIView+SDExtension.m in Sources */,
				AFC61F781B44CF9C00E11040 /* main.m in Sources */,
				AFE763411B5FD58A00F5E9AE /* TYGSelectMenuEntity.m in Sources */,
				AFE763371B5FD58A00F5E9AE /* PinYinForObjc.m in Sources */,
				AFE763611B5FD69200F5E9AE /* REFrostedViewController.m in Sources */,
				AFE763771B5FD73300F5E9AE /* ParentCellViewController.m in Sources */,
				AFE763381B5FD58A00F5E9AE /* PinyinHelper.m in Sources */,
				AFE762A11B5FD53E00F5E9AE /* TTBiddingModel.m in Sources */,
				AFE762841B5FD51600F5E9AE /* PPAboutUsViewController.m in Sources */,
				AFE762C51B5FD54D00F5E9AE /* PPResultViewController.m in Sources */,
				68845FD61B67744B007BA4A7 /* ChineseInclude.m in Sources */,
				AFE763761B5FD73300F5E9AE /* NavParentController.m in Sources */,
				AFE762A51B5FD53E00F5E9AE /* DetailBiddingTableViewCell.m in Sources */,
				AFE763331B5FD58A00F5E9AE /* ChineseToPinyinResource.m in Sources */,
				AFE762CB1B5FD54D00F5E9AE /* PPRegistTableViewCell.m in Sources */,
				AFE763481B5FD58A00F5E9AE /* colorTurn.m in Sources */,
				AFE7633C1B5FD58A00F5E9AE /* IGLDropDownItem.m in Sources */,
				AFE763491B5FD58A00F5E9AE /* TTUserDefaultTool.m in Sources */,
				AFE763751B5FD73300F5E9AE /* DHSlideMenuController.m in Sources */,
				AFE7633E1B5FD58A00F5E9AE /* TYGSelectMenu.m in Sources */,
				AFE7633D1B5FD58A00F5E9AE /* IGLDropDownMenu.m in Sources */,
				AFE763721B5FD73300F5E9AE /* DHLandscapeMenuScrollView.m in Sources */,
				AFE762A31B5FD53E00F5E9AE /* BiddinglistTableViewCell.m in Sources */,
				AFE763311B5FD58A00F5E9AE /* MBProgressHUD.m in Sources */,
				AFE763521B5FD61700F5E9AE /* CustomField.m in Sources */,
				AFE762C61B5FD54D00F5E9AE /* PPSelectedViewController.m in Sources */,
				AFE7627B1B5FD50200F5E9AE /* TTBaseWebViewController.m in Sources */,
				AFE7632F1B5FD58A00F5E9AE /* MBProgressHUD+Add.m in Sources */,
				AFE7633F1B5FD58A00F5E9AE /* TYGSelectMenuCellTableViewCell.m in Sources */,
				AFE763321B5FD58A00F5E9AE /* NTSlidingViewController.m in Sources */,
				AFE762C81B5FD54D00F5E9AE /* TTPerson.m in Sources */,
				AFE763641B5FD69200F5E9AE /* UIViewController+REFrostedViewController.m in Sources */,
				AFE763731B5FD73300F5E9AE /* DHLandscapeTableView.m in Sources */,
				AFE763601B5FD69200F5E9AE /* REFrostedContainerViewController.m in Sources */,
				AFE763621B5FD69200F5E9AE /* UIImage+REFrostedViewController.m in Sources */,
				68845FD31B6772D3007BA4A7 /* PPPingYinSearch.m in Sources */,
				AFE762C71B5FD54D00F5E9AE /* RegistViewController.m in Sources */,
				AFE763451B5FD58A00F5E9AE /* SDRefreshHeaderView.m in Sources */,
				AFE763421B5FD58A00F5E9AE /* RCAnimatedImagesView.m in Sources */,
				AFE7633B1B5FD58A00F5E9AE /* DropDownListView.m in Sources */,
			);
			runOnlyForDeploymentPostprocessing = 0;
		};
		AFC61F871B44CF9C00E11040 /* Sources */ = {
			isa = PBXSourcesBuildPhase;
			buildActionMask = 2147483647;
			files = (
				AFC61F921B44CF9C00E11040 /* __Tests.m in Sources */,
			);
			runOnlyForDeploymentPostprocessing = 0;
		};
/* End PBXSourcesBuildPhase section */

/* Begin PBXTargetDependency section */
		AFC61F8D1B44CF9C00E11040 /* PBXTargetDependency */ = {
			isa = PBXTargetDependency;
			target = AFC61F711B44CF9C00E11040 /* 招标 */;
			targetProxy = AFC61F8C1B44CF9C00E11040 /* PBXContainerItemProxy */;
		};
/* End PBXTargetDependency section */

/* Begin XCBuildConfiguration section */
		AFC61F931B44CF9C00E11040 /* Debug */ = {
			isa = XCBuildConfiguration;
			buildSettings = {
				ALWAYS_SEARCH_USER_PATHS = NO;
				CLANG_CXX_LANGUAGE_STANDARD = "gnu++0x";
				CLANG_CXX_LIBRARY = "libc++";
				CLANG_ENABLE_MODULES = YES;
				CLANG_ENABLE_OBJC_ARC = YES;
				CLANG_WARN_BOOL_CONVERSION = YES;
				CLANG_WARN_CONSTANT_CONVERSION = YES;
				CLANG_WARN_DIRECT_OBJC_ISA_USAGE = YES_ERROR;
				CLANG_WARN_EMPTY_BODY = YES;
				CLANG_WARN_ENUM_CONVERSION = YES;
				CLANG_WARN_INT_CONVERSION = YES;
				CLANG_WARN_OBJC_ROOT_CLASS = YES_ERROR;
				CLANG_WARN_UNREACHABLE_CODE = YES;
				CLANG_WARN__DUPLICATE_METHOD_MATCH = YES;
				"CODE_SIGN_IDENTITY[sdk=iphoneos*]" = "iPhone Developer";
				COPY_PHASE_STRIP = NO;
				DEBUG_INFORMATION_FORMAT = "dwarf-with-dsym";
				ENABLE_STRICT_OBJC_MSGSEND = YES;
				GCC_C_LANGUAGE_STANDARD = gnu99;
				GCC_DYNAMIC_NO_PIC = NO;
				GCC_NO_COMMON_BLOCKS = YES;
				GCC_OPTIMIZATION_LEVEL = 0;
				GCC_PREPROCESSOR_DEFINITIONS = (
					"DEBUG=1",
					"$(inherited)",
				);
				GCC_SYMBOLS_PRIVATE_EXTERN = NO;
				GCC_WARN_64_TO_32_BIT_CONVERSION = YES;
				GCC_WARN_ABOUT_RETURN_TYPE = YES_ERROR;
				GCC_WARN_UNDECLARED_SELECTOR = YES;
				GCC_WARN_UNINITIALIZED_AUTOS = YES_AGGRESSIVE;
				GCC_WARN_UNUSED_FUNCTION = YES;
				GCC_WARN_UNUSED_VARIABLE = YES;
				IPHONEOS_DEPLOYMENT_TARGET = 8.3;
				MTL_ENABLE_DEBUG_INFO = YES;
				ONLY_ACTIVE_ARCH = YES;
				SDKROOT = iphoneos;
			};
			name = Debug;
		};
		AFC61F941B44CF9C00E11040 /* Release */ = {
			isa = XCBuildConfiguration;
			buildSettings = {
				ALWAYS_SEARCH_USER_PATHS = NO;
				CLANG_CXX_LANGUAGE_STANDARD = "gnu++0x";
				CLANG_CXX_LIBRARY = "libc++";
				CLANG_ENABLE_MODULES = YES;
				CLANG_ENABLE_OBJC_ARC = YES;
				CLANG_WARN_BOOL_CONVERSION = YES;
				CLANG_WARN_CONSTANT_CONVERSION = YES;
				CLANG_WARN_DIRECT_OBJC_ISA_USAGE = YES_ERROR;
				CLANG_WARN_EMPTY_BODY = YES;
				CLANG_WARN_ENUM_CONVERSION = YES;
				CLANG_WARN_INT_CONVERSION = YES;
				CLANG_WARN_OBJC_ROOT_CLASS = YES_ERROR;
				CLANG_WARN_UNREACHABLE_CODE = YES;
				CLANG_WARN__DUPLICATE_METHOD_MATCH = YES;
				"CODE_SIGN_IDENTITY[sdk=iphoneos*]" = "iPhone Developer";
				COPY_PHASE_STRIP = NO;
				DEBUG_INFORMATION_FORMAT = "dwarf-with-dsym";
				ENABLE_NS_ASSERTIONS = NO;
				ENABLE_STRICT_OBJC_MSGSEND = YES;
				GCC_C_LANGUAGE_STANDARD = gnu99;
				GCC_NO_COMMON_BLOCKS = YES;
				GCC_WARN_64_TO_32_BIT_CONVERSION = YES;
				GCC_WARN_ABOUT_RETURN_TYPE = YES_ERROR;
				GCC_WARN_UNDECLARED_SELECTOR = YES;
				GCC_WARN_UNINITIALIZED_AUTOS = YES_AGGRESSIVE;
				GCC_WARN_UNUSED_FUNCTION = YES;
				GCC_WARN_UNUSED_VARIABLE = YES;
				IPHONEOS_DEPLOYMENT_TARGET = 8.3;
				MTL_ENABLE_DEBUG_INFO = NO;
				SDKROOT = iphoneos;
				VALIDATE_PRODUCT = YES;
			};
			name = Release;
		};
		AFC61F961B44CF9C00E11040 /* Debug */ = {
			isa = XCBuildConfiguration;
			baseConfigurationReference = 29829C2FDBBE7C1C5691DCB4 /* Pods.debug.xcconfig */;
			buildSettings = {
				ASSETCATALOG_COMPILER_APPICON_NAME = AppIcon;
				ASSETCATALOG_COMPILER_LAUNCHIMAGE_NAME = LaunchImage;
				CLANG_ENABLE_MODULES = YES;
				CODE_SIGN_IDENTITY = "Apple Development IOS Push Services: ideas.com11";
				"CODE_SIGN_IDENTITY[sdk=iphoneos*]" = "iPhone Developer";
				GCC_PRECOMPILE_PREFIX_HEADER = NO;
				GCC_PREFIX_HEADER = "招标/Bidding.pch";
				INFOPLIST_FILE = "招标/Info.plist";
				IPHONEOS_DEPLOYMENT_TARGET = 8.1;
				LD_RUNPATH_SEARCH_PATHS = "$(inherited) @executable_path/Frameworks";
				LIBRARY_SEARCH_PATHS = (
					"$(inherited)",
					"$(PROJECT_DIR)/lib",
					"$(PROJECT_DIR)$(LOCAL_LIBRARY_DIR)/Jpush",
				);
				PRODUCT_NAME = "$(TARGET_NAME)";
				PROVISIONING_PROFILE = "1ddc3fe5-2b5c-4b65-bf23-94d09f97ed92";
				SWIFT_OBJC_BRIDGING_HEADER = "LoginAndRegist/Controller/招标-Bridging-Header.h";
				SWIFT_OPTIMIZATION_LEVEL = "-Onone";
				USER_HEADER_SEARCH_PATHS = "$(SRCROOT)/lib";
			};
			name = Debug;
		};
		AFC61F971B44CF9C00E11040 /* Release */ = {
			isa = XCBuildConfiguration;
			baseConfigurationReference = 556F51A9F0429DE857E4B8D6 /* Pods.release.xcconfig */;
			buildSettings = {
				ASSETCATALOG_COMPILER_APPICON_NAME = AppIcon;
				ASSETCATALOG_COMPILER_LAUNCHIMAGE_NAME = LaunchImage;
				CLANG_ENABLE_MODULES = YES;
				CODE_SIGN_IDENTITY = "Apple Development IOS Push Services: ideas.com11";
				"CODE_SIGN_IDENTITY[sdk=iphoneos*]" = "iPhone Developer";
				GCC_PRECOMPILE_PREFIX_HEADER = NO;
				GCC_PREFIX_HEADER = "招标/Bidding.pch";
				INFOPLIST_FILE = "招标/Info.plist";
				IPHONEOS_DEPLOYMENT_TARGET = 8.1;
				LD_RUNPATH_SEARCH_PATHS = "$(inherited) @executable_path/Frameworks";
				LIBRARY_SEARCH_PATHS = (
					"$(inherited)",
					"$(PROJECT_DIR)/lib",
					"$(PROJECT_DIR)$(LOCAL_LIBRARY_DIR)/Jpush",
				);
				PRODUCT_NAME = "$(TARGET_NAME)";
				PROVISIONING_PROFILE = "1ddc3fe5-2b5c-4b65-bf23-94d09f97ed92";
				SWIFT_OBJC_BRIDGING_HEADER = "LoginAndRegist/Controller/招标-Bridging-Header.h";
				USER_HEADER_SEARCH_PATHS = "$(SRCROOT)/lib";
			};
			name = Release;
		};
		AFC61F991B44CF9C00E11040 /* Debug */ = {
			isa = XCBuildConfiguration;
			buildSettings = {
				BUNDLE_LOADER = "$(TEST_HOST)";
				FRAMEWORK_SEARCH_PATHS = (
					"$(SDKROOT)/Developer/Library/Frameworks",
					"$(inherited)",
				);
				GCC_PREPROCESSOR_DEFINITIONS = (
					"DEBUG=1",
					"$(inherited)",
				);
				INFOPLIST_FILE = "招标Tests/Info.plist";
				LD_RUNPATH_SEARCH_PATHS = "$(inherited) @executable_path/Frameworks @loader_path/Frameworks";
				PRODUCT_NAME = "$(TARGET_NAME)";
				TEST_HOST = "$(BUILT_PRODUCTS_DIR)/招标.app/招标";
			};
			name = Debug;
		};
		AFC61F9A1B44CF9C00E11040 /* Release */ = {
			isa = XCBuildConfiguration;
			buildSettings = {
				BUNDLE_LOADER = "$(TEST_HOST)";
				FRAMEWORK_SEARCH_PATHS = (
					"$(SDKROOT)/Developer/Library/Frameworks",
					"$(inherited)",
				);
				INFOPLIST_FILE = "招标Tests/Info.plist";
				LD_RUNPATH_SEARCH_PATHS = "$(inherited) @executable_path/Frameworks @loader_path/Frameworks";
				PRODUCT_NAME = "$(TARGET_NAME)";
				TEST_HOST = "$(BUILT_PRODUCTS_DIR)/招标.app/招标";
			};
			name = Release;
		};
/* End XCBuildConfiguration section */

/* Begin XCConfigurationList section */
		AFC61F6D1B44CF9C00E11040 /* Build configuration list for PBXProject "招标" */ = {
			isa = XCConfigurationList;
			buildConfigurations = (
				AFC61F931B44CF9C00E11040 /* Debug */,
				AFC61F941B44CF9C00E11040 /* Release */,
			);
			defaultConfigurationIsVisible = 0;
			defaultConfigurationName = Release;
		};
		AFC61F951B44CF9C00E11040 /* Build configuration list for PBXNativeTarget "招标" */ = {
			isa = XCConfigurationList;
			buildConfigurations = (
				AFC61F961B44CF9C00E11040 /* Debug */,
				AFC61F971B44CF9C00E11040 /* Release */,
			);
			defaultConfigurationIsVisible = 0;
			defaultConfigurationName = Release;
		};
		AFC61F981B44CF9C00E11040 /* Build configuration list for PBXNativeTarget "招标Tests" */ = {
			isa = XCConfigurationList;
			buildConfigurations = (
				AFC61F991B44CF9C00E11040 /* Debug */,
				AFC61F9A1B44CF9C00E11040 /* Release */,
			);
			defaultConfigurationIsVisible = 0;
			defaultConfigurationName = Release;
		};
/* End XCConfigurationList section */
	};
	rootObject = AFC61F6A1B44CF9C00E11040 /* Project object */;
}
