// !$*UTF8*$!
{
	archiveVersion = 1;
	classes = {
	};
	objectVersion = 46;
	objects = {

/* Begin PBXBuildFile section */
		AFC61F781B44CF9C00E11040 /* main.m in Sources */ = {isa = PBXBuildFile; fileRef = AFC61F771B44CF9C00E11040 /* main.m */; };
		AFC61F7B1B44CF9C00E11040 /* AppDelegate.m in Sources */ = {isa = PBXBuildFile; fileRef = AFC61F7A1B44CF9C00E11040 /* AppDelegate.m */; };
		AFC61F831B44CF9C00E11040 /* Images.xcassets in Resources */ = {isa = PBXBuildFile; fileRef = AFC61F821B44CF9C00E11040 /* Images.xcassets */; };
		AFC61F921B44CF9C00E11040 /* __Tests.m in Sources */ = {isa = PBXBuildFile; fileRef = AFC61F911B44CF9C00E11040 /* __Tests.m */; };
		AFC61FA51B44D19000E11040 /* HomeViewController.m in Sources */ = {isa = PBXBuildFile; fileRef = AFC61FA31B44D19000E11040 /* HomeViewController.m */; };
		AFC61FA61B44D19000E11040 /* HomeViewController.xib in Resources */ = {isa = PBXBuildFile; fileRef = AFC61FA41B44D19000E11040 /* HomeViewController.xib */; };
		AFC61FA91B44D7BF00E11040 /* TTPerson.m in Sources */ = {isa = PBXBuildFile; fileRef = AFC61FA81B44D7BF00E11040 /* TTPerson.m */; };
		AFC61FB31B4500CA00E11040 /* Launch Screen.xib in Resources */ = {isa = PBXBuildFile; fileRef = AFC61FB21B4500CA00E11040 /* Launch Screen.xib */; };
		AFC61FB61B45303600E11040 /* UIImage+LBBlurredImage.m in Sources */ = {isa = PBXBuildFile; fileRef = AFC61FB51B45303600E11040 /* UIImage+LBBlurredImage.m */; };
		AFC61FBB1B45392A00E11040 /* MMUserDefaultTool.m in Sources */ = {isa = PBXBuildFile; fileRef = AFC61FBA1B45392A00E11040 /* MMUserDefaultTool.m */; };
		AFC61FBF1B454D3F00E11040 /* RegistViewController.m in Sources */ = {isa = PBXBuildFile; fileRef = AFC61FBD1B454D3F00E11040 /* RegistViewController.m */; };
		AFC61FC01B454D3F00E11040 /* RegistViewController.xib in Resources */ = {isa = PBXBuildFile; fileRef = AFC61FBE1B454D3F00E11040 /* RegistViewController.xib */; };
		EC079653000D351C3100628B /* libPods.a in Frameworks */ = {isa = PBXBuildFile; fileRef = 25B86DD9ACF283721F4EB233 /* libPods.a */; };
/* End PBXBuildFile section */

/* Begin PBXContainerItemProxy section */
		AFC61F8C1B44CF9C00E11040 /* PBXContainerItemProxy */ = {
			isa = PBXContainerItemProxy;
			containerPortal = AFC61F6A1B44CF9C00E11040 /* Project object */;
			proxyType = 1;
			remoteGlobalIDString = AFC61F711B44CF9C00E11040;
			remoteInfo = "招标";
		};
/* End PBXContainerItemProxy section */

/* Begin PBXFileReference section */
		25B86DD9ACF283721F4EB233 /* libPods.a */ = {isa = PBXFileReference; explicitFileType = archive.ar; includeInIndex = 0; path = libPods.a; sourceTree = BUILT_PRODUCTS_DIR; };
		29829C2FDBBE7C1C5691DCB4 /* Pods.debug.xcconfig */ = {isa = PBXFileReference; includeInIndex = 1; lastKnownFileType = text.xcconfig; name = Pods.debug.xcconfig; path = "Pods/Target Support Files/Pods/Pods.debug.xcconfig"; sourceTree = "<group>"; };
		556F51A9F0429DE857E4B8D6 /* Pods.release.xcconfig */ = {isa = PBXFileReference; includeInIndex = 1; lastKnownFileType = text.xcconfig; name = Pods.release.xcconfig; path = "Pods/Target Support Files/Pods/Pods.release.xcconfig"; sourceTree = "<group>"; };
		AFC61F721B44CF9C00E11040 /* 招标.app */ = {isa = PBXFileReference; explicitFileType = wrapper.application; includeInIndex = 0; path = "招标.app"; sourceTree = BUILT_PRODUCTS_DIR; };
		AFC61F761B44CF9C00E11040 /* Info.plist */ = {isa = PBXFileReference; lastKnownFileType = text.plist.xml; path = Info.plist; sourceTree = "<group>"; };
		AFC61F771B44CF9C00E11040 /* main.m */ = {isa = PBXFileReference; lastKnownFileType = sourcecode.c.objc; path = main.m; sourceTree = "<group>"; };
		AFC61F791B44CF9C00E11040 /* AppDelegate.h */ = {isa = PBXFileReference; lastKnownFileType = sourcecode.c.h; path = AppDelegate.h; sourceTree = "<group>"; };
		AFC61F7A1B44CF9C00E11040 /* AppDelegate.m */ = {isa = PBXFileReference; lastKnownFileType = sourcecode.c.objc; path = AppDelegate.m; sourceTree = "<group>"; };
		AFC61F821B44CF9C00E11040 /* Images.xcassets */ = {isa = PBXFileReference; lastKnownFileType = folder.assetcatalog; path = Images.xcassets; sourceTree = "<group>"; };
		AFC61F8B1B44CF9C00E11040 /* 招标Tests.xctest */ = {isa = PBXFileReference; explicitFileType = wrapper.cfbundle; includeInIndex = 0; path = "招标Tests.xctest"; sourceTree = BUILT_PRODUCTS_DIR; };
		AFC61F901B44CF9C00E11040 /* Info.plist */ = {isa = PBXFileReference; lastKnownFileType = text.plist.xml; path = Info.plist; sourceTree = "<group>"; };
		AFC61F911B44CF9C00E11040 /* __Tests.m */ = {isa = PBXFileReference; lastKnownFileType = sourcecode.c.objc; path = __Tests.m; sourceTree = "<group>"; };
		AFC61FA21B44D19000E11040 /* HomeViewController.h */ = {isa = PBXFileReference; fileEncoding = 4; lastKnownFileType = sourcecode.c.h; path = HomeViewController.h; sourceTree = "<group>"; };
		AFC61FA31B44D19000E11040 /* HomeViewController.m */ = {isa = PBXFileReference; fileEncoding = 4; lastKnownFileType = sourcecode.c.objc; path = HomeViewController.m; sourceTree = "<group>"; };
		AFC61FA41B44D19000E11040 /* HomeViewController.xib */ = {isa = PBXFileReference; fileEncoding = 4; lastKnownFileType = file.xib; path = HomeViewController.xib; sourceTree = "<group>"; };
		AFC61FA71B44D7BF00E11040 /* TTPerson.h */ = {isa = PBXFileReference; fileEncoding = 4; lastKnownFileType = sourcecode.c.h; path = TTPerson.h; sourceTree = "<group>"; };
		AFC61FA81B44D7BF00E11040 /* TTPerson.m */ = {isa = PBXFileReference; fileEncoding = 4; lastKnownFileType = sourcecode.c.objc; path = TTPerson.m; sourceTree = "<group>"; };
		AFC61FAA1B44D82700E11040 /* Bidding.pch */ = {isa = PBXFileReference; lastKnownFileType = sourcecode.c.h; path = Bidding.pch; sourceTree = "<group>"; };
		AFC61FB21B4500CA00E11040 /* Launch Screen.xib */ = {isa = PBXFileReference; fileEncoding = 4; lastKnownFileType = file.xib; path = "Launch Screen.xib"; sourceTree = "<group>"; };
		AFC61FB41B45303600E11040 /* UIImage+LBBlurredImage.h */ = {isa = PBXFileReference; fileEncoding = 4; lastKnownFileType = sourcecode.c.h; path = "UIImage+LBBlurredImage.h"; sourceTree = "<group>"; };
		AFC61FB51B45303600E11040 /* UIImage+LBBlurredImage.m */ = {isa = PBXFileReference; fileEncoding = 4; lastKnownFileType = sourcecode.c.objc; path = "UIImage+LBBlurredImage.m"; sourceTree = "<group>"; };
		AFC61FB81B4537A600E11040 /* config.h */ = {isa = PBXFileReference; lastKnownFileType = sourcecode.c.h; path = config.h; sourceTree = "<group>"; };
		AFC61FB91B45392A00E11040 /* MMUserDefaultTool.h */ = {isa = PBXFileReference; fileEncoding = 4; lastKnownFileType = sourcecode.c.h; path = MMUserDefaultTool.h; sourceTree = "<group>"; };
		AFC61FBA1B45392A00E11040 /* MMUserDefaultTool.m */ = {isa = PBXFileReference; fileEncoding = 4; lastKnownFileType = sourcecode.c.objc; path = MMUserDefaultTool.m; sourceTree = "<group>"; };
		AFC61FBC1B454D3F00E11040 /* RegistViewController.h */ = {isa = PBXFileReference; fileEncoding = 4; lastKnownFileType = sourcecode.c.h; path = RegistViewController.h; sourceTree = "<group>"; };
		AFC61FBD1B454D3F00E11040 /* RegistViewController.m */ = {isa = PBXFileReference; fileEncoding = 4; lastKnownFileType = sourcecode.c.objc; path = RegistViewController.m; sourceTree = "<group>"; };
		AFC61FBE1B454D3F00E11040 /* RegistViewController.xib */ = {isa = PBXFileReference; fileEncoding = 4; lastKnownFileType = file.xib; path = RegistViewController.xib; sourceTree = "<group>"; };
/* End PBXFileReference section */

/* Begin PBXFrameworksBuildPhase section */
		AFC61F6F1B44CF9C00E11040 /* Frameworks */ = {
			isa = PBXFrameworksBuildPhase;
			buildActionMask = 2147483647;
			files = (
				EC079653000D351C3100628B /* libPods.a in Frameworks */,
			);
			runOnlyForDeploymentPostprocessing = 0;
		};
		AFC61F881B44CF9C00E11040 /* Frameworks */ = {
			isa = PBXFrameworksBuildPhase;
			buildActionMask = 2147483647;
			files = (
			);
			runOnlyForDeploymentPostprocessing = 0;
		};
/* End PBXFrameworksBuildPhase section */

/* Begin PBXGroup section */
		AFC61F691B44CF9C00E11040 = {
			isa = PBXGroup;
			children = (
				AFC61F741B44CF9C00E11040 /* 招标 */,
				AFC61FB71B45379200E11040 /* Util */,
				AFC61FAB1B44EBA300E11040 /* category */,
				AFC61F9B1B44D03000E11040 /* LoginAndRegist */,
				AFC61F8E1B44CF9C00E11040 /* 招标Tests */,
				AFC61F731B44CF9C00E11040 /* Products */,
				F3B8F4B161103105AFE6C3F6 /* Pods */,
				FAC7C2C6DA0AFC7B45B6C139 /* Frameworks */,
			);
			sourceTree = "<group>";
		};
		AFC61F731B44CF9C00E11040 /* Products */ = {
			isa = PBXGroup;
			children = (
				AFC61F721B44CF9C00E11040 /* 招标.app */,
				AFC61F8B1B44CF9C00E11040 /* 招标Tests.xctest */,
			);
			name = Products;
			sourceTree = "<group>";
		};
		AFC61F741B44CF9C00E11040 /* 招标 */ = {
			isa = PBXGroup;
			children = (
				AFC61F791B44CF9C00E11040 /* AppDelegate.h */,
				AFC61F7A1B44CF9C00E11040 /* AppDelegate.m */,
				AFC61F821B44CF9C00E11040 /* Images.xcassets */,
				AFC61F751B44CF9C00E11040 /* Supporting Files */,
				AFC61FB21B4500CA00E11040 /* Launch Screen.xib */,
			);
			path = "招标";
			sourceTree = "<group>";
		};
		AFC61F751B44CF9C00E11040 /* Supporting Files */ = {
			isa = PBXGroup;
			children = (
				AFC61F761B44CF9C00E11040 /* Info.plist */,
				AFC61F771B44CF9C00E11040 /* main.m */,
				AFC61FAA1B44D82700E11040 /* Bidding.pch */,
			);
			name = "Supporting Files";
			sourceTree = "<group>";
		};
		AFC61F8E1B44CF9C00E11040 /* 招标Tests */ = {
			isa = PBXGroup;
			children = (
				AFC61F911B44CF9C00E11040 /* __Tests.m */,
				AFC61F8F1B44CF9C00E11040 /* Supporting Files */,
			);
			path = "招标Tests";
			sourceTree = "<group>";
		};
		AFC61F8F1B44CF9C00E11040 /* Supporting Files */ = {
			isa = PBXGroup;
			children = (
				AFC61F901B44CF9C00E11040 /* Info.plist */,
			);
			name = "Supporting Files";
			sourceTree = "<group>";
		};
		AFC61F9B1B44D03000E11040 /* LoginAndRegist */ = {
			isa = PBXGroup;
			children = (
				AFC61F9E1B44D05D00E11040 /* controller */,
				AFC61F9D1B44D05200E11040 /* model */,
				AFC61F9C1B44D04800E11040 /* view */,
			);
			name = LoginAndRegist;
			path = "招标";
			sourceTree = "<group>";
		};
		AFC61F9C1B44D04800E11040 /* view */ = {
			isa = PBXGroup;
			children = (
				AFC61FBE1B454D3F00E11040 /* RegistViewController.xib */,
				AFC61FA41B44D19000E11040 /* HomeViewController.xib */,
			);
			name = view;
			sourceTree = "<group>";
		};
		AFC61F9D1B44D05200E11040 /* model */ = {
			isa = PBXGroup;
			children = (
				AFC61FA71B44D7BF00E11040 /* TTPerson.h */,
				AFC61FA81B44D7BF00E11040 /* TTPerson.m */,
			);
			name = model;
			sourceTree = "<group>";
		};
		AFC61F9E1B44D05D00E11040 /* controller */ = {
			isa = PBXGroup;
			children = (
				AFC61FA21B44D19000E11040 /* HomeViewController.h */,
				AFC61FA31B44D19000E11040 /* HomeViewController.m */,
				AFC61FBC1B454D3F00E11040 /* RegistViewController.h */,
				AFC61FBD1B454D3F00E11040 /* RegistViewController.m */,
			);
			name = controller;
			sourceTree = "<group>";
		};
		AFC61FAB1B44EBA300E11040 /* category */ = {
			isa = PBXGroup;
			children = (
				AFC61FAC1B44EBE300E11040 /* UIimageview */,
			);
			name = category;
			sourceTree = "<group>";
		};
		AFC61FAC1B44EBE300E11040 /* UIimageview */ = {
			isa = PBXGroup;
			children = (
				AFC61FB41B45303600E11040 /* UIImage+LBBlurredImage.h */,
				AFC61FB51B45303600E11040 /* UIImage+LBBlurredImage.m */,
			);
			name = UIimageview;
			sourceTree = "<group>";
		};
		AFC61FB71B45379200E11040 /* Util */ = {
			isa = PBXGroup;
			children = (
				AFC61FB91B45392A00E11040 /* MMUserDefaultTool.h */,
				AFC61FBA1B45392A00E11040 /* MMUserDefaultTool.m */,
				AFC61FB81B4537A600E11040 /* config.h */,
			);
			name = Util;
			sourceTree = "<group>";
		};
		F3B8F4B161103105AFE6C3F6 /* Pods */ = {
			isa = PBXGroup;
			children = (
				29829C2FDBBE7C1C5691DCB4 /* Pods.debug.xcconfig */,
				556F51A9F0429DE857E4B8D6 /* Pods.release.xcconfig */,
			);
			name = Pods;
			sourceTree = "<group>";
		};
		FAC7C2C6DA0AFC7B45B6C139 /* Frameworks */ = {
			isa = PBXGroup;
			children = (
				25B86DD9ACF283721F4EB233 /* libPods.a */,
			);
			name = Frameworks;
			sourceTree = "<group>";
		};
/* End PBXGroup section */

/* Begin PBXNativeTarget section */
		AFC61F711B44CF9C00E11040 /* 招标 */ = {
			isa = PBXNativeTarget;
			buildConfigurationList = AFC61F951B44CF9C00E11040 /* Build configuration list for PBXNativeTarget "招标" */;
			buildPhases = (
				46A631CF1C63B5797ADBDAFB /* Check Pods Manifest.lock */,
				AFC61F6E1B44CF9C00E11040 /* Sources */,
				AFC61F6F1B44CF9C00E11040 /* Frameworks */,
				AFC61F701B44CF9C00E11040 /* Resources */,
				79FF14E452C6A9702776F526 /* Copy Pods Resources */,
			);
			buildRules = (
			);
			dependencies = (
			);
			name = "招标";
			productName = "招标";
			productReference = AFC61F721B44CF9C00E11040 /* 招标.app */;
			productType = "com.apple.product-type.application";
		};
		AFC61F8A1B44CF9C00E11040 /* 招标Tests */ = {
			isa = PBXNativeTarget;
			buildConfigurationList = AFC61F981B44CF9C00E11040 /* Build configuration list for PBXNativeTarget "招标Tests" */;
			buildPhases = (
				AFC61F871B44CF9C00E11040 /* Sources */,
				AFC61F881B44CF9C00E11040 /* Frameworks */,
				AFC61F891B44CF9C00E11040 /* Resources */,
			);
			buildRules = (
			);
			dependencies = (
				AFC61F8D1B44CF9C00E11040 /* PBXTargetDependency */,
			);
			name = "招标Tests";
			productName = "招标Tests";
			productReference = AFC61F8B1B44CF9C00E11040 /* 招标Tests.xctest */;
			productType = "com.apple.product-type.bundle.unit-test";
		};
/* End PBXNativeTarget section */

/* Begin PBXProject section */
		AFC61F6A1B44CF9C00E11040 /* Project object */ = {
			isa = PBXProject;
			attributes = {
				LastUpgradeCheck = 0630;
				ORGANIZATIONNAME = "陈齐涛";
				TargetAttributes = {
					AFC61F711B44CF9C00E11040 = {
						CreatedOnToolsVersion = 6.3;
					};
					AFC61F8A1B44CF9C00E11040 = {
						CreatedOnToolsVersion = 6.3;
						TestTargetID = AFC61F711B44CF9C00E11040;
					};
				};
			};
			buildConfigurationList = AFC61F6D1B44CF9C00E11040 /* Build configuration list for PBXProject "招标" */;
			compatibilityVersion = "Xcode 3.2";
			developmentRegion = English;
			hasScannedForEncodings = 0;
			knownRegions = (
				en,
				Base,
			);
			mainGroup = AFC61F691B44CF9C00E11040;
			productRefGroup = AFC61F731B44CF9C00E11040 /* Products */;
			projectDirPath = "";
			projectRoot = "";
			targets = (
				AFC61F711B44CF9C00E11040 /* 招标 */,
				AFC61F8A1B44CF9C00E11040 /* 招标Tests */,
			);
		};
/* End PBXProject section */

/* Begin PBXResourcesBuildPhase section */
		AFC61F701B44CF9C00E11040 /* Resources */ = {
			isa = PBXResourcesBuildPhase;
			buildActionMask = 2147483647;
			files = (
				AFC61F831B44CF9C00E11040 /* Images.xcassets in Resources */,
				AFC61FA61B44D19000E11040 /* HomeViewController.xib in Resources */,
				AFC61FC01B454D3F00E11040 /* RegistViewController.xib in Resources */,
				AFC61FB31B4500CA00E11040 /* Launch Screen.xib in Resources */,
			);
			runOnlyForDeploymentPostprocessing = 0;
		};
		AFC61F891B44CF9C00E11040 /* Resources */ = {
			isa = PBXResourcesBuildPhase;
			buildActionMask = 2147483647;
			files = (
			);
			runOnlyForDeploymentPostprocessing = 0;
		};
/* End PBXResourcesBuildPhase section */

/* Begin PBXShellScriptBuildPhase section */
		46A631CF1C63B5797ADBDAFB /* Check Pods Manifest.lock */ = {
			isa = PBXShellScriptBuildPhase;
			buildActionMask = 2147483647;
			files = (
			);
			inputPaths = (
			);
			name = "Check Pods Manifest.lock";
			outputPaths = (
			);
			runOnlyForDeploymentPostprocessing = 0;
			shellPath = /bin/sh;
			shellScript = "diff \"${PODS_ROOT}/../Podfile.lock\" \"${PODS_ROOT}/Manifest.lock\" > /dev/null\nif [[ $? != 0 ]] ; then\n    cat << EOM\nerror: The sandbox is not in sync with the Podfile.lock. Run 'pod install' or update your CocoaPods installation.\nEOM\n    exit 1\nfi\n";
			showEnvVarsInLog = 0;
		};
		79FF14E452C6A9702776F526 /* Copy Pods Resources */ = {
			isa = PBXShellScriptBuildPhase;
			buildActionMask = 2147483647;
			files = (
			);
			inputPaths = (
			);
			name = "Copy Pods Resources";
			outputPaths = (
			);
			runOnlyForDeploymentPostprocessing = 0;
			shellPath = /bin/sh;
			shellScript = "\"${SRCROOT}/Pods/Target Support Files/Pods/Pods-resources.sh\"\n";
			showEnvVarsInLog = 0;
		};
/* End PBXShellScriptBuildPhase section */

/* Begin PBXSourcesBuildPhase section */
		AFC61F6E1B44CF9C00E11040 /* Sources */ = {
			isa = PBXSourcesBuildPhase;
			buildActionMask = 2147483647;
			files = (
				AFC61FA91B44D7BF00E11040 /* TTPerson.m in Sources */,
				AFC61FBF1B454D3F00E11040 /* RegistViewController.m in Sources */,
				AFC61F7B1B44CF9C00E11040 /* AppDelegate.m in Sources */,
				AFC61FBB1B45392A00E11040 /* MMUserDefaultTool.m in Sources */,
				AFC61FB61B45303600E11040 /* UIImage+LBBlurredImage.m in Sources */,
				AFC61F781B44CF9C00E11040 /* main.m in Sources */,
				AFC61FA51B44D19000E11040 /* HomeViewController.m in Sources */,
			);
			runOnlyForDeploymentPostprocessing = 0;
		};
		AFC61F871B44CF9C00E11040 /* Sources */ = {
			isa = PBXSourcesBuildPhase;
			buildActionMask = 2147483647;
			files = (
				AFC61F921B44CF9C00E11040 /* __Tests.m in Sources */,
			);
			runOnlyForDeploymentPostprocessing = 0;
		};
/* End PBXSourcesBuildPhase section */

/* Begin PBXTargetDependency section */
		AFC61F8D1B44CF9C00E11040 /* PBXTargetDependency */ = {
			isa = PBXTargetDependency;
			target = AFC61F711B44CF9C00E11040 /* 招标 */;
			targetProxy = AFC61F8C1B44CF9C00E11040 /* PBXContainerItemProxy */;
		};
/* End PBXTargetDependency section */

/* Begin XCBuildConfiguration section */
		AFC61F931B44CF9C00E11040 /* Debug */ = {
			isa = XCBuildConfiguration;
			buildSettings = {
				ALWAYS_SEARCH_USER_PATHS = NO;
				CLANG_CXX_LANGUAGE_STANDARD = "gnu++0x";
				CLANG_CXX_LIBRARY = "libc++";
				CLANG_ENABLE_MODULES = YES;
				CLANG_ENABLE_OBJC_ARC = YES;
				CLANG_WARN_BOOL_CONVERSION = YES;
				CLANG_WARN_CONSTANT_CONVERSION = YES;
				CLANG_WARN_DIRECT_OBJC_ISA_USAGE = YES_ERROR;
				CLANG_WARN_EMPTY_BODY = YES;
				CLANG_WARN_ENUM_CONVERSION = YES;
				CLANG_WARN_INT_CONVERSION = YES;
				CLANG_WARN_OBJC_ROOT_CLASS = YES_ERROR;
				CLANG_WARN_UNREACHABLE_CODE = YES;
				CLANG_WARN__DUPLICATE_METHOD_MATCH = YES;
				"CODE_SIGN_IDENTITY[sdk=iphoneos*]" = "iPhone Developer";
				COPY_PHASE_STRIP = NO;
				DEBUG_INFORMATION_FORMAT = "dwarf-with-dsym";
				ENABLE_STRICT_OBJC_MSGSEND = YES;
				GCC_C_LANGUAGE_STANDARD = gnu99;
				GCC_DYNAMIC_NO_PIC = NO;
				GCC_NO_COMMON_BLOCKS = YES;
				GCC_OPTIMIZATION_LEVEL = 0;
				GCC_PREPROCESSOR_DEFINITIONS = (
					"DEBUG=1",
					"$(inherited)",
				);
				GCC_SYMBOLS_PRIVATE_EXTERN = NO;
				GCC_WARN_64_TO_32_BIT_CONVERSION = YES;
				GCC_WARN_ABOUT_RETURN_TYPE = YES_ERROR;
				GCC_WARN_UNDECLARED_SELECTOR = YES;
				GCC_WARN_UNINITIALIZED_AUTOS = YES_AGGRESSIVE;
				GCC_WARN_UNUSED_FUNCTION = YES;
				GCC_WARN_UNUSED_VARIABLE = YES;
				IPHONEOS_DEPLOYMENT_TARGET = 8.3;
				MTL_ENABLE_DEBUG_INFO = YES;
				ONLY_ACTIVE_ARCH = YES;
				SDKROOT = iphoneos;
			};
			name = Debug;
		};
		AFC61F941B44CF9C00E11040 /* Release */ = {
			isa = XCBuildConfiguration;
			buildSettings = {
				ALWAYS_SEARCH_USER_PATHS = NO;
				CLANG_CXX_LANGUAGE_STANDARD = "gnu++0x";
				CLANG_CXX_LIBRARY = "libc++";
				CLANG_ENABLE_MODULES = YES;
				CLANG_ENABLE_OBJC_ARC = YES;
				CLANG_WARN_BOOL_CONVERSION = YES;
				CLANG_WARN_CONSTANT_CONVERSION = YES;
				CLANG_WARN_DIRECT_OBJC_ISA_USAGE = YES_ERROR;
				CLANG_WARN_EMPTY_BODY = YES;
				CLANG_WARN_ENUM_CONVERSION = YES;
				CLANG_WARN_INT_CONVERSION = YES;
				CLANG_WARN_OBJC_ROOT_CLASS = YES_ERROR;
				CLANG_WARN_UNREACHABLE_CODE = YES;
				CLANG_WARN__DUPLICATE_METHOD_MATCH = YES;
				"CODE_SIGN_IDENTITY[sdk=iphoneos*]" = "iPhone Developer";
				COPY_PHASE_STRIP = NO;
				DEBUG_INFORMATION_FORMAT = "dwarf-with-dsym";
				ENABLE_NS_ASSERTIONS = NO;
				ENABLE_STRICT_OBJC_MSGSEND = YES;
				GCC_C_LANGUAGE_STANDARD = gnu99;
				GCC_NO_COMMON_BLOCKS = YES;
				GCC_WARN_64_TO_32_BIT_CONVERSION = YES;
				GCC_WARN_ABOUT_RETURN_TYPE = YES_ERROR;
				GCC_WARN_UNDECLARED_SELECTOR = YES;
				GCC_WARN_UNINITIALIZED_AUTOS = YES_AGGRESSIVE;
				GCC_WARN_UNUSED_FUNCTION = YES;
				GCC_WARN_UNUSED_VARIABLE = YES;
				IPHONEOS_DEPLOYMENT_TARGET = 8.3;
				MTL_ENABLE_DEBUG_INFO = NO;
				SDKROOT = iphoneos;
				VALIDATE_PRODUCT = YES;
			};
			name = Release;
		};
		AFC61F961B44CF9C00E11040 /* Debug */ = {
			isa = XCBuildConfiguration;
			baseConfigurationReference = 29829C2FDBBE7C1C5691DCB4 /* Pods.debug.xcconfig */;
			buildSettings = {
				ASSETCATALOG_COMPILER_APPICON_NAME = AppIcon;
				ASSETCATALOG_COMPILER_LAUNCHIMAGE_NAME = LaunchImage;
				GCC_PRECOMPILE_PREFIX_HEADER = NO;
				GCC_PREFIX_HEADER = "招标/Bidding.pch";
				INFOPLIST_FILE = "招标/Info.plist";
				LD_RUNPATH_SEARCH_PATHS = "$(inherited) @executable_path/Frameworks";
				PRODUCT_NAME = "$(TARGET_NAME)";
			};
			name = Debug;
		};
		AFC61F971B44CF9C00E11040 /* Release */ = {
			isa = XCBuildConfiguration;
			baseConfigurationReference = 556F51A9F0429DE857E4B8D6 /* Pods.release.xcconfig */;
			buildSettings = {
				ASSETCATALOG_COMPILER_APPICON_NAME = AppIcon;
				ASSETCATALOG_COMPILER_LAUNCHIMAGE_NAME = LaunchImage;
				GCC_PRECOMPILE_PREFIX_HEADER = NO;
				GCC_PREFIX_HEADER = "招标/Bidding.pch";
				INFOPLIST_FILE = "招标/Info.plist";
				LD_RUNPATH_SEARCH_PATHS = "$(inherited) @executable_path/Frameworks";
				PRODUCT_NAME = "$(TARGET_NAME)";
			};
			name = Release;
		};
		AFC61F991B44CF9C00E11040 /* Debug */ = {
			isa = XCBuildConfiguration;
			buildSettings = {
				BUNDLE_LOADER = "$(TEST_HOST)";
				FRAMEWORK_SEARCH_PATHS = (
					"$(SDKROOT)/Developer/Library/Frameworks",
					"$(inherited)",
				);
				GCC_PREPROCESSOR_DEFINITIONS = (
					"DEBUG=1",
					"$(inherited)",
				);
				INFOPLIST_FILE = "招标Tests/Info.plist";
				LD_RUNPATH_SEARCH_PATHS = "$(inherited) @executable_path/Frameworks @loader_path/Frameworks";
				PRODUCT_NAME = "$(TARGET_NAME)";
				TEST_HOST = "$(BUILT_PRODUCTS_DIR)/招标.app/招标";
			};
			name = Debug;
		};
		AFC61F9A1B44CF9C00E11040 /* Release */ = {
			isa = XCBuildConfiguration;
			buildSettings = {
				BUNDLE_LOADER = "$(TEST_HOST)";
				FRAMEWORK_SEARCH_PATHS = (
					"$(SDKROOT)/Developer/Library/Frameworks",
					"$(inherited)",
				);
				INFOPLIST_FILE = "招标Tests/Info.plist";
				LD_RUNPATH_SEARCH_PATHS = "$(inherited) @executable_path/Frameworks @loader_path/Frameworks";
				PRODUCT_NAME = "$(TARGET_NAME)";
				TEST_HOST = "$(BUILT_PRODUCTS_DIR)/招标.app/招标";
			};
			name = Release;
		};
/* End XCBuildConfiguration section */

/* Begin XCConfigurationList section */
		AFC61F6D1B44CF9C00E11040 /* Build configuration list for PBXProject "招标" */ = {
			isa = XCConfigurationList;
			buildConfigurations = (
				AFC61F931B44CF9C00E11040 /* Debug */,
				AFC61F941B44CF9C00E11040 /* Release */,
			);
			defaultConfigurationIsVisible = 0;
			defaultConfigurationName = Release;
		};
		AFC61F951B44CF9C00E11040 /* Build configuration list for PBXNativeTarget "招标" */ = {
			isa = XCConfigurationList;
			buildConfigurations = (
				AFC61F961B44CF9C00E11040 /* Debug */,
				AFC61F971B44CF9C00E11040 /* Release */,
			);
			defaultConfigurationIsVisible = 0;
			defaultConfigurationName = Release;
		};
		AFC61F981B44CF9C00E11040 /* Build configuration list for PBXNativeTarget "招标Tests" */ = {
			isa = XCConfigurationList;
			buildConfigurations = (
				AFC61F991B44CF9C00E11040 /* Debug */,
				AFC61F9A1B44CF9C00E11040 /* Release */,
			);
			defaultConfigurationIsVisible = 0;
			defaultConfigurationName = Release;
		};
/* End XCConfigurationList section */
	};
	rootObject = AFC61F6A1B44CF9C00E11040 /* Project object */;
}
